PODS:
  - AFNetworking (3.2.1):
    - AFNetworking/NSURLSession (= 3.2.1)
    - AFNetworking/Reachability (= 3.2.1)
    - AFNetworking/Security (= 3.2.1)
    - AFNetworking/Serialization (= 3.2.1)
    - AFNetworking/UIKit (= 3.2.1)
  - AFNetworking/NSURLSession (3.2.1):
    - AFNetworking/Reachability
    - AFNetworking/Security
    - AFNetworking/Serialization
  - AFNetworking/Reachability (3.2.1)
  - AFNetworking/Security (3.2.1)
  - AFNetworking/Serialization (3.2.1)
  - BRFullTextSearch (1.1.1):
    - BRFullTextSearch/Core (= 1.1.1)
  - BRFullTextSearch/API (1.1.1)
  - BRFullTextSearch/CLucene (1.1.1):
    - BRFullTextSearch/CLucene-Contribs-Lib
    - BRFullTextSearch/CLucene-Core
    - BRFullTextSearch/CLucene-Shared
  - BRFullTextSearch/CLucene-Config (1.1.1)
  - BRFullTextSearch/CLucene-Contribs-Lib (1.1.1):
    - BRFullTextSearch/CLucene-Core
    - BRFullTextSearch/CLucene-Shared
  - BRFullTextSearch/CLucene-Core (1.1.1):
    - BRFullTextSearch/CLucene-Core-API
    - BRFullTextSearch/CLucene-Shared
  - BRFullTextSearch/CLucene-Core-API (1.1.1):
    - BRFullTextSearch/CLucene-Config
  - BRFullTextSearch/CLucene-Shared (1.1.1):
    - BRFullTextSearch/CLucene-Core-API
  - BRFullTextSearch/Core (1.1.1):
    - BRFullTextSearch/API
    - BRFullTextSearch/Implementation-CLucene
  - BRFullTextSearch/Implementation-CLucene (1.1.1):
    - BRFullTextSearch/API
    - BRFullTextSearch/CLucene
  - NMSSH (2.2.8)

DEPENDENCIES:
  - AFNetworking
  - BRFullTextSearch
  - NMSSH

SPEC CHECKSUMS:
  AFNetworking: b6f891fdfaed196b46c7a83cf209e09697b94057
  BRFullTextSearch: 4c3094b9f53c445ca7e37dcf4be7c2a13c45d2c2
  NMSSH: b722885a07485a2c03ffa3ea56a7b0308dbdc37c

PODFILE CHECKSUM: fff4b65aa01cfe9ef0e138260ec5a24be8ec9c7e

COCOAPODS: 1.4.0
