// !$*UTF8*$!
{
	archiveVersion = 1;
	classes = {
	};
	objectVersion = 46;
	objects = {

/* Begin PBXBuildFile section */
		60F06250BF0F9114E69EC8A9 /* libPods-dashPlaygroundTests.a in Frameworks */ = {isa = PBXBuildFile; fileRef = 0414D936A4F1B983F79235EC /* libPods-dashPlaygroundTests.a */; };
		A50FB29E20A2F9E6008EFD32 /* DPRepoModalController.m in Sources */ = {isa = PBXBuildFile; fileRef = A50FB29D20A2F9E6008EFD32 /* DPRepoModalController.m */; };
		A515E7C020AA904E00CB5495 /* AvailabilityZoneWindow.xib in Resources */ = {isa = PBXBuildFile; fileRef = A515E7BF20AA904E00CB5495 /* AvailabilityZoneWindow.xib */; };
		A515E7CC20AA953400CB5495 /* AvailabilityViewController.m in Sources */ = {isa = PBXBuildFile; fileRef = A515E7CB20AA953400CB5495 /* AvailabilityViewController.m */; };
		A515E7CF20AA96B800CB5495 /* DPAvailabilityController.m in Sources */ = {isa = PBXBuildFile; fileRef = A515E7CE20AA96B800CB5495 /* DPAvailabilityController.m */; };
		A516B45720908324009A59C0 /* DialogAlert.m in Sources */ = {isa = PBXBuildFile; fileRef = A516B45620908324009A59C0 /* DialogAlert.m */; };
		A516B45B20908514009A59C0 /* PreferenceViewController.m in Sources */ = {isa = PBXBuildFile; fileRef = A516B45A20908514009A59C0 /* PreferenceViewController.m */; };
		A517D29920AEBEF200BD567A /* DPUnspentController.m in Sources */ = {isa = PBXBuildFile; fileRef = A517D29820AEBEF200BD567A /* DPUnspentController.m */; };
		A52EFCF4209AF1EB00B0586A /* RepositoryWindow.xib in Resources */ = {isa = PBXBuildFile; fileRef = A52EFCF3209AF1EB00B0586A /* RepositoryWindow.xib */; };
		A52EFCF7209AF44100B0586A /* RepositoriesModalViewController.m in Sources */ = {isa = PBXBuildFile; fileRef = A52EFCF6209AF44100B0586A /* RepositoriesModalViewController.m */; };
		A532618420A42413004678E8 /* UnspentOutputViewController.m in Sources */ = {isa = PBXBuildFile; fileRef = A532618320A42413004678E8 /* UnspentOutputViewController.m */; };
		A55FC0D020998BDC004B23FE /* DPPreferenceController.m in Sources */ = {isa = PBXBuildFile; fileRef = A55FC0CF20998BDC004B23FE /* DPPreferenceController.m */; };
		A55FC0D32099BA22004B23FE /* VolumeViewController.m in Sources */ = {isa = PBXBuildFile; fileRef = A55FC0D22099BA22004B23FE /* VolumeViewController.m */; };
		A5724D4C20A70D4A004BED71 /* ContainerViewController.m in Sources */ = {isa = PBXBuildFile; fileRef = A5724D4B20A70D4A004BED71 /* ContainerViewController.m */; };
		A5782D212095E9A400CA603A /* PreferenceData.m in Sources */ = {isa = PBXBuildFile; fileRef = A5782D202095E9A400CA603A /* PreferenceData.m */; };
		A597E24520934C590001C98A /* PreferenceWindow.xib in Resources */ = {isa = PBXBuildFile; fileRef = A597E24420934C590001C98A /* PreferenceWindow.xib */; };
		A5EC6BD92099BF0E00B14BAD /* VolumeWindow.xib in Resources */ = {isa = PBXBuildFile; fileRef = A5EC6BD82099BF0E00B14BAD /* VolumeWindow.xib */; };
		EC76ED00E89649FE175F52D1 /* libPods-dashPlayground.a in Frameworks */ = {isa = PBXBuildFile; fileRef = F904C70427F8A9BB22D71A97 /* libPods-dashPlayground.a */; };
		FB0683441E8731AD00F1AFB4 /* DPDataStore.m in Sources */ = {isa = PBXBuildFile; fileRef = FB0683431E8731AD00F1AFB4 /* DPDataStore.m */; };
		FB0683451E8731AD00F1AFB4 /* DPDataStore.m in Sources */ = {isa = PBXBuildFile; fileRef = FB0683431E8731AD00F1AFB4 /* DPDataStore.m */; };
		FB0683A91E875CDC00F1AFB4 /* libz.1.dylib in Frameworks */ = {isa = PBXBuildFile; fileRef = FB0683A81E875CDC00F1AFB4 /* libz.1.dylib */; };
		FB0683AF1E875D6800F1AFB4 /* libcrypto.0.9.8.dylib in Frameworks */ = {isa = PBXBuildFile; fileRef = FB0683AE1E875D6800F1AFB4 /* libcrypto.0.9.8.dylib */; };
		FB0683B01E875D6800F1AFB4 /* libcrypto.0.9.8.dylib in Frameworks */ = {isa = PBXBuildFile; fileRef = FB0683AE1E875D6800F1AFB4 /* libcrypto.0.9.8.dylib */; };
		FB0683B31E87662F00F1AFB4 /* libchilkatCocoaDyn.dylib in Frameworks */ = {isa = PBXBuildFile; fileRef = FB0683B11E87662F00F1AFB4 /* libchilkatCocoaDyn.dylib */; };
		FB0683B41E87662F00F1AFB4 /* libchilkatCocoaDyn.dylib in Frameworks */ = {isa = PBXBuildFile; fileRef = FB0683B11E87662F00F1AFB4 /* libchilkatCocoaDyn.dylib */; };
		FB0683B51E87662F00F1AFB4 /* libchilkatCocoa.a in Frameworks */ = {isa = PBXBuildFile; fileRef = FB0683B21E87662F00F1AFB4 /* libchilkatCocoa.a */; };
		FB0683B61E87662F00F1AFB4 /* libchilkatCocoa.a in Frameworks */ = {isa = PBXBuildFile; fileRef = FB0683B21E87662F00F1AFB4 /* libchilkatCocoa.a */; };
		FB06841E1E87674F00F1AFB4 /* empty.cpp in Sources */ = {isa = PBXBuildFile; fileRef = FB06841C1E87674F00F1AFB4 /* empty.cpp */; };
		FB06841F1E87674F00F1AFB4 /* empty.cpp in Sources */ = {isa = PBXBuildFile; fileRef = FB06841C1E87674F00F1AFB4 /* empty.cpp */; };
		FB0684231E8CCDED00F1AFB4 /* InstanceStateTransformer.m in Sources */ = {isa = PBXBuildFile; fileRef = FB0684221E8CCDED00F1AFB4 /* InstanceStateTransformer.m */; };
		FB0684241E8CCDED00F1AFB4 /* InstanceStateTransformer.m in Sources */ = {isa = PBXBuildFile; fileRef = FB0684221E8CCDED00F1AFB4 /* InstanceStateTransformer.m */; };
		FB0684271E92DA2000F1AFB4 /* RPCViewController.m in Sources */ = {isa = PBXBuildFile; fileRef = FB0684261E92DA2000F1AFB4 /* RPCViewController.m */; };
		FB0684281E92DA2000F1AFB4 /* RPCViewController.m in Sources */ = {isa = PBXBuildFile; fileRef = FB0684261E92DA2000F1AFB4 /* RPCViewController.m */; };
		FB06842A1E941DD700F1AFB4 /* dash.conf in Resources */ = {isa = PBXBuildFile; fileRef = FB0684291E941DD700F1AFB4 /* dash.conf */; };
		FB06842B1E941DD700F1AFB4 /* dash.conf in Resources */ = {isa = PBXBuildFile; fileRef = FB0684291E941DD700F1AFB4 /* dash.conf */; };
		FB1D2B541EA455CD00F7BE2D /* SentinelStateTransformer.m in Sources */ = {isa = PBXBuildFile; fileRef = FB1D2B531EA455CD00F7BE2D /* SentinelStateTransformer.m */; };
		FB1D2B561EAF552B00F7BE2D /* Images.xcassets in Resources */ = {isa = PBXBuildFile; fileRef = FB1D2B551EAF552B00F7BE2D /* Images.xcassets */; };
		FB2906671E85799F00A31092 /* AppDelegate.m in Sources */ = {isa = PBXBuildFile; fileRef = FB2906661E85799F00A31092 /* AppDelegate.m */; };
		FB29066A1E85799F00A31092 /* main.m in Sources */ = {isa = PBXBuildFile; fileRef = FB2906691E85799F00A31092 /* main.m */; };
		FB29066D1E85799F00A31092 /* RepositoriesViewController.m in Sources */ = {isa = PBXBuildFile; fileRef = FB29066C1E85799F00A31092 /* RepositoriesViewController.m */; };
		FB29066F1E85799F00A31092 /* Assets.xcassets in Resources */ = {isa = PBXBuildFile; fileRef = FB29066E1E85799F00A31092 /* Assets.xcassets */; };
		FB2906721E85799F00A31092 /* Main.storyboard in Resources */ = {isa = PBXBuildFile; fileRef = FB2906701E85799F00A31092 /* Main.storyboard */; };
		FB29067D1E85799F00A31092 /* dashPlaygroundTests.m in Sources */ = {isa = PBXBuildFile; fileRef = FB29067C1E85799F00A31092 /* dashPlaygroundTests.m */; };
		FB39482C1E85B418009D115F /* DPMasternodeController.m in Sources */ = {isa = PBXBuildFile; fileRef = FB39482B1E85B418009D115F /* DPMasternodeController.m */; };
		FB39482D1E85B418009D115F /* DPMasternodeController.m in Sources */ = {isa = PBXBuildFile; fileRef = FB39482B1E85B418009D115F /* DPMasternodeController.m */; };
		FB45054C1EA441C50066C6B9 /* DPTableView.m in Sources */ = {isa = PBXBuildFile; fileRef = FB45054B1EA441C50066C6B9 /* DPTableView.m */; };
		FB46AE8B1E95618400D4B034 /* DPLocalNodeController.m in Sources */ = {isa = PBXBuildFile; fileRef = FB46AE8A1E95618400D4B034 /* DPLocalNodeController.m */; };
		FB46AE8C1E95618400D4B034 /* DPLocalNodeController.m in Sources */ = {isa = PBXBuildFile; fileRef = FB46AE8A1E95618400D4B034 /* DPLocalNodeController.m */; };
		FB5A31C21E9D2F04003D4DD8 /* TrackingTransformer.m in Sources */ = {isa = PBXBuildFile; fileRef = FB5A31C11E9D2F04003D4DD8 /* TrackingTransformer.m */; };
		FB5A31C91E9EA97E003D4DD8 /* DPRepositoryController.m in Sources */ = {isa = PBXBuildFile; fileRef = FB5A31C81E9EA97E003D4DD8 /* DPRepositoryController.m */; };
		FB5A31CA1E9EA97E003D4DD8 /* DPRepositoryController.m in Sources */ = {isa = PBXBuildFile; fileRef = FB5A31C81E9EA97E003D4DD8 /* DPRepositoryController.m */; };
		FB96BFB81F0B90D900220B4B /* ConsoleEventArray.m in Sources */ = {isa = PBXBuildFile; fileRef = FB96BFB71F0B90D900220B4B /* ConsoleEventArray.m */; };
		FB96BFBB1F0B90F200220B4B /* ConsoleEvent.m in Sources */ = {isa = PBXBuildFile; fileRef = FB96BFBA1F0B90F200220B4B /* ConsoleEvent.m */; };
		FB9EBCED1E96F22200AE8AC3 /* InstanceTypeTransformer.m in Sources */ = {isa = PBXBuildFile; fileRef = FB9EBCEC1E96F22200AE8AC3 /* InstanceTypeTransformer.m */; };
		FB9EBCEE1E96F22200AE8AC3 /* InstanceTypeTransformer.m in Sources */ = {isa = PBXBuildFile; fileRef = FB9EBCEC1E96F22200AE8AC3 /* InstanceTypeTransformer.m */; };
		FB9EBCF11E98738C00AE8AC3 /* MasternodeSyncStatusTransformer.m in Sources */ = {isa = PBXBuildFile; fileRef = FB9EBCF01E98738C00AE8AC3 /* MasternodeSyncStatusTransformer.m */; };
		FB9EBCF21E98738C00AE8AC3 /* MasternodeSyncStatusTransformer.m in Sources */ = {isa = PBXBuildFile; fileRef = FB9EBCF01E98738C00AE8AC3 /* MasternodeSyncStatusTransformer.m */; };
		FB9EBCF51E98752500AE8AC3 /* MasternodeStateTransformer.m in Sources */ = {isa = PBXBuildFile; fileRef = FB9EBCF41E98752500AE8AC3 /* MasternodeStateTransformer.m */; };
		FB9EBCF61E98752500AE8AC3 /* MasternodeStateTransformer.m in Sources */ = {isa = PBXBuildFile; fileRef = FB9EBCF41E98752500AE8AC3 /* MasternodeStateTransformer.m */; };
		FBBFEB231E86B7CB00BE41BE /* PlaygroundModel.xcdatamodeld in Sources */ = {isa = PBXBuildFile; fileRef = FBBFEB211E86B7CB00BE41BE /* PlaygroundModel.xcdatamodeld */; };
		FBBFEB261E86C44E00BE41BE /* MasternodesViewController.m in Sources */ = {isa = PBXBuildFile; fileRef = FBBFEB251E86C44E00BE41BE /* MasternodesViewController.m */; };
		FBBFEB271E86C44E00BE41BE /* MasternodesViewController.m in Sources */ = {isa = PBXBuildFile; fileRef = FBBFEB251E86C44E00BE41BE /* MasternodesViewController.m */; };
		FBBFEB5C1E86FDA700BE41BE /* NSArray+SWAdditions.m in Sources */ = {isa = PBXBuildFile; fileRef = FBBFEB5B1E86FDA700BE41BE /* NSArray+SWAdditions.m */; };
		FBBFEB5D1E86FDA700BE41BE /* NSArray+SWAdditions.m in Sources */ = {isa = PBXBuildFile; fileRef = FBBFEB5B1E86FDA700BE41BE /* NSArray+SWAdditions.m */; };
/* End PBXBuildFile section */

/* Begin PBXContainerItemProxy section */
		FB2906791E85799F00A31092 /* PBXContainerItemProxy */ = {
			isa = PBXContainerItemProxy;
			containerPortal = FB29065A1E85799F00A31092 /* Project object */;
			proxyType = 1;
			remoteGlobalIDString = FB2906611E85799F00A31092;
			remoteInfo = dashPlayground;
		};
/* End PBXContainerItemProxy section */

/* Begin PBXCopyFilesBuildPhase section */
		FB2906FF1E857E4C00A31092 /* Embed Frameworks */ = {
			isa = PBXCopyFilesBuildPhase;
			buildActionMask = 2147483647;
			dstPath = "";
			dstSubfolderSpec = 10;
			files = (
			);
			name = "Embed Frameworks";
			runOnlyForDeploymentPostprocessing = 0;
		};
/* End PBXCopyFilesBuildPhase section */

/* Begin PBXFileReference section */
		0414D936A4F1B983F79235EC /* libPods-dashPlaygroundTests.a */ = {isa = PBXFileReference; explicitFileType = archive.ar; includeInIndex = 0; path = "libPods-dashPlaygroundTests.a"; sourceTree = BUILT_PRODUCTS_DIR; };
		2663A3718E741E3DFFD58A28 /* Pods-dashPlayground.release.xcconfig */ = {isa = PBXFileReference; includeInIndex = 1; lastKnownFileType = text.xcconfig; name = "Pods-dashPlayground.release.xcconfig"; path = "Pods/Target Support Files/Pods-dashPlayground/Pods-dashPlayground.release.xcconfig"; sourceTree = "<group>"; };
		A50FB29C20A2F9E6008EFD32 /* DPRepoModalController.h */ = {isa = PBXFileReference; lastKnownFileType = sourcecode.c.h; path = DPRepoModalController.h; sourceTree = "<group>"; };
		A50FB29D20A2F9E6008EFD32 /* DPRepoModalController.m */ = {isa = PBXFileReference; lastKnownFileType = sourcecode.c.objc; path = DPRepoModalController.m; sourceTree = "<group>"; };
		A515E7BF20AA904E00CB5495 /* AvailabilityZoneWindow.xib */ = {isa = PBXFileReference; lastKnownFileType = file.xib; path = AvailabilityZoneWindow.xib; sourceTree = "<group>"; };
		A515E7CA20AA953400CB5495 /* AvailabilityViewController.h */ = {isa = PBXFileReference; lastKnownFileType = sourcecode.c.h; path = AvailabilityViewController.h; sourceTree = "<group>"; };
		A515E7CB20AA953400CB5495 /* AvailabilityViewController.m */ = {isa = PBXFileReference; lastKnownFileType = sourcecode.c.objc; path = AvailabilityViewController.m; sourceTree = "<group>"; };
		A515E7CD20AA96B800CB5495 /* DPAvailabilityController.h */ = {isa = PBXFileReference; lastKnownFileType = sourcecode.c.h; path = DPAvailabilityController.h; sourceTree = "<group>"; };
		A515E7CE20AA96B800CB5495 /* DPAvailabilityController.m */ = {isa = PBXFileReference; lastKnownFileType = sourcecode.c.objc; path = DPAvailabilityController.m; sourceTree = "<group>"; };
		A516B45620908324009A59C0 /* DialogAlert.m */ = {isa = PBXFileReference; lastKnownFileType = sourcecode.c.objc; path = DialogAlert.m; sourceTree = "<group>"; };
		A516B45820908333009A59C0 /* DialogAlert.h */ = {isa = PBXFileReference; lastKnownFileType = sourcecode.c.h; path = DialogAlert.h; sourceTree = "<group>"; };
		A516B45920908509009A59C0 /* PreferenceViewController.h */ = {isa = PBXFileReference; lastKnownFileType = sourcecode.c.h; path = PreferenceViewController.h; sourceTree = "<group>"; };
		A516B45A20908514009A59C0 /* PreferenceViewController.m */ = {isa = PBXFileReference; lastKnownFileType = sourcecode.c.objc; path = PreferenceViewController.m; sourceTree = "<group>"; };
		A517D29720AEBEF200BD567A /* DPUnspentController.h */ = {isa = PBXFileReference; lastKnownFileType = sourcecode.c.h; path = DPUnspentController.h; sourceTree = "<group>"; };
		A517D29820AEBEF200BD567A /* DPUnspentController.m */ = {isa = PBXFileReference; lastKnownFileType = sourcecode.c.objc; path = DPUnspentController.m; sourceTree = "<group>"; };
		A52EFCF3209AF1EB00B0586A /* RepositoryWindow.xib */ = {isa = PBXFileReference; lastKnownFileType = file.xib; path = RepositoryWindow.xib; sourceTree = "<group>"; };
		A52EFCF5209AF44100B0586A /* RepositoriesModalViewController.h */ = {isa = PBXFileReference; lastKnownFileType = sourcecode.c.h; path = RepositoriesModalViewController.h; sourceTree = "<group>"; };
		A52EFCF6209AF44100B0586A /* RepositoriesModalViewController.m */ = {isa = PBXFileReference; lastKnownFileType = sourcecode.c.objc; path = RepositoriesModalViewController.m; sourceTree = "<group>"; };
		A532618220A42413004678E8 /* UnspentOutputViewController.h */ = {isa = PBXFileReference; lastKnownFileType = sourcecode.c.h; path = UnspentOutputViewController.h; sourceTree = "<group>"; };
		A532618320A42413004678E8 /* UnspentOutputViewController.m */ = {isa = PBXFileReference; lastKnownFileType = sourcecode.c.objc; path = UnspentOutputViewController.m; sourceTree = "<group>"; };
		A55FC0CE20998BD2004B23FE /* DPPreferenceController.h */ = {isa = PBXFileReference; lastKnownFileType = sourcecode.c.h; path = DPPreferenceController.h; sourceTree = "<group>"; };
		A55FC0CF20998BDC004B23FE /* DPPreferenceController.m */ = {isa = PBXFileReference; lastKnownFileType = sourcecode.c.objc; path = DPPreferenceController.m; sourceTree = "<group>"; };
		A55FC0D12099BA17004B23FE /* VolumeViewController.h */ = {isa = PBXFileReference; lastKnownFileType = sourcecode.c.h; path = VolumeViewController.h; sourceTree = "<group>"; };
		A55FC0D22099BA22004B23FE /* VolumeViewController.m */ = {isa = PBXFileReference; lastKnownFileType = sourcecode.c.objc; path = VolumeViewController.m; sourceTree = "<group>"; };
		A5724D4A20A70D4A004BED71 /* ContainerViewController.h */ = {isa = PBXFileReference; fileEncoding = 4; lastKnownFileType = sourcecode.c.h; path = ContainerViewController.h; sourceTree = "<group>"; };
		A5724D4B20A70D4A004BED71 /* ContainerViewController.m */ = {isa = PBXFileReference; fileEncoding = 4; lastKnownFileType = sourcecode.c.objc; path = ContainerViewController.m; sourceTree = "<group>"; };
		A5782D1F2095E99A00CA603A /* PreferenceData.h */ = {isa = PBXFileReference; lastKnownFileType = sourcecode.c.h; path = PreferenceData.h; sourceTree = "<group>"; };
		A5782D202095E9A400CA603A /* PreferenceData.m */ = {isa = PBXFileReference; lastKnownFileType = sourcecode.c.objc; path = PreferenceData.m; sourceTree = "<group>"; };
		A597E24420934C590001C98A /* PreferenceWindow.xib */ = {isa = PBXFileReference; lastKnownFileType = file.xib; path = PreferenceWindow.xib; sourceTree = "<group>"; };
		A5EC6BD82099BF0E00B14BAD /* VolumeWindow.xib */ = {isa = PBXFileReference; lastKnownFileType = file.xib; path = VolumeWindow.xib; sourceTree = "<group>"; };
		F8AC1A4C30C163FF00530FC6 /* Pods-dashPlaygroundTests.release.xcconfig */ = {isa = PBXFileReference; includeInIndex = 1; lastKnownFileType = text.xcconfig; name = "Pods-dashPlaygroundTests.release.xcconfig"; path = "Pods/Target Support Files/Pods-dashPlaygroundTests/Pods-dashPlaygroundTests.release.xcconfig"; sourceTree = "<group>"; };
		F904C70427F8A9BB22D71A97 /* libPods-dashPlayground.a */ = {isa = PBXFileReference; explicitFileType = archive.ar; includeInIndex = 0; path = "libPods-dashPlayground.a"; sourceTree = BUILT_PRODUCTS_DIR; };
		FA68DCED310B5EAEBABAF6F0 /* Pods-dashPlayground.debug.xcconfig */ = {isa = PBXFileReference; includeInIndex = 1; lastKnownFileType = text.xcconfig; name = "Pods-dashPlayground.debug.xcconfig"; path = "Pods/Target Support Files/Pods-dashPlayground/Pods-dashPlayground.debug.xcconfig"; sourceTree = "<group>"; };
		FB0683421E8731AD00F1AFB4 /* DPDataStore.h */ = {isa = PBXFileReference; fileEncoding = 4; lastKnownFileType = sourcecode.c.h; path = DPDataStore.h; sourceTree = "<group>"; };
		FB0683431E8731AD00F1AFB4 /* DPDataStore.m */ = {isa = PBXFileReference; fileEncoding = 4; lastKnownFileType = sourcecode.c.objc; path = DPDataStore.m; sourceTree = "<group>"; };
		FB0683A81E875CDC00F1AFB4 /* libz.1.dylib */ = {isa = PBXFileReference; lastKnownFileType = "compiled.mach-o.dylib"; name = libz.1.dylib; path = ../../../../../usr/lib/libz.1.dylib; sourceTree = "<group>"; };
		FB0683AA1E875D0100F1AFB4 /* libcrypto.0.9.8.dylib */ = {isa = PBXFileReference; lastKnownFileType = "compiled.mach-o.dylib"; name = libcrypto.0.9.8.dylib; path = ../../../../../usr/lib/libcrypto.0.9.8.dylib; sourceTree = "<group>"; };
		FB0683AC1E875D3A00F1AFB4 /* libcrypto.35.dylib */ = {isa = PBXFileReference; lastKnownFileType = "compiled.mach-o.dylib"; name = libcrypto.35.dylib; path = ../../../../../usr/lib/libcrypto.35.dylib; sourceTree = "<group>"; };
		FB0683AE1E875D6800F1AFB4 /* libcrypto.0.9.8.dylib */ = {isa = PBXFileReference; lastKnownFileType = "compiled.mach-o.dylib"; path = libcrypto.0.9.8.dylib; sourceTree = "<group>"; };
		FB0683B11E87662F00F1AFB4 /* libchilkatCocoaDyn.dylib */ = {isa = PBXFileReference; lastKnownFileType = "compiled.mach-o.dylib"; path = libchilkatCocoaDyn.dylib; sourceTree = "<group>"; };
		FB0683B21E87662F00F1AFB4 /* libchilkatCocoa.a */ = {isa = PBXFileReference; lastKnownFileType = archive.ar; path = libchilkatCocoa.a; sourceTree = "<group>"; };
		FB0683B81E87663900F1AFB4 /* CkoAccounts.h */ = {isa = PBXFileReference; fileEncoding = 4; lastKnownFileType = sourcecode.c.h; path = CkoAccounts.h; sourceTree = "<group>"; };
		FB0683B91E87663900F1AFB4 /* CkoAsn.h */ = {isa = PBXFileReference; fileEncoding = 4; lastKnownFileType = sourcecode.c.h; path = CkoAsn.h; sourceTree = "<group>"; };
		FB0683BA1E87663900F1AFB4 /* CkoAtom.h */ = {isa = PBXFileReference; fileEncoding = 4; lastKnownFileType = sourcecode.c.h; path = CkoAtom.h; sourceTree = "<group>"; };
		FB0683BB1E87663900F1AFB4 /* CkoAuthAws.h */ = {isa = PBXFileReference; fileEncoding = 4; lastKnownFileType = sourcecode.c.h; path = CkoAuthAws.h; sourceTree = "<group>"; };
		FB0683BC1E87663900F1AFB4 /* CkoAuthAzureAD.h */ = {isa = PBXFileReference; fileEncoding = 4; lastKnownFileType = sourcecode.c.h; path = CkoAuthAzureAD.h; sourceTree = "<group>"; };
		FB0683BD1E87663900F1AFB4 /* CkoAuthAzureSAS.h */ = {isa = PBXFileReference; fileEncoding = 4; lastKnownFileType = sourcecode.c.h; path = CkoAuthAzureSAS.h; sourceTree = "<group>"; };
		FB0683BE1E87663900F1AFB4 /* CkoAuthAzureStorage.h */ = {isa = PBXFileReference; fileEncoding = 4; lastKnownFileType = sourcecode.c.h; path = CkoAuthAzureStorage.h; sourceTree = "<group>"; };
		FB0683BF1E87663900F1AFB4 /* CkoAuthFacebook.h */ = {isa = PBXFileReference; fileEncoding = 4; lastKnownFileType = sourcecode.c.h; path = CkoAuthFacebook.h; sourceTree = "<group>"; };
		FB0683C01E87663900F1AFB4 /* CkoAuthGoogle.h */ = {isa = PBXFileReference; fileEncoding = 4; lastKnownFileType = sourcecode.c.h; path = CkoAuthGoogle.h; sourceTree = "<group>"; };
		FB0683C11E87663900F1AFB4 /* CkoBaseProgress.h */ = {isa = PBXFileReference; fileEncoding = 4; lastKnownFileType = sourcecode.c.h; path = CkoBaseProgress.h; sourceTree = "<group>"; };
		FB0683C21E87663900F1AFB4 /* CkoBinData.h */ = {isa = PBXFileReference; fileEncoding = 4; lastKnownFileType = sourcecode.c.h; path = CkoBinData.h; sourceTree = "<group>"; };
		FB0683C31E87663900F1AFB4 /* CkoBounce.h */ = {isa = PBXFileReference; fileEncoding = 4; lastKnownFileType = sourcecode.c.h; path = CkoBounce.h; sourceTree = "<group>"; };
		FB0683C41E87663900F1AFB4 /* CkoBz2.h */ = {isa = PBXFileReference; fileEncoding = 4; lastKnownFileType = sourcecode.c.h; path = CkoBz2.h; sourceTree = "<group>"; };
		FB0683C51E87663900F1AFB4 /* CkoCache.h */ = {isa = PBXFileReference; fileEncoding = 4; lastKnownFileType = sourcecode.c.h; path = CkoCache.h; sourceTree = "<group>"; };
		FB0683C61E87663900F1AFB4 /* CkoCert.h */ = {isa = PBXFileReference; fileEncoding = 4; lastKnownFileType = sourcecode.c.h; path = CkoCert.h; sourceTree = "<group>"; };
		FB0683C71E87663900F1AFB4 /* CkoCertChain.h */ = {isa = PBXFileReference; fileEncoding = 4; lastKnownFileType = sourcecode.c.h; path = CkoCertChain.h; sourceTree = "<group>"; };
		FB0683C81E87663900F1AFB4 /* CkoCertStore.h */ = {isa = PBXFileReference; fileEncoding = 4; lastKnownFileType = sourcecode.c.h; path = CkoCertStore.h; sourceTree = "<group>"; };
		FB0683C91E87663900F1AFB4 /* CkoCgi.h */ = {isa = PBXFileReference; fileEncoding = 4; lastKnownFileType = sourcecode.c.h; path = CkoCgi.h; sourceTree = "<group>"; };
		FB0683CA1E87663900F1AFB4 /* CkoCharset.h */ = {isa = PBXFileReference; fileEncoding = 4; lastKnownFileType = sourcecode.c.h; path = CkoCharset.h; sourceTree = "<group>"; };
		FB0683CB1E87663900F1AFB4 /* CkoCompression.h */ = {isa = PBXFileReference; fileEncoding = 4; lastKnownFileType = sourcecode.c.h; path = CkoCompression.h; sourceTree = "<group>"; };
		FB0683CC1E87663900F1AFB4 /* CkoCrypt2.h */ = {isa = PBXFileReference; fileEncoding = 4; lastKnownFileType = sourcecode.c.h; path = CkoCrypt2.h; sourceTree = "<group>"; };
		FB0683CD1E87663900F1AFB4 /* CkoCsr.h */ = {isa = PBXFileReference; fileEncoding = 4; lastKnownFileType = sourcecode.c.h; path = CkoCsr.h; sourceTree = "<group>"; };
		FB0683CE1E87663900F1AFB4 /* CkoCsv.h */ = {isa = PBXFileReference; fileEncoding = 4; lastKnownFileType = sourcecode.c.h; path = CkoCsv.h; sourceTree = "<group>"; };
		FB0683CF1E87663900F1AFB4 /* CkoDateTime.h */ = {isa = PBXFileReference; fileEncoding = 4; lastKnownFileType = sourcecode.c.h; path = CkoDateTime.h; sourceTree = "<group>"; };
		FB0683D01E87663900F1AFB4 /* CkoDh.h */ = {isa = PBXFileReference; fileEncoding = 4; lastKnownFileType = sourcecode.c.h; path = CkoDh.h; sourceTree = "<group>"; };
		FB0683D11E87663900F1AFB4 /* CkoDirTree.h */ = {isa = PBXFileReference; fileEncoding = 4; lastKnownFileType = sourcecode.c.h; path = CkoDirTree.h; sourceTree = "<group>"; };
		FB0683D21E87663900F1AFB4 /* CkoDkim.h */ = {isa = PBXFileReference; fileEncoding = 4; lastKnownFileType = sourcecode.c.h; path = CkoDkim.h; sourceTree = "<group>"; };
		FB0683D31E87663900F1AFB4 /* CkoDsa.h */ = {isa = PBXFileReference; fileEncoding = 4; lastKnownFileType = sourcecode.c.h; path = CkoDsa.h; sourceTree = "<group>"; };
		FB0683D41E87663900F1AFB4 /* CkoDtObj.h */ = {isa = PBXFileReference; fileEncoding = 4; lastKnownFileType = sourcecode.c.h; path = CkoDtObj.h; sourceTree = "<group>"; };
		FB0683D51E87663900F1AFB4 /* CkoEcc.h */ = {isa = PBXFileReference; fileEncoding = 4; lastKnownFileType = sourcecode.c.h; path = CkoEcc.h; sourceTree = "<group>"; };
		FB0683D61E87663900F1AFB4 /* CkoEmail.h */ = {isa = PBXFileReference; fileEncoding = 4; lastKnownFileType = sourcecode.c.h; path = CkoEmail.h; sourceTree = "<group>"; };
		FB0683D71E87663900F1AFB4 /* CkoEmailBundle.h */ = {isa = PBXFileReference; fileEncoding = 4; lastKnownFileType = sourcecode.c.h; path = CkoEmailBundle.h; sourceTree = "<group>"; };
		FB0683D81E87663900F1AFB4 /* CkoFileAccess.h */ = {isa = PBXFileReference; fileEncoding = 4; lastKnownFileType = sourcecode.c.h; path = CkoFileAccess.h; sourceTree = "<group>"; };
		FB0683D91E87663900F1AFB4 /* CkoFtp2.h */ = {isa = PBXFileReference; fileEncoding = 4; lastKnownFileType = sourcecode.c.h; path = CkoFtp2.h; sourceTree = "<group>"; };
		FB0683DA1E87663900F1AFB4 /* CkoFtp2Progress.h */ = {isa = PBXFileReference; fileEncoding = 4; lastKnownFileType = sourcecode.c.h; path = CkoFtp2Progress.h; sourceTree = "<group>"; };
		FB0683DB1E87663900F1AFB4 /* CkoGlobal.h */ = {isa = PBXFileReference; fileEncoding = 4; lastKnownFileType = sourcecode.c.h; path = CkoGlobal.h; sourceTree = "<group>"; };
		FB0683DC1E87663900F1AFB4 /* CkoGzip.h */ = {isa = PBXFileReference; fileEncoding = 4; lastKnownFileType = sourcecode.c.h; path = CkoGzip.h; sourceTree = "<group>"; };
		FB0683DD1E87663900F1AFB4 /* CkoHashtable.h */ = {isa = PBXFileReference; fileEncoding = 4; lastKnownFileType = sourcecode.c.h; path = CkoHashtable.h; sourceTree = "<group>"; };
		FB0683DE1E87663900F1AFB4 /* CkoHtmlToText.h */ = {isa = PBXFileReference; fileEncoding = 4; lastKnownFileType = sourcecode.c.h; path = CkoHtmlToText.h; sourceTree = "<group>"; };
		FB0683DF1E87663900F1AFB4 /* CkoHtmlToXml.h */ = {isa = PBXFileReference; fileEncoding = 4; lastKnownFileType = sourcecode.c.h; path = CkoHtmlToXml.h; sourceTree = "<group>"; };
		FB0683E01E87663900F1AFB4 /* CkoHttp.h */ = {isa = PBXFileReference; fileEncoding = 4; lastKnownFileType = sourcecode.c.h; path = CkoHttp.h; sourceTree = "<group>"; };
		FB0683E11E87663900F1AFB4 /* CkoHttpProgress.h */ = {isa = PBXFileReference; fileEncoding = 4; lastKnownFileType = sourcecode.c.h; path = CkoHttpProgress.h; sourceTree = "<group>"; };
		FB0683E21E87663900F1AFB4 /* CkoHttpRequest.h */ = {isa = PBXFileReference; fileEncoding = 4; lastKnownFileType = sourcecode.c.h; path = CkoHttpRequest.h; sourceTree = "<group>"; };
		FB0683E31E87663900F1AFB4 /* CkoHttpResponse.h */ = {isa = PBXFileReference; fileEncoding = 4; lastKnownFileType = sourcecode.c.h; path = CkoHttpResponse.h; sourceTree = "<group>"; };
		FB0683E41E87663900F1AFB4 /* CkoImap.h */ = {isa = PBXFileReference; fileEncoding = 4; lastKnownFileType = sourcecode.c.h; path = CkoImap.h; sourceTree = "<group>"; };
		FB0683E51E87663900F1AFB4 /* CkoJavaKeyStore.h */ = {isa = PBXFileReference; fileEncoding = 4; lastKnownFileType = sourcecode.c.h; path = CkoJavaKeyStore.h; sourceTree = "<group>"; };
		FB0683E61E87663900F1AFB4 /* CkoJsonArray.h */ = {isa = PBXFileReference; fileEncoding = 4; lastKnownFileType = sourcecode.c.h; path = CkoJsonArray.h; sourceTree = "<group>"; };
		FB0683E71E87663900F1AFB4 /* CkoJsonObject.h */ = {isa = PBXFileReference; fileEncoding = 4; lastKnownFileType = sourcecode.c.h; path = CkoJsonObject.h; sourceTree = "<group>"; };
		FB0683E81E87663900F1AFB4 /* CkoJwe.h */ = {isa = PBXFileReference; fileEncoding = 4; lastKnownFileType = sourcecode.c.h; path = CkoJwe.h; sourceTree = "<group>"; };
		FB0683E91E87663900F1AFB4 /* CkoJws.h */ = {isa = PBXFileReference; fileEncoding = 4; lastKnownFileType = sourcecode.c.h; path = CkoJws.h; sourceTree = "<group>"; };
		FB0683EA1E87663900F1AFB4 /* CkoJwt.h */ = {isa = PBXFileReference; fileEncoding = 4; lastKnownFileType = sourcecode.c.h; path = CkoJwt.h; sourceTree = "<group>"; };
		FB0683EB1E87663900F1AFB4 /* CkoLog.h */ = {isa = PBXFileReference; fileEncoding = 4; lastKnownFileType = sourcecode.c.h; path = CkoLog.h; sourceTree = "<group>"; };
		FB0683EC1E87663900F1AFB4 /* CkoMailboxes.h */ = {isa = PBXFileReference; fileEncoding = 4; lastKnownFileType = sourcecode.c.h; path = CkoMailboxes.h; sourceTree = "<group>"; };
		FB0683ED1E87663900F1AFB4 /* CkoMailMan.h */ = {isa = PBXFileReference; fileEncoding = 4; lastKnownFileType = sourcecode.c.h; path = CkoMailMan.h; sourceTree = "<group>"; };
		FB0683EE1E87663900F1AFB4 /* CkoMailManProgress.h */ = {isa = PBXFileReference; fileEncoding = 4; lastKnownFileType = sourcecode.c.h; path = CkoMailManProgress.h; sourceTree = "<group>"; };
		FB0683EF1E87663900F1AFB4 /* CkoMessageSet.h */ = {isa = PBXFileReference; fileEncoding = 4; lastKnownFileType = sourcecode.c.h; path = CkoMessageSet.h; sourceTree = "<group>"; };
		FB0683F01E87663900F1AFB4 /* CkoMht.h */ = {isa = PBXFileReference; fileEncoding = 4; lastKnownFileType = sourcecode.c.h; path = CkoMht.h; sourceTree = "<group>"; };
		FB0683F11E87663900F1AFB4 /* CkoMime.h */ = {isa = PBXFileReference; fileEncoding = 4; lastKnownFileType = sourcecode.c.h; path = CkoMime.h; sourceTree = "<group>"; };
		FB0683F21E87663900F1AFB4 /* CkoNtlm.h */ = {isa = PBXFileReference; fileEncoding = 4; lastKnownFileType = sourcecode.c.h; path = CkoNtlm.h; sourceTree = "<group>"; };
		FB0683F31E87663900F1AFB4 /* CkoOAuth1.h */ = {isa = PBXFileReference; fileEncoding = 4; lastKnownFileType = sourcecode.c.h; path = CkoOAuth1.h; sourceTree = "<group>"; };
		FB0683F41E87663900F1AFB4 /* CkoOAuth2.h */ = {isa = PBXFileReference; fileEncoding = 4; lastKnownFileType = sourcecode.c.h; path = CkoOAuth2.h; sourceTree = "<group>"; };
		FB0683F51E87663900F1AFB4 /* CkoPem.h */ = {isa = PBXFileReference; fileEncoding = 4; lastKnownFileType = sourcecode.c.h; path = CkoPem.h; sourceTree = "<group>"; };
		FB0683F61E87663900F1AFB4 /* CkoPfx.h */ = {isa = PBXFileReference; fileEncoding = 4; lastKnownFileType = sourcecode.c.h; path = CkoPfx.h; sourceTree = "<group>"; };
		FB0683F71E87663900F1AFB4 /* CkoPrivateKey.h */ = {isa = PBXFileReference; fileEncoding = 4; lastKnownFileType = sourcecode.c.h; path = CkoPrivateKey.h; sourceTree = "<group>"; };
		FB0683F81E87663900F1AFB4 /* CkoPrng.h */ = {isa = PBXFileReference; fileEncoding = 4; lastKnownFileType = sourcecode.c.h; path = CkoPrng.h; sourceTree = "<group>"; };
		FB0683F91E87663900F1AFB4 /* CkoProgress.h */ = {isa = PBXFileReference; fileEncoding = 4; lastKnownFileType = sourcecode.c.h; path = CkoProgress.h; sourceTree = "<group>"; };
		FB0683FA1E87663900F1AFB4 /* CkoPublicKey.h */ = {isa = PBXFileReference; fileEncoding = 4; lastKnownFileType = sourcecode.c.h; path = CkoPublicKey.h; sourceTree = "<group>"; };
		FB0683FB1E87663900F1AFB4 /* CkoRest.h */ = {isa = PBXFileReference; fileEncoding = 4; lastKnownFileType = sourcecode.c.h; path = CkoRest.h; sourceTree = "<group>"; };
		FB0683FC1E87663900F1AFB4 /* CkoRsa.h */ = {isa = PBXFileReference; fileEncoding = 4; lastKnownFileType = sourcecode.c.h; path = CkoRsa.h; sourceTree = "<group>"; };
		FB0683FD1E87663900F1AFB4 /* CkoRss.h */ = {isa = PBXFileReference; fileEncoding = 4; lastKnownFileType = sourcecode.c.h; path = CkoRss.h; sourceTree = "<group>"; };
		FB0683FE1E87663900F1AFB4 /* CkoScp.h */ = {isa = PBXFileReference; fileEncoding = 4; lastKnownFileType = sourcecode.c.h; path = CkoScp.h; sourceTree = "<group>"; };
		FB0683FF1E87663900F1AFB4 /* CkoServerSentEvent.h */ = {isa = PBXFileReference; fileEncoding = 4; lastKnownFileType = sourcecode.c.h; path = CkoServerSentEvent.h; sourceTree = "<group>"; };
		FB0684001E87663900F1AFB4 /* CkoSFtp.h */ = {isa = PBXFileReference; fileEncoding = 4; lastKnownFileType = sourcecode.c.h; path = CkoSFtp.h; sourceTree = "<group>"; };
		FB0684011E87663900F1AFB4 /* CkoSFtpDir.h */ = {isa = PBXFileReference; fileEncoding = 4; lastKnownFileType = sourcecode.c.h; path = CkoSFtpDir.h; sourceTree = "<group>"; };
		FB0684021E87663900F1AFB4 /* CkoSFtpFile.h */ = {isa = PBXFileReference; fileEncoding = 4; lastKnownFileType = sourcecode.c.h; path = CkoSFtpFile.h; sourceTree = "<group>"; };
		FB0684031E87663900F1AFB4 /* CkoSFtpProgress.h */ = {isa = PBXFileReference; fileEncoding = 4; lastKnownFileType = sourcecode.c.h; path = CkoSFtpProgress.h; sourceTree = "<group>"; };
		FB0684041E87663900F1AFB4 /* CkoSocket.h */ = {isa = PBXFileReference; fileEncoding = 4; lastKnownFileType = sourcecode.c.h; path = CkoSocket.h; sourceTree = "<group>"; };
		FB0684051E87663900F1AFB4 /* CkoSpider.h */ = {isa = PBXFileReference; fileEncoding = 4; lastKnownFileType = sourcecode.c.h; path = CkoSpider.h; sourceTree = "<group>"; };
		FB0684061E87663900F1AFB4 /* CkoSsh.h */ = {isa = PBXFileReference; fileEncoding = 4; lastKnownFileType = sourcecode.c.h; path = CkoSsh.h; sourceTree = "<group>"; };
		FB0684071E87663900F1AFB4 /* CkoSshKey.h */ = {isa = PBXFileReference; fileEncoding = 4; lastKnownFileType = sourcecode.c.h; path = CkoSshKey.h; sourceTree = "<group>"; };
		FB0684081E87663900F1AFB4 /* CkoSshTunnel.h */ = {isa = PBXFileReference; fileEncoding = 4; lastKnownFileType = sourcecode.c.h; path = CkoSshTunnel.h; sourceTree = "<group>"; };
		FB0684091E87663900F1AFB4 /* CkoStream.h */ = {isa = PBXFileReference; fileEncoding = 4; lastKnownFileType = sourcecode.c.h; path = CkoStream.h; sourceTree = "<group>"; };
		FB06840A1E87663900F1AFB4 /* CkoStringArray.h */ = {isa = PBXFileReference; fileEncoding = 4; lastKnownFileType = sourcecode.c.h; path = CkoStringArray.h; sourceTree = "<group>"; };
		FB06840B1E87663900F1AFB4 /* CkoStringBuilder.h */ = {isa = PBXFileReference; fileEncoding = 4; lastKnownFileType = sourcecode.c.h; path = CkoStringBuilder.h; sourceTree = "<group>"; };
		FB06840C1E87663900F1AFB4 /* CkoStringTable.h */ = {isa = PBXFileReference; fileEncoding = 4; lastKnownFileType = sourcecode.c.h; path = CkoStringTable.h; sourceTree = "<group>"; };
		FB06840D1E87663900F1AFB4 /* CkoTar.h */ = {isa = PBXFileReference; fileEncoding = 4; lastKnownFileType = sourcecode.c.h; path = CkoTar.h; sourceTree = "<group>"; };
		FB06840E1E87663900F1AFB4 /* CkoTarProgress.h */ = {isa = PBXFileReference; fileEncoding = 4; lastKnownFileType = sourcecode.c.h; path = CkoTarProgress.h; sourceTree = "<group>"; };
		FB06840F1E87663900F1AFB4 /* CkoTask.h */ = {isa = PBXFileReference; fileEncoding = 4; lastKnownFileType = sourcecode.c.h; path = CkoTask.h; sourceTree = "<group>"; };
		FB0684101E87663900F1AFB4 /* CkoTaskChain.h */ = {isa = PBXFileReference; fileEncoding = 4; lastKnownFileType = sourcecode.c.h; path = CkoTaskChain.h; sourceTree = "<group>"; };
		FB0684111E87663900F1AFB4 /* CkoTrustedRoots.h */ = {isa = PBXFileReference; fileEncoding = 4; lastKnownFileType = sourcecode.c.h; path = CkoTrustedRoots.h; sourceTree = "<group>"; };
		FB0684121E87663900F1AFB4 /* CkoUnixCompress.h */ = {isa = PBXFileReference; fileEncoding = 4; lastKnownFileType = sourcecode.c.h; path = CkoUnixCompress.h; sourceTree = "<group>"; };
		FB0684131E87663900F1AFB4 /* CkoUpload.h */ = {isa = PBXFileReference; fileEncoding = 4; lastKnownFileType = sourcecode.c.h; path = CkoUpload.h; sourceTree = "<group>"; };
		FB0684141E87663900F1AFB4 /* CkoUrl.h */ = {isa = PBXFileReference; fileEncoding = 4; lastKnownFileType = sourcecode.c.h; path = CkoUrl.h; sourceTree = "<group>"; };
		FB0684151E87663900F1AFB4 /* CkoXml.h */ = {isa = PBXFileReference; fileEncoding = 4; lastKnownFileType = sourcecode.c.h; path = CkoXml.h; sourceTree = "<group>"; };
		FB0684161E87663900F1AFB4 /* CkoXmlCertVault.h */ = {isa = PBXFileReference; fileEncoding = 4; lastKnownFileType = sourcecode.c.h; path = CkoXmlCertVault.h; sourceTree = "<group>"; };
		FB0684171E87663900F1AFB4 /* CkoXmp.h */ = {isa = PBXFileReference; fileEncoding = 4; lastKnownFileType = sourcecode.c.h; path = CkoXmp.h; sourceTree = "<group>"; };
		FB0684181E87663900F1AFB4 /* CkoZip.h */ = {isa = PBXFileReference; fileEncoding = 4; lastKnownFileType = sourcecode.c.h; path = CkoZip.h; sourceTree = "<group>"; };
		FB0684191E87663900F1AFB4 /* CkoZipCrc.h */ = {isa = PBXFileReference; fileEncoding = 4; lastKnownFileType = sourcecode.c.h; path = CkoZipCrc.h; sourceTree = "<group>"; };
		FB06841A1E87663900F1AFB4 /* CkoZipEntry.h */ = {isa = PBXFileReference; fileEncoding = 4; lastKnownFileType = sourcecode.c.h; path = CkoZipEntry.h; sourceTree = "<group>"; };
		FB06841B1E87663900F1AFB4 /* CkoZipProgress.h */ = {isa = PBXFileReference; fileEncoding = 4; lastKnownFileType = sourcecode.c.h; path = CkoZipProgress.h; sourceTree = "<group>"; };
		FB06841C1E87674F00F1AFB4 /* empty.cpp */ = {isa = PBXFileReference; fileEncoding = 4; lastKnownFileType = sourcecode.cpp.cpp; path = empty.cpp; sourceTree = "<group>"; };
		FB06841D1E87674F00F1AFB4 /* empty.hpp */ = {isa = PBXFileReference; fileEncoding = 4; lastKnownFileType = sourcecode.cpp.h; path = empty.hpp; sourceTree = "<group>"; };
		FB0684211E8CCDED00F1AFB4 /* InstanceStateTransformer.h */ = {isa = PBXFileReference; fileEncoding = 4; lastKnownFileType = sourcecode.c.h; path = InstanceStateTransformer.h; sourceTree = "<group>"; };
		FB0684221E8CCDED00F1AFB4 /* InstanceStateTransformer.m */ = {isa = PBXFileReference; fileEncoding = 4; lastKnownFileType = sourcecode.c.objc; path = InstanceStateTransformer.m; sourceTree = "<group>"; };
		FB0684251E92DA2000F1AFB4 /* RPCViewController.h */ = {isa = PBXFileReference; fileEncoding = 4; lastKnownFileType = sourcecode.c.h; path = RPCViewController.h; sourceTree = "<group>"; };
		FB0684261E92DA2000F1AFB4 /* RPCViewController.m */ = {isa = PBXFileReference; fileEncoding = 4; lastKnownFileType = sourcecode.c.objc; path = RPCViewController.m; sourceTree = "<group>"; };
		FB0684291E941DD700F1AFB4 /* dash.conf */ = {isa = PBXFileReference; fileEncoding = 4; lastKnownFileType = text; path = dash.conf; sourceTree = "<group>"; };
		FB1D2B521EA455CD00F7BE2D /* SentinelStateTransformer.h */ = {isa = PBXFileReference; fileEncoding = 4; lastKnownFileType = sourcecode.c.h; path = SentinelStateTransformer.h; sourceTree = "<group>"; };
		FB1D2B531EA455CD00F7BE2D /* SentinelStateTransformer.m */ = {isa = PBXFileReference; fileEncoding = 4; lastKnownFileType = sourcecode.c.objc; path = SentinelStateTransformer.m; sourceTree = "<group>"; };
		FB1D2B551EAF552B00F7BE2D /* Images.xcassets */ = {isa = PBXFileReference; lastKnownFileType = folder.assetcatalog; name = Images.xcassets; path = ../Images.xcassets; sourceTree = "<group>"; };
		FB2906621E85799F00A31092 /* dashPlayground.app */ = {isa = PBXFileReference; explicitFileType = wrapper.application; includeInIndex = 0; path = dashPlayground.app; sourceTree = BUILT_PRODUCTS_DIR; };
		FB2906651E85799F00A31092 /* AppDelegate.h */ = {isa = PBXFileReference; lastKnownFileType = sourcecode.c.h; path = AppDelegate.h; sourceTree = "<group>"; };
		FB2906661E85799F00A31092 /* AppDelegate.m */ = {isa = PBXFileReference; lastKnownFileType = sourcecode.c.objc; path = AppDelegate.m; sourceTree = "<group>"; };
		FB2906691E85799F00A31092 /* main.m */ = {isa = PBXFileReference; lastKnownFileType = sourcecode.c.objc; path = main.m; sourceTree = "<group>"; };
		FB29066B1E85799F00A31092 /* RepositoriesViewController.h */ = {isa = PBXFileReference; lastKnownFileType = sourcecode.c.h; path = RepositoriesViewController.h; sourceTree = "<group>"; };
		FB29066C1E85799F00A31092 /* RepositoriesViewController.m */ = {isa = PBXFileReference; lastKnownFileType = sourcecode.c.objc; path = RepositoriesViewController.m; sourceTree = "<group>"; };
		FB29066E1E85799F00A31092 /* Assets.xcassets */ = {isa = PBXFileReference; lastKnownFileType = folder.assetcatalog; path = Assets.xcassets; sourceTree = "<group>"; };
		FB2906711E85799F00A31092 /* Base */ = {isa = PBXFileReference; lastKnownFileType = file.storyboard; name = Base; path = Base.lproj/Main.storyboard; sourceTree = "<group>"; };
		FB2906731E85799F00A31092 /* Info.plist */ = {isa = PBXFileReference; lastKnownFileType = text.plist.xml; path = Info.plist; sourceTree = "<group>"; };
		FB2906781E85799F00A31092 /* dashPlaygroundTests.xctest */ = {isa = PBXFileReference; explicitFileType = wrapper.cfbundle; includeInIndex = 0; path = dashPlaygroundTests.xctest; sourceTree = BUILT_PRODUCTS_DIR; };
		FB29067C1E85799F00A31092 /* dashPlaygroundTests.m */ = {isa = PBXFileReference; lastKnownFileType = sourcecode.c.objc; path = dashPlaygroundTests.m; sourceTree = "<group>"; };
		FB29067E1E85799F00A31092 /* Info.plist */ = {isa = PBXFileReference; lastKnownFileType = text.plist.xml; path = Info.plist; sourceTree = "<group>"; };
		FB39482A1E85B418009D115F /* DPMasternodeController.h */ = {isa = PBXFileReference; fileEncoding = 4; lastKnownFileType = sourcecode.c.h; path = DPMasternodeController.h; sourceTree = "<group>"; };
		FB39482B1E85B418009D115F /* DPMasternodeController.m */ = {isa = PBXFileReference; fileEncoding = 4; lastKnownFileType = sourcecode.c.objc; path = DPMasternodeController.m; sourceTree = "<group>"; };
		FB45054A1EA441C50066C6B9 /* DPTableView.h */ = {isa = PBXFileReference; fileEncoding = 4; lastKnownFileType = sourcecode.c.h; path = DPTableView.h; sourceTree = "<group>"; };
		FB45054B1EA441C50066C6B9 /* DPTableView.m */ = {isa = PBXFileReference; fileEncoding = 4; lastKnownFileType = sourcecode.c.objc; path = DPTableView.m; sourceTree = "<group>"; };
		FB46AE891E95618400D4B034 /* DPLocalNodeController.h */ = {isa = PBXFileReference; fileEncoding = 4; lastKnownFileType = sourcecode.c.h; path = DPLocalNodeController.h; sourceTree = "<group>"; };
		FB46AE8A1E95618400D4B034 /* DPLocalNodeController.m */ = {isa = PBXFileReference; fileEncoding = 4; lastKnownFileType = sourcecode.c.objc; path = DPLocalNodeController.m; sourceTree = "<group>"; };
		FB5A31C01E9D2F04003D4DD8 /* TrackingTransformer.h */ = {isa = PBXFileReference; fileEncoding = 4; lastKnownFileType = sourcecode.c.h; path = TrackingTransformer.h; sourceTree = "<group>"; };
		FB5A31C11E9D2F04003D4DD8 /* TrackingTransformer.m */ = {isa = PBXFileReference; fileEncoding = 4; lastKnownFileType = sourcecode.c.objc; path = TrackingTransformer.m; sourceTree = "<group>"; };
		FB5A31C71E9EA97E003D4DD8 /* DPRepositoryController.h */ = {isa = PBXFileReference; fileEncoding = 4; lastKnownFileType = sourcecode.c.h; path = DPRepositoryController.h; sourceTree = "<group>"; };
		FB5A31C81E9EA97E003D4DD8 /* DPRepositoryController.m */ = {isa = PBXFileReference; fileEncoding = 4; lastKnownFileType = sourcecode.c.objc; path = DPRepositoryController.m; sourceTree = "<group>"; };
		FB5A31CB1E9EAD21003D4DD8 /* DashCallbacks.h */ = {isa = PBXFileReference; lastKnownFileType = sourcecode.c.h; path = DashCallbacks.h; sourceTree = "<group>"; };
		FB96BFB61F0B90D900220B4B /* ConsoleEventArray.h */ = {isa = PBXFileReference; fileEncoding = 4; lastKnownFileType = sourcecode.c.h; path = ConsoleEventArray.h; sourceTree = "<group>"; };
		FB96BFB71F0B90D900220B4B /* ConsoleEventArray.m */ = {isa = PBXFileReference; fileEncoding = 4; lastKnownFileType = sourcecode.c.objc; path = ConsoleEventArray.m; sourceTree = "<group>"; };
		FB96BFB91F0B90F200220B4B /* ConsoleEvent.h */ = {isa = PBXFileReference; fileEncoding = 4; lastKnownFileType = sourcecode.c.h; path = ConsoleEvent.h; sourceTree = "<group>"; };
		FB96BFBA1F0B90F200220B4B /* ConsoleEvent.m */ = {isa = PBXFileReference; fileEncoding = 4; lastKnownFileType = sourcecode.c.objc; path = ConsoleEvent.m; sourceTree = "<group>"; };
		FB9EBCEB1E96F22200AE8AC3 /* InstanceTypeTransformer.h */ = {isa = PBXFileReference; fileEncoding = 4; lastKnownFileType = sourcecode.c.h; path = InstanceTypeTransformer.h; sourceTree = "<group>"; };
		FB9EBCEC1E96F22200AE8AC3 /* InstanceTypeTransformer.m */ = {isa = PBXFileReference; fileEncoding = 4; lastKnownFileType = sourcecode.c.objc; path = InstanceTypeTransformer.m; sourceTree = "<group>"; };
		FB9EBCEF1E98738C00AE8AC3 /* MasternodeSyncStatusTransformer.h */ = {isa = PBXFileReference; fileEncoding = 4; lastKnownFileType = sourcecode.c.h; path = MasternodeSyncStatusTransformer.h; sourceTree = "<group>"; };
		FB9EBCF01E98738C00AE8AC3 /* MasternodeSyncStatusTransformer.m */ = {isa = PBXFileReference; fileEncoding = 4; lastKnownFileType = sourcecode.c.objc; path = MasternodeSyncStatusTransformer.m; sourceTree = "<group>"; };
		FB9EBCF31E98752500AE8AC3 /* MasternodeStateTransformer.h */ = {isa = PBXFileReference; fileEncoding = 4; lastKnownFileType = sourcecode.c.h; path = MasternodeStateTransformer.h; sourceTree = "<group>"; };
		FB9EBCF41E98752500AE8AC3 /* MasternodeStateTransformer.m */ = {isa = PBXFileReference; fileEncoding = 4; lastKnownFileType = sourcecode.c.objc; path = MasternodeStateTransformer.m; sourceTree = "<group>"; };
		FBBAF9A41EB0562400D6F568 /* Notification.h */ = {isa = PBXFileReference; lastKnownFileType = sourcecode.c.h; path = Notification.h; sourceTree = "<group>"; };
		FBBFEB221E86B7CB00BE41BE /* PlaygroundModel.xcdatamodel */ = {isa = PBXFileReference; lastKnownFileType = wrapper.xcdatamodel; path = PlaygroundModel.xcdatamodel; sourceTree = "<group>"; };
		FBBFEB241E86C44E00BE41BE /* MasternodesViewController.h */ = {isa = PBXFileReference; fileEncoding = 4; lastKnownFileType = sourcecode.c.h; path = MasternodesViewController.h; sourceTree = "<group>"; };
		FBBFEB251E86C44E00BE41BE /* MasternodesViewController.m */ = {isa = PBXFileReference; fileEncoding = 4; lastKnownFileType = sourcecode.c.objc; path = MasternodesViewController.m; sourceTree = "<group>"; };
		FBBFEB281E86EED600BE41BE /* Defines.h */ = {isa = PBXFileReference; lastKnownFileType = sourcecode.c.h; path = Defines.h; sourceTree = "<group>"; };
		FBBFEB5A1E86FDA700BE41BE /* NSArray+SWAdditions.h */ = {isa = PBXFileReference; fileEncoding = 4; lastKnownFileType = sourcecode.c.h; path = "NSArray+SWAdditions.h"; sourceTree = "<group>"; };
		FBBFEB5B1E86FDA700BE41BE /* NSArray+SWAdditions.m */ = {isa = PBXFileReference; fileEncoding = 4; lastKnownFileType = sourcecode.c.objc; path = "NSArray+SWAdditions.m"; sourceTree = "<group>"; };
		FE703C50A475A7D2C59F612E /* Pods-dashPlaygroundTests.debug.xcconfig */ = {isa = PBXFileReference; includeInIndex = 1; lastKnownFileType = text.xcconfig; name = "Pods-dashPlaygroundTests.debug.xcconfig"; path = "Pods/Target Support Files/Pods-dashPlaygroundTests/Pods-dashPlaygroundTests.debug.xcconfig"; sourceTree = "<group>"; };
/* End PBXFileReference section */

/* Begin PBXFrameworksBuildPhase section */
		FB29065F1E85799F00A31092 /* Frameworks */ = {
			isa = PBXFrameworksBuildPhase;
			buildActionMask = 2147483647;
			files = (
				FB0683A91E875CDC00F1AFB4 /* libz.1.dylib in Frameworks */,
				FB0683B31E87662F00F1AFB4 /* libchilkatCocoaDyn.dylib in Frameworks */,
				FB0683B51E87662F00F1AFB4 /* libchilkatCocoa.a in Frameworks */,
				FB0683AF1E875D6800F1AFB4 /* libcrypto.0.9.8.dylib in Frameworks */,
				EC76ED00E89649FE175F52D1 /* libPods-dashPlayground.a in Frameworks */,
			);
			runOnlyForDeploymentPostprocessing = 0;
		};
		FB2906751E85799F00A31092 /* Frameworks */ = {
			isa = PBXFrameworksBuildPhase;
			buildActionMask = 2147483647;
			files = (
				FB0683B61E87662F00F1AFB4 /* libchilkatCocoa.a in Frameworks */,
				FB0683B41E87662F00F1AFB4 /* libchilkatCocoaDyn.dylib in Frameworks */,
				FB0683B01E875D6800F1AFB4 /* libcrypto.0.9.8.dylib in Frameworks */,
				60F06250BF0F9114E69EC8A9 /* libPods-dashPlaygroundTests.a in Frameworks */,
			);
			runOnlyForDeploymentPostprocessing = 0;
		};
/* End PBXFrameworksBuildPhase section */

/* Begin PBXGroup section */
		7DB87EC0D2F43AE3062A55F5 /* Pods */ = {
			isa = PBXGroup;
			children = (
				FA68DCED310B5EAEBABAF6F0 /* Pods-dashPlayground.debug.xcconfig */,
				2663A3718E741E3DFFD58A28 /* Pods-dashPlayground.release.xcconfig */,
				FE703C50A475A7D2C59F612E /* Pods-dashPlaygroundTests.debug.xcconfig */,
				F8AC1A4C30C163FF00530FC6 /* Pods-dashPlaygroundTests.release.xcconfig */,
			);
			name = Pods;
			sourceTree = "<group>";
		};
		FB0683A71E875CDC00F1AFB4 /* Frameworks */ = {
			isa = PBXGroup;
			children = (
				FB0683AC1E875D3A00F1AFB4 /* libcrypto.35.dylib */,
				FB0683AA1E875D0100F1AFB4 /* libcrypto.0.9.8.dylib */,
				FB0683A81E875CDC00F1AFB4 /* libz.1.dylib */,
				F904C70427F8A9BB22D71A97 /* libPods-dashPlayground.a */,
				0414D936A4F1B983F79235EC /* libPods-dashPlaygroundTests.a */,
			);
			name = Frameworks;
			sourceTree = "<group>";
		};
		FB0683B71E87663900F1AFB4 /* include */ = {
			isa = PBXGroup;
			children = (
				FB0683B81E87663900F1AFB4 /* CkoAccounts.h */,
				FB0683B91E87663900F1AFB4 /* CkoAsn.h */,
				FB0683BA1E87663900F1AFB4 /* CkoAtom.h */,
				FB0683BB1E87663900F1AFB4 /* CkoAuthAws.h */,
				FB0683BC1E87663900F1AFB4 /* CkoAuthAzureAD.h */,
				FB0683BD1E87663900F1AFB4 /* CkoAuthAzureSAS.h */,
				FB0683BE1E87663900F1AFB4 /* CkoAuthAzureStorage.h */,
				FB0683BF1E87663900F1AFB4 /* CkoAuthFacebook.h */,
				FB0683C01E87663900F1AFB4 /* CkoAuthGoogle.h */,
				FB0683C11E87663900F1AFB4 /* CkoBaseProgress.h */,
				FB0683C21E87663900F1AFB4 /* CkoBinData.h */,
				FB0683C31E87663900F1AFB4 /* CkoBounce.h */,
				FB0683C41E87663900F1AFB4 /* CkoBz2.h */,
				FB0683C51E87663900F1AFB4 /* CkoCache.h */,
				FB0683C61E87663900F1AFB4 /* CkoCert.h */,
				FB0683C71E87663900F1AFB4 /* CkoCertChain.h */,
				FB0683C81E87663900F1AFB4 /* CkoCertStore.h */,
				FB0683C91E87663900F1AFB4 /* CkoCgi.h */,
				FB0683CA1E87663900F1AFB4 /* CkoCharset.h */,
				FB0683CB1E87663900F1AFB4 /* CkoCompression.h */,
				FB0683CC1E87663900F1AFB4 /* CkoCrypt2.h */,
				FB0683CD1E87663900F1AFB4 /* CkoCsr.h */,
				FB0683CE1E87663900F1AFB4 /* CkoCsv.h */,
				FB0683CF1E87663900F1AFB4 /* CkoDateTime.h */,
				FB0683D01E87663900F1AFB4 /* CkoDh.h */,
				FB0683D11E87663900F1AFB4 /* CkoDirTree.h */,
				FB0683D21E87663900F1AFB4 /* CkoDkim.h */,
				FB0683D31E87663900F1AFB4 /* CkoDsa.h */,
				FB0683D41E87663900F1AFB4 /* CkoDtObj.h */,
				FB0683D51E87663900F1AFB4 /* CkoEcc.h */,
				FB0683D61E87663900F1AFB4 /* CkoEmail.h */,
				FB0683D71E87663900F1AFB4 /* CkoEmailBundle.h */,
				FB0683D81E87663900F1AFB4 /* CkoFileAccess.h */,
				FB0683D91E87663900F1AFB4 /* CkoFtp2.h */,
				FB0683DA1E87663900F1AFB4 /* CkoFtp2Progress.h */,
				FB0683DB1E87663900F1AFB4 /* CkoGlobal.h */,
				FB0683DC1E87663900F1AFB4 /* CkoGzip.h */,
				FB0683DD1E87663900F1AFB4 /* CkoHashtable.h */,
				FB0683DE1E87663900F1AFB4 /* CkoHtmlToText.h */,
				FB0683DF1E87663900F1AFB4 /* CkoHtmlToXml.h */,
				FB0683E01E87663900F1AFB4 /* CkoHttp.h */,
				FB0683E11E87663900F1AFB4 /* CkoHttpProgress.h */,
				FB0683E21E87663900F1AFB4 /* CkoHttpRequest.h */,
				FB0683E31E87663900F1AFB4 /* CkoHttpResponse.h */,
				FB0683E41E87663900F1AFB4 /* CkoImap.h */,
				FB0683E51E87663900F1AFB4 /* CkoJavaKeyStore.h */,
				FB0683E61E87663900F1AFB4 /* CkoJsonArray.h */,
				FB0683E71E87663900F1AFB4 /* CkoJsonObject.h */,
				FB0683E81E87663900F1AFB4 /* CkoJwe.h */,
				FB0683E91E87663900F1AFB4 /* CkoJws.h */,
				FB0683EA1E87663900F1AFB4 /* CkoJwt.h */,
				FB0683EB1E87663900F1AFB4 /* CkoLog.h */,
				FB0683EC1E87663900F1AFB4 /* CkoMailboxes.h */,
				FB0683ED1E87663900F1AFB4 /* CkoMailMan.h */,
				FB0683EE1E87663900F1AFB4 /* CkoMailManProgress.h */,
				FB0683EF1E87663900F1AFB4 /* CkoMessageSet.h */,
				FB0683F01E87663900F1AFB4 /* CkoMht.h */,
				FB0683F11E87663900F1AFB4 /* CkoMime.h */,
				FB0683F21E87663900F1AFB4 /* CkoNtlm.h */,
				FB0683F31E87663900F1AFB4 /* CkoOAuth1.h */,
				FB0683F41E87663900F1AFB4 /* CkoOAuth2.h */,
				FB0683F51E87663900F1AFB4 /* CkoPem.h */,
				FB0683F61E87663900F1AFB4 /* CkoPfx.h */,
				FB0683F71E87663900F1AFB4 /* CkoPrivateKey.h */,
				FB0683F81E87663900F1AFB4 /* CkoPrng.h */,
				FB0683F91E87663900F1AFB4 /* CkoProgress.h */,
				FB0683FA1E87663900F1AFB4 /* CkoPublicKey.h */,
				FB0683FB1E87663900F1AFB4 /* CkoRest.h */,
				FB0683FC1E87663900F1AFB4 /* CkoRsa.h */,
				FB0683FD1E87663900F1AFB4 /* CkoRss.h */,
				FB0683FE1E87663900F1AFB4 /* CkoScp.h */,
				FB0683FF1E87663900F1AFB4 /* CkoServerSentEvent.h */,
				FB0684001E87663900F1AFB4 /* CkoSFtp.h */,
				FB0684011E87663900F1AFB4 /* CkoSFtpDir.h */,
				FB0684021E87663900F1AFB4 /* CkoSFtpFile.h */,
				FB0684031E87663900F1AFB4 /* CkoSFtpProgress.h */,
				FB0684041E87663900F1AFB4 /* CkoSocket.h */,
				FB0684051E87663900F1AFB4 /* CkoSpider.h */,
				FB0684061E87663900F1AFB4 /* CkoSsh.h */,
				FB0684071E87663900F1AFB4 /* CkoSshKey.h */,
				FB0684081E87663900F1AFB4 /* CkoSshTunnel.h */,
				FB0684091E87663900F1AFB4 /* CkoStream.h */,
				FB06840A1E87663900F1AFB4 /* CkoStringArray.h */,
				FB06840B1E87663900F1AFB4 /* CkoStringBuilder.h */,
				FB06840C1E87663900F1AFB4 /* CkoStringTable.h */,
				FB06840D1E87663900F1AFB4 /* CkoTar.h */,
				FB06840E1E87663900F1AFB4 /* CkoTarProgress.h */,
				FB06840F1E87663900F1AFB4 /* CkoTask.h */,
				FB0684101E87663900F1AFB4 /* CkoTaskChain.h */,
				FB0684111E87663900F1AFB4 /* CkoTrustedRoots.h */,
				FB0684121E87663900F1AFB4 /* CkoUnixCompress.h */,
				FB0684131E87663900F1AFB4 /* CkoUpload.h */,
				FB0684141E87663900F1AFB4 /* CkoUrl.h */,
				FB0684151E87663900F1AFB4 /* CkoXml.h */,
				FB0684161E87663900F1AFB4 /* CkoXmlCertVault.h */,
				FB0684171E87663900F1AFB4 /* CkoXmp.h */,
				FB0684181E87663900F1AFB4 /* CkoZip.h */,
				FB0684191E87663900F1AFB4 /* CkoZipCrc.h */,
				FB06841A1E87663900F1AFB4 /* CkoZipEntry.h */,
				FB06841B1E87663900F1AFB4 /* CkoZipProgress.h */,
				FB06841C1E87674F00F1AFB4 /* empty.cpp */,
				FB06841D1E87674F00F1AFB4 /* empty.hpp */,
			);
			path = include;
			sourceTree = "<group>";
		};
		FB0684201E8CCDC200F1AFB4 /* Transformers */ = {
			isa = PBXGroup;
			children = (
				FB0684211E8CCDED00F1AFB4 /* InstanceStateTransformer.h */,
				FB0684221E8CCDED00F1AFB4 /* InstanceStateTransformer.m */,
				FB9EBCEB1E96F22200AE8AC3 /* InstanceTypeTransformer.h */,
				FB9EBCEC1E96F22200AE8AC3 /* InstanceTypeTransformer.m */,
				FB9EBCEF1E98738C00AE8AC3 /* MasternodeSyncStatusTransformer.h */,
				FB9EBCF01E98738C00AE8AC3 /* MasternodeSyncStatusTransformer.m */,
				FB9EBCF31E98752500AE8AC3 /* MasternodeStateTransformer.h */,
				FB9EBCF41E98752500AE8AC3 /* MasternodeStateTransformer.m */,
				FB1D2B521EA455CD00F7BE2D /* SentinelStateTransformer.h */,
				FB1D2B531EA455CD00F7BE2D /* SentinelStateTransformer.m */,
				FB5A31C01E9D2F04003D4DD8 /* TrackingTransformer.h */,
				FB5A31C11E9D2F04003D4DD8 /* TrackingTransformer.m */,
			);
			name = Transformers;
			sourceTree = "<group>";
		};
		FB2906591E85799F00A31092 = {
			isa = PBXGroup;
			children = (
				FB2906641E85799F00A31092 /* dashPlayground */,
				FB29067B1E85799F00A31092 /* dashPlaygroundTests */,
				FB2906631E85799F00A31092 /* Products */,
				FB0683A71E875CDC00F1AFB4 /* Frameworks */,
				7DB87EC0D2F43AE3062A55F5 /* Pods */,
			);
			sourceTree = "<group>";
		};
		FB2906631E85799F00A31092 /* Products */ = {
			isa = PBXGroup;
			children = (
				FB2906621E85799F00A31092 /* dashPlayground.app */,
				FB2906781E85799F00A31092 /* dashPlaygroundTests.xctest */,
			);
			name = Products;
			sourceTree = "<group>";
		};
		FB2906641E85799F00A31092 /* dashPlayground */ = {
			isa = PBXGroup;
			children = (
				FB4505491EA2F0CD0066C6B9 /* Utils */,
				FB5A31C61E9EA942003D4DD8 /* Server Controllers */,
				FB5A31C51E9EA205003D4DD8 /* View Controllers */,
				FB0684201E8CCDC200F1AFB4 /* Transformers */,
				FBBFEB741E872B9000BE41BE /* Model */,
				FB2906651E85799F00A31092 /* AppDelegate.h */,
				FB2906661E85799F00A31092 /* AppDelegate.m */,
				FB29066E1E85799F00A31092 /* Assets.xcassets */,
				A597E24420934C590001C98A /* PreferenceWindow.xib */,
				A515E7BF20AA904E00CB5495 /* AvailabilityZoneWindow.xib */,
				FB2906701E85799F00A31092 /* Main.storyboard */,
				A52EFCF3209AF1EB00B0586A /* RepositoryWindow.xib */,
				A5EC6BD82099BF0E00B14BAD /* VolumeWindow.xib */,
				FB2906731E85799F00A31092 /* Info.plist */,
				FB2906681E85799F00A31092 /* Supporting Files */,
				FBBFEB211E86B7CB00BE41BE /* PlaygroundModel.xcdatamodeld */,
				FBBFEB281E86EED600BE41BE /* Defines.h */,
				FB0683B71E87663900F1AFB4 /* include */,
				FB0683B11E87662F00F1AFB4 /* libchilkatCocoaDyn.dylib */,
				FB0683B21E87662F00F1AFB4 /* libchilkatCocoa.a */,
				FB0683AE1E875D6800F1AFB4 /* libcrypto.0.9.8.dylib */,
				FB5A31CB1E9EAD21003D4DD8 /* DashCallbacks.h */,
			);
			path = dashPlayground;
			sourceTree = "<group>";
		};
		FB2906681E85799F00A31092 /* Supporting Files */ = {
			isa = PBXGroup;
			children = (
				FB1D2B551EAF552B00F7BE2D /* Images.xcassets */,
				FBBAF9A41EB0562400D6F568 /* Notification.h */,
				FB0684291E941DD700F1AFB4 /* dash.conf */,
				FB2906691E85799F00A31092 /* main.m */,
			);
			name = "Supporting Files";
			sourceTree = "<group>";
		};
		FB29067B1E85799F00A31092 /* dashPlaygroundTests */ = {
			isa = PBXGroup;
			children = (
				FB29067C1E85799F00A31092 /* dashPlaygroundTests.m */,
				FB29067E1E85799F00A31092 /* Info.plist */,
			);
			path = dashPlaygroundTests;
			sourceTree = "<group>";
		};
		FB4505491EA2F0CD0066C6B9 /* Utils */ = {
			isa = PBXGroup;
			children = (
				FBBFEB5A1E86FDA700BE41BE /* NSArray+SWAdditions.h */,
				FBBFEB5B1E86FDA700BE41BE /* NSArray+SWAdditions.m */,
				FB45054A1EA441C50066C6B9 /* DPTableView.h */,
				FB45054B1EA441C50066C6B9 /* DPTableView.m */,
				FB96BFB61F0B90D900220B4B /* ConsoleEventArray.h */,
				FB96BFB71F0B90D900220B4B /* ConsoleEventArray.m */,
				FB96BFB91F0B90F200220B4B /* ConsoleEvent.h */,
				FB96BFBA1F0B90F200220B4B /* ConsoleEvent.m */,
				A516B45820908333009A59C0 /* DialogAlert.h */,
				A516B45620908324009A59C0 /* DialogAlert.m */,
			);
			name = Utils;
			sourceTree = "<group>";
		};
		FB5A31C51E9EA205003D4DD8 /* View Controllers */ = {
			isa = PBXGroup;
			children = (
				FB29066B1E85799F00A31092 /* RepositoriesViewController.h */,
				FB29066C1E85799F00A31092 /* RepositoriesViewController.m */,
				FBBFEB241E86C44E00BE41BE /* MasternodesViewController.h */,
				FBBFEB251E86C44E00BE41BE /* MasternodesViewController.m */,
				FB0684251E92DA2000F1AFB4 /* RPCViewController.h */,
				FB0684261E92DA2000F1AFB4 /* RPCViewController.m */,
				A516B45920908509009A59C0 /* PreferenceViewController.h */,
				A516B45A20908514009A59C0 /* PreferenceViewController.m */,
				A55FC0D12099BA17004B23FE /* VolumeViewController.h */,
				A55FC0D22099BA22004B23FE /* VolumeViewController.m */,
				A52EFCF5209AF44100B0586A /* RepositoriesModalViewController.h */,
				A52EFCF6209AF44100B0586A /* RepositoriesModalViewController.m */,
				A532618220A42413004678E8 /* UnspentOutputViewController.h */,
				A532618320A42413004678E8 /* UnspentOutputViewController.m */,
				A5724D4A20A70D4A004BED71 /* ContainerViewController.h */,
				A5724D4B20A70D4A004BED71 /* ContainerViewController.m */,
				A515E7CA20AA953400CB5495 /* AvailabilityViewController.h */,
				A515E7CB20AA953400CB5495 /* AvailabilityViewController.m */,
			);
			name = "View Controllers";
			sourceTree = "<group>";
		};
		FB5A31C61E9EA942003D4DD8 /* Server Controllers */ = {
			isa = PBXGroup;
			children = (
				FB39482A1E85B418009D115F /* DPMasternodeController.h */,
				FB39482B1E85B418009D115F /* DPMasternodeController.m */,
				FB46AE891E95618400D4B034 /* DPLocalNodeController.h */,
				FB46AE8A1E95618400D4B034 /* DPLocalNodeController.m */,
				FB5A31C71E9EA97E003D4DD8 /* DPRepositoryController.h */,
				FB5A31C81E9EA97E003D4DD8 /* DPRepositoryController.m */,
				A55FC0CE20998BD2004B23FE /* DPPreferenceController.h */,
				A55FC0CF20998BDC004B23FE /* DPPreferenceController.m */,
				A50FB29C20A2F9E6008EFD32 /* DPRepoModalController.h */,
				A50FB29D20A2F9E6008EFD32 /* DPRepoModalController.m */,
				A515E7CD20AA96B800CB5495 /* DPAvailabilityController.h */,
				A515E7CE20AA96B800CB5495 /* DPAvailabilityController.m */,
				A517D29720AEBEF200BD567A /* DPUnspentController.h */,
				A517D29820AEBEF200BD567A /* DPUnspentController.m */,
			);
			name = "Server Controllers";
			sourceTree = "<group>";
		};
		FBBFEB741E872B9000BE41BE /* Model */ = {
			isa = PBXGroup;
			children = (
				FB0683421E8731AD00F1AFB4 /* DPDataStore.h */,
				FB0683431E8731AD00F1AFB4 /* DPDataStore.m */,
				A5782D1F2095E99A00CA603A /* PreferenceData.h */,
				A5782D202095E9A400CA603A /* PreferenceData.m */,
			);
			name = Model;
			sourceTree = "<group>";
		};
/* End PBXGroup section */

/* Begin PBXNativeTarget section */
		FB2906611E85799F00A31092 /* dashPlayground */ = {
			isa = PBXNativeTarget;
			buildConfigurationList = FB2906811E85799F00A31092 /* Build configuration list for PBXNativeTarget "dashPlayground" */;
			buildPhases = (
				94B2D357CF027FDAF151CEC9 /* [CP] Check Pods Manifest.lock */,
				FB29065E1E85799F00A31092 /* Sources */,
				FB29065F1E85799F00A31092 /* Frameworks */,
				FB2906601E85799F00A31092 /* Resources */,
				FB2906FF1E857E4C00A31092 /* Embed Frameworks */,
				71EA2F616C86A0EE853F561B /* [CP] Embed Pods Frameworks */,
				9770C6F6B7C977D210559020 /* [CP] Copy Pods Resources */,
			);
			buildRules = (
			);
			dependencies = (
			);
			name = dashPlayground;
			productName = dashPlayground;
			productReference = FB2906621E85799F00A31092 /* dashPlayground.app */;
			productType = "com.apple.product-type.application";
		};
		FB2906771E85799F00A31092 /* dashPlaygroundTests */ = {
			isa = PBXNativeTarget;
			buildConfigurationList = FB2906841E85799F00A31092 /* Build configuration list for PBXNativeTarget "dashPlaygroundTests" */;
			buildPhases = (
				8CFC32F0501D3061B0E72B31 /* [CP] Check Pods Manifest.lock */,
				FB2906741E85799F00A31092 /* Sources */,
				FB2906751E85799F00A31092 /* Frameworks */,
				FB2906761E85799F00A31092 /* Resources */,
				2685535085359E818AA297FC /* [CP] Embed Pods Frameworks */,
				C78F8BD6BA8F87F38BA600DE /* [CP] Copy Pods Resources */,
			);
			buildRules = (
			);
			dependencies = (
				FB29067A1E85799F00A31092 /* PBXTargetDependency */,
			);
			name = dashPlaygroundTests;
			productName = dashPlaygroundTests;
			productReference = FB2906781E85799F00A31092 /* dashPlaygroundTests.xctest */;
			productType = "com.apple.product-type.bundle.unit-test";
		};
/* End PBXNativeTarget section */

/* Begin PBXProject section */
		FB29065A1E85799F00A31092 /* Project object */ = {
			isa = PBXProject;
			attributes = {
				LastUpgradeCheck = 0930;
				ORGANIZATIONNAME = dashfoundation;
				TargetAttributes = {
					FB2906611E85799F00A31092 = {
						CreatedOnToolsVersion = 8.2.1;
						DevelopmentTeam = 9P659Y78B6;
						LastSwiftMigration = 0820;
						ProvisioningStyle = Automatic;
					};
					FB2906771E85799F00A31092 = {
						CreatedOnToolsVersion = 8.2.1;
						DevelopmentTeam = 9P659Y78B6;
						LastSwiftMigration = 0820;
						ProvisioningStyle = Automatic;
						TestTargetID = FB2906611E85799F00A31092;
					};
				};
			};
			buildConfigurationList = FB29065D1E85799F00A31092 /* Build configuration list for PBXProject "dashPlayground" */;
			compatibilityVersion = "Xcode 3.2";
			developmentRegion = English;
			hasScannedForEncodings = 0;
			knownRegions = (
				en,
				Base,
			);
			mainGroup = FB2906591E85799F00A31092;
			productRefGroup = FB2906631E85799F00A31092 /* Products */;
			projectDirPath = "";
			projectRoot = "";
			targets = (
				FB2906611E85799F00A31092 /* dashPlayground */,
				FB2906771E85799F00A31092 /* dashPlaygroundTests */,
			);
		};
/* End PBXProject section */

/* Begin PBXResourcesBuildPhase section */
		FB2906601E85799F00A31092 /* Resources */ = {
			isa = PBXResourcesBuildPhase;
			buildActionMask = 2147483647;
			files = (
				A5EC6BD92099BF0E00B14BAD /* VolumeWindow.xib in Resources */,
				FB29066F1E85799F00A31092 /* Assets.xcassets in Resources */,
				A515E7C020AA904E00CB5495 /* AvailabilityZoneWindow.xib in Resources */,
				FB1D2B561EAF552B00F7BE2D /* Images.xcassets in Resources */,
				A52EFCF4209AF1EB00B0586A /* RepositoryWindow.xib in Resources */,
				FB06842A1E941DD700F1AFB4 /* dash.conf in Resources */,
				FB2906721E85799F00A31092 /* Main.storyboard in Resources */,
				A597E24520934C590001C98A /* PreferenceWindow.xib in Resources */,
			);
			runOnlyForDeploymentPostprocessing = 0;
		};
		FB2906761E85799F00A31092 /* Resources */ = {
			isa = PBXResourcesBuildPhase;
			buildActionMask = 2147483647;
			files = (
				FB06842B1E941DD700F1AFB4 /* dash.conf in Resources */,
			);
			runOnlyForDeploymentPostprocessing = 0;
		};
/* End PBXResourcesBuildPhase section */

/* Begin PBXShellScriptBuildPhase section */
		2685535085359E818AA297FC /* [CP] Embed Pods Frameworks */ = {
			isa = PBXShellScriptBuildPhase;
			buildActionMask = 2147483647;
			files = (
			);
			inputPaths = (
			);
			name = "[CP] Embed Pods Frameworks";
			outputPaths = (
			);
			runOnlyForDeploymentPostprocessing = 0;
			shellPath = /bin/sh;
			shellScript = "\"${SRCROOT}/Pods/Target Support Files/Pods-dashPlaygroundTests/Pods-dashPlaygroundTests-frameworks.sh\"\n";
			showEnvVarsInLog = 0;
		};
		71EA2F616C86A0EE853F561B /* [CP] Embed Pods Frameworks */ = {
			isa = PBXShellScriptBuildPhase;
			buildActionMask = 2147483647;
			files = (
			);
			inputPaths = (
			);
			name = "[CP] Embed Pods Frameworks";
			outputPaths = (
			);
			runOnlyForDeploymentPostprocessing = 0;
			shellPath = /bin/sh;
			shellScript = "\"${SRCROOT}/Pods/Target Support Files/Pods-dashPlayground/Pods-dashPlayground-frameworks.sh\"\n";
			showEnvVarsInLog = 0;
		};
		8CFC32F0501D3061B0E72B31 /* [CP] Check Pods Manifest.lock */ = {
			isa = PBXShellScriptBuildPhase;
			buildActionMask = 2147483647;
			files = (
			);
			inputPaths = (
				"${PODS_PODFILE_DIR_PATH}/Podfile.lock",
				"${PODS_ROOT}/Manifest.lock",
			);
			name = "[CP] Check Pods Manifest.lock";
			outputPaths = (
				"$(DERIVED_FILE_DIR)/Pods-dashPlaygroundTests-checkManifestLockResult.txt",
			);
			runOnlyForDeploymentPostprocessing = 0;
			shellPath = /bin/sh;
			shellScript = "diff \"${PODS_PODFILE_DIR_PATH}/Podfile.lock\" \"${PODS_ROOT}/Manifest.lock\" > /dev/null\nif [ $? != 0 ] ; then\n    # print error to STDERR\n    echo \"error: The sandbox is not in sync with the Podfile.lock. Run 'pod install' or update your CocoaPods installation.\" >&2\n    exit 1\nfi\n# This output is used by Xcode 'outputs' to avoid re-running this script phase.\necho \"SUCCESS\" > \"${SCRIPT_OUTPUT_FILE_0}\"\n";
			showEnvVarsInLog = 0;
		};
		94B2D357CF027FDAF151CEC9 /* [CP] Check Pods Manifest.lock */ = {
			isa = PBXShellScriptBuildPhase;
			buildActionMask = 2147483647;
			files = (
			);
			inputPaths = (
				"${PODS_PODFILE_DIR_PATH}/Podfile.lock",
				"${PODS_ROOT}/Manifest.lock",
			);
			name = "[CP] Check Pods Manifest.lock";
			outputPaths = (
				"$(DERIVED_FILE_DIR)/Pods-dashPlayground-checkManifestLockResult.txt",
			);
			runOnlyForDeploymentPostprocessing = 0;
			shellPath = /bin/sh;
			shellScript = "diff \"${PODS_PODFILE_DIR_PATH}/Podfile.lock\" \"${PODS_ROOT}/Manifest.lock\" > /dev/null\nif [ $? != 0 ] ; then\n    # print error to STDERR\n    echo \"error: The sandbox is not in sync with the Podfile.lock. Run 'pod install' or update your CocoaPods installation.\" >&2\n    exit 1\nfi\n# This output is used by Xcode 'outputs' to avoid re-running this script phase.\necho \"SUCCESS\" > \"${SCRIPT_OUTPUT_FILE_0}\"\n";
			showEnvVarsInLog = 0;
		};
		9770C6F6B7C977D210559020 /* [CP] Copy Pods Resources */ = {
			isa = PBXShellScriptBuildPhase;
			buildActionMask = 2147483647;
			files = (
			);
			inputPaths = (
			);
			name = "[CP] Copy Pods Resources";
			outputPaths = (
			);
			runOnlyForDeploymentPostprocessing = 0;
			shellPath = /bin/sh;
			shellScript = "\"${SRCROOT}/Pods/Target Support Files/Pods-dashPlayground/Pods-dashPlayground-resources.sh\"\n";
			showEnvVarsInLog = 0;
		};
		C78F8BD6BA8F87F38BA600DE /* [CP] Copy Pods Resources */ = {
			isa = PBXShellScriptBuildPhase;
			buildActionMask = 2147483647;
			files = (
			);
			inputPaths = (
			);
			name = "[CP] Copy Pods Resources";
			outputPaths = (
			);
			runOnlyForDeploymentPostprocessing = 0;
			shellPath = /bin/sh;
			shellScript = "\"${SRCROOT}/Pods/Target Support Files/Pods-dashPlaygroundTests/Pods-dashPlaygroundTests-resources.sh\"\n";
			showEnvVarsInLog = 0;
		};
/* End PBXShellScriptBuildPhase section */

/* Begin PBXSourcesBuildPhase section */
		FB29065E1E85799F00A31092 /* Sources */ = {
			isa = PBXSourcesBuildPhase;
			buildActionMask = 2147483647;
			files = (
				A50FB29E20A2F9E6008EFD32 /* DPRepoModalController.m in Sources */,
				FB29066D1E85799F00A31092 /* RepositoriesViewController.m in Sources */,
				FB5A31C91E9EA97E003D4DD8 /* DPRepositoryController.m in Sources */,
				FBBFEB5C1E86FDA700BE41BE /* NSArray+SWAdditions.m in Sources */,
				A52EFCF7209AF44100B0586A /* RepositoriesModalViewController.m in Sources */,
				FB96BFB81F0B90D900220B4B /* ConsoleEventArray.m in Sources */,
				A55FC0D020998BDC004B23FE /* DPPreferenceController.m in Sources */,
				FB0683441E8731AD00F1AFB4 /* DPDataStore.m in Sources */,
				A515E7CF20AA96B800CB5495 /* DPAvailabilityController.m in Sources */,
				FB0684271E92DA2000F1AFB4 /* RPCViewController.m in Sources */,
				FB9EBCF51E98752500AE8AC3 /* MasternodeStateTransformer.m in Sources */,
				FB06841E1E87674F00F1AFB4 /* empty.cpp in Sources */,
				FBBFEB231E86B7CB00BE41BE /* PlaygroundModel.xcdatamodeld in Sources */,
				FBBFEB261E86C44E00BE41BE /* MasternodesViewController.m in Sources */,
				A517D29920AEBEF200BD567A /* DPUnspentController.m in Sources */,
				FB39482C1E85B418009D115F /* DPMasternodeController.m in Sources */,
				A5724D4C20A70D4A004BED71 /* ContainerViewController.m in Sources */,
				FB46AE8B1E95618400D4B034 /* DPLocalNodeController.m in Sources */,
				A516B45720908324009A59C0 /* DialogAlert.m in Sources */,
				FB0684231E8CCDED00F1AFB4 /* InstanceStateTransformer.m in Sources */,
				FB1D2B541EA455CD00F7BE2D /* SentinelStateTransformer.m in Sources */,
				FB5A31C21E9D2F04003D4DD8 /* TrackingTransformer.m in Sources */,
				FB96BFBB1F0B90F200220B4B /* ConsoleEvent.m in Sources */,
				FB45054C1EA441C50066C6B9 /* DPTableView.m in Sources */,
				FB29066A1E85799F00A31092 /* main.m in Sources */,
				A532618420A42413004678E8 /* UnspentOutputViewController.m in Sources */,
				FB9EBCF11E98738C00AE8AC3 /* MasternodeSyncStatusTransformer.m in Sources */,
				A5782D212095E9A400CA603A /* PreferenceData.m in Sources */,
				A55FC0D32099BA22004B23FE /* VolumeViewController.m in Sources */,
				A516B45B20908514009A59C0 /* PreferenceViewController.m in Sources */,
				FB9EBCED1E96F22200AE8AC3 /* InstanceTypeTransformer.m in Sources */,
				A515E7CC20AA953400CB5495 /* AvailabilityViewController.m in Sources */,
				FB2906671E85799F00A31092 /* AppDelegate.m in Sources */,
			);
			runOnlyForDeploymentPostprocessing = 0;
		};
		FB2906741E85799F00A31092 /* Sources */ = {
			isa = PBXSourcesBuildPhase;
			buildActionMask = 2147483647;
			files = (
				FB0684241E8CCDED00F1AFB4 /* InstanceStateTransformer.m in Sources */,
				FB0683451E8731AD00F1AFB4 /* DPDataStore.m in Sources */,
				FBBFEB5D1E86FDA700BE41BE /* NSArray+SWAdditions.m in Sources */,
				FB29067D1E85799F00A31092 /* dashPlaygroundTests.m in Sources */,
				FB46AE8C1E95618400D4B034 /* DPLocalNodeController.m in Sources */,
				FB39482D1E85B418009D115F /* DPMasternodeController.m in Sources */,
				FB06841F1E87674F00F1AFB4 /* empty.cpp in Sources */,
				FB9EBCF21E98738C00AE8AC3 /* MasternodeSyncStatusTransformer.m in Sources */,
				FBBFEB271E86C44E00BE41BE /* MasternodesViewController.m in Sources */,
				FB0684281E92DA2000F1AFB4 /* RPCViewController.m in Sources */,
				FB5A31CA1E9EA97E003D4DD8 /* DPRepositoryController.m in Sources */,
				FB9EBCF61E98752500AE8AC3 /* MasternodeStateTransformer.m in Sources */,
				FB9EBCEE1E96F22200AE8AC3 /* InstanceTypeTransformer.m in Sources */,
			);
			runOnlyForDeploymentPostprocessing = 0;
		};
/* End PBXSourcesBuildPhase section */

/* Begin PBXTargetDependency section */
		FB29067A1E85799F00A31092 /* PBXTargetDependency */ = {
			isa = PBXTargetDependency;
			target = FB2906611E85799F00A31092 /* dashPlayground */;
			targetProxy = FB2906791E85799F00A31092 /* PBXContainerItemProxy */;
		};
/* End PBXTargetDependency section */

/* Begin PBXVariantGroup section */
		FB2906701E85799F00A31092 /* Main.storyboard */ = {
			isa = PBXVariantGroup;
			children = (
				FB2906711E85799F00A31092 /* Base */,
			);
			name = Main.storyboard;
			sourceTree = "<group>";
		};
/* End PBXVariantGroup section */

/* Begin XCBuildConfiguration section */
		FB29067F1E85799F00A31092 /* Debug */ = {
			isa = XCBuildConfiguration;
			buildSettings = {
				ALWAYS_SEARCH_USER_PATHS = NO;
				CLANG_ANALYZER_NONNULL = YES;
				CLANG_CXX_LANGUAGE_STANDARD = "gnu++0x";
				CLANG_CXX_LIBRARY = "libc++";
				CLANG_ENABLE_MODULES = YES;
				CLANG_ENABLE_OBJC_ARC = YES;
				CLANG_WARN_BLOCK_CAPTURE_AUTORELEASING = YES;
				CLANG_WARN_BOOL_CONVERSION = YES;
				CLANG_WARN_COMMA = YES;
				CLANG_WARN_CONSTANT_CONVERSION = YES;
				CLANG_WARN_DEPRECATED_OBJC_IMPLEMENTATIONS = YES;
				CLANG_WARN_DIRECT_OBJC_ISA_USAGE = YES_ERROR;
				CLANG_WARN_DOCUMENTATION_COMMENTS = YES;
				CLANG_WARN_EMPTY_BODY = YES;
				CLANG_WARN_ENUM_CONVERSION = YES;
				CLANG_WARN_INFINITE_RECURSION = YES;
				CLANG_WARN_INT_CONVERSION = YES;
				CLANG_WARN_NON_LITERAL_NULL_CONVERSION = YES;
				CLANG_WARN_OBJC_IMPLICIT_RETAIN_SELF = YES;
				CLANG_WARN_OBJC_LITERAL_CONVERSION = YES;
				CLANG_WARN_OBJC_ROOT_CLASS = YES_ERROR;
				CLANG_WARN_RANGE_LOOP_ANALYSIS = YES;
				CLANG_WARN_STRICT_PROTOTYPES = YES;
				CLANG_WARN_SUSPICIOUS_MOVE = YES;
				CLANG_WARN_UNREACHABLE_CODE = YES;
				CLANG_WARN__DUPLICATE_METHOD_MATCH = YES;
				CODE_SIGN_IDENTITY = "-";
				COPY_PHASE_STRIP = NO;
				DEBUG_INFORMATION_FORMAT = dwarf;
				ENABLE_STRICT_OBJC_MSGSEND = YES;
				ENABLE_TESTABILITY = YES;
				GCC_C_LANGUAGE_STANDARD = gnu99;
				GCC_DYNAMIC_NO_PIC = NO;
				GCC_NO_COMMON_BLOCKS = YES;
				GCC_OPTIMIZATION_LEVEL = 0;
				GCC_PREPROCESSOR_DEFINITIONS = (
					"DEBUG=1",
					"$(inherited)",
				);
				GCC_WARN_64_TO_32_BIT_CONVERSION = YES;
				GCC_WARN_ABOUT_RETURN_TYPE = YES_ERROR;
				GCC_WARN_UNDECLARED_SELECTOR = YES;
				GCC_WARN_UNINITIALIZED_AUTOS = YES_AGGRESSIVE;
				GCC_WARN_UNUSED_FUNCTION = YES;
				GCC_WARN_UNUSED_VARIABLE = YES;
				MACOSX_DEPLOYMENT_TARGET = 10.12;
				MTL_ENABLE_DEBUG_INFO = YES;
				ONLY_ACTIVE_ARCH = YES;
				SDKROOT = macosx;
			};
			name = Debug;
		};
		FB2906801E85799F00A31092 /* Release */ = {
			isa = XCBuildConfiguration;
			buildSettings = {
				ALWAYS_SEARCH_USER_PATHS = NO;
				CLANG_ANALYZER_NONNULL = YES;
				CLANG_CXX_LANGUAGE_STANDARD = "gnu++0x";
				CLANG_CXX_LIBRARY = "libc++";
				CLANG_ENABLE_MODULES = YES;
				CLANG_ENABLE_OBJC_ARC = YES;
				CLANG_WARN_BLOCK_CAPTURE_AUTORELEASING = YES;
				CLANG_WARN_BOOL_CONVERSION = YES;
				CLANG_WARN_COMMA = YES;
				CLANG_WARN_CONSTANT_CONVERSION = YES;
				CLANG_WARN_DEPRECATED_OBJC_IMPLEMENTATIONS = YES;
				CLANG_WARN_DIRECT_OBJC_ISA_USAGE = YES_ERROR;
				CLANG_WARN_DOCUMENTATION_COMMENTS = YES;
				CLANG_WARN_EMPTY_BODY = YES;
				CLANG_WARN_ENUM_CONVERSION = YES;
				CLANG_WARN_INFINITE_RECURSION = YES;
				CLANG_WARN_INT_CONVERSION = YES;
				CLANG_WARN_NON_LITERAL_NULL_CONVERSION = YES;
				CLANG_WARN_OBJC_IMPLICIT_RETAIN_SELF = YES;
				CLANG_WARN_OBJC_LITERAL_CONVERSION = YES;
				CLANG_WARN_OBJC_ROOT_CLASS = YES_ERROR;
				CLANG_WARN_RANGE_LOOP_ANALYSIS = YES;
				CLANG_WARN_STRICT_PROTOTYPES = YES;
				CLANG_WARN_SUSPICIOUS_MOVE = YES;
				CLANG_WARN_UNREACHABLE_CODE = YES;
				CLANG_WARN__DUPLICATE_METHOD_MATCH = YES;
				CODE_SIGN_IDENTITY = "-";
				COPY_PHASE_STRIP = NO;
				DEBUG_INFORMATION_FORMAT = "dwarf-with-dsym";
				ENABLE_NS_ASSERTIONS = NO;
				ENABLE_STRICT_OBJC_MSGSEND = YES;
				GCC_C_LANGUAGE_STANDARD = gnu99;
				GCC_NO_COMMON_BLOCKS = YES;
				GCC_WARN_64_TO_32_BIT_CONVERSION = YES;
				GCC_WARN_ABOUT_RETURN_TYPE = YES_ERROR;
				GCC_WARN_UNDECLARED_SELECTOR = YES;
				GCC_WARN_UNINITIALIZED_AUTOS = YES_AGGRESSIVE;
				GCC_WARN_UNUSED_FUNCTION = YES;
				GCC_WARN_UNUSED_VARIABLE = YES;
				MACOSX_DEPLOYMENT_TARGET = 10.12;
				MTL_ENABLE_DEBUG_INFO = NO;
				SDKROOT = macosx;
			};
			name = Release;
		};
		FB2906821E85799F00A31092 /* Debug */ = {
			isa = XCBuildConfiguration;
			baseConfigurationReference = FA68DCED310B5EAEBABAF6F0 /* Pods-dashPlayground.debug.xcconfig */;
			buildSettings = {
				ASSETCATALOG_COMPILER_APPICON_NAME = AppIcon;
				CLANG_ENABLE_MODULES = YES;
				COMBINE_HIDPI_IMAGES = YES;
				DEVELOPMENT_TEAM = 9P659Y78B6;
				FRAMEWORK_SEARCH_PATHS = (
					"$(inherited)",
					"$(PROJECT_DIR)/dashPlayground",
				);
				INFOPLIST_FILE = dashPlayground/Info.plist;
				LD_RUNPATH_SEARCH_PATHS = "$(inherited) @executable_path/../Frameworks";
				LIBRARY_SEARCH_PATHS = (
					"$(inherited)",
					"$(PROJECT_DIR)/dashPlayground",
					"$(PROJECT_DIR)/dashPlayground/libssh2_xcode/lib",
				);
				OTHER_CFLAGS = "$(inherited)";
				OTHER_CPLUSPLUSFLAGS = "";
				PRODUCT_BUNDLE_IDENTIFIER = org.dashfoundation.dashPlayground;
				PRODUCT_NAME = "$(TARGET_NAME)";
				SWIFT_OBJC_BRIDGING_HEADER = "dashPlayground-Bridging-Header.h";
				SWIFT_OPTIMIZATION_LEVEL = "-Onone";
				SWIFT_VERSION = 3.0;
			};
			name = Debug;
		};
		FB2906831E85799F00A31092 /* Release */ = {
			isa = XCBuildConfiguration;
			baseConfigurationReference = 2663A3718E741E3DFFD58A28 /* Pods-dashPlayground.release.xcconfig */;
			buildSettings = {
				ASSETCATALOG_COMPILER_APPICON_NAME = AppIcon;
				CLANG_ENABLE_MODULES = YES;
				COMBINE_HIDPI_IMAGES = YES;
				DEVELOPMENT_TEAM = 9P659Y78B6;
				FRAMEWORK_SEARCH_PATHS = (
					"$(inherited)",
					"$(PROJECT_DIR)/dashPlayground",
				);
				INFOPLIST_FILE = dashPlayground/Info.plist;
				LD_RUNPATH_SEARCH_PATHS = "$(inherited) @executable_path/../Frameworks";
				LIBRARY_SEARCH_PATHS = (
					"$(inherited)",
					"$(PROJECT_DIR)/dashPlayground",
					"$(PROJECT_DIR)/dashPlayground/libssh2_xcode/lib",
				);
				OTHER_CFLAGS = "$(inherited)";
				OTHER_CPLUSPLUSFLAGS = "";
				PRODUCT_BUNDLE_IDENTIFIER = org.dashfoundation.dashPlayground;
				PRODUCT_NAME = "$(TARGET_NAME)";
				SWIFT_OBJC_BRIDGING_HEADER = "dashPlayground-Bridging-Header.h";
				SWIFT_VERSION = 3.0;
			};
			name = Release;
		};
		FB2906851E85799F00A31092 /* Debug */ = {
			isa = XCBuildConfiguration;
			baseConfigurationReference = FE703C50A475A7D2C59F612E /* Pods-dashPlaygroundTests.debug.xcconfig */;
			buildSettings = {
				BUNDLE_LOADER = "$(TEST_HOST)";
				CLANG_ENABLE_MODULES = YES;
				COMBINE_HIDPI_IMAGES = YES;
				DEVELOPMENT_TEAM = 9P659Y78B6;
				FRAMEWORK_SEARCH_PATHS = (
					"$(inherited)",
					"$(PROJECT_DIR)/dashPlayground",
				);
				INFOPLIST_FILE = dashPlaygroundTests/Info.plist;
				LD_RUNPATH_SEARCH_PATHS = "$(inherited) @executable_path/../Frameworks @loader_path/../Frameworks";
				LIBRARY_SEARCH_PATHS = (
					"$(inherited)",
					"$(PROJECT_DIR)/dashPlayground",
					"$(PROJECT_DIR)/dashPlayground/libssh2_xcode/lib",
				);
				PRODUCT_BUNDLE_IDENTIFIER = org.dashfoundation.dashPlaygroundTests;
				PRODUCT_NAME = "$(TARGET_NAME)";
				SWIFT_OBJC_BRIDGING_HEADER = "dashPlaygroundTests-Bridging-Header.h";
				SWIFT_OPTIMIZATION_LEVEL = "-Onone";
				SWIFT_VERSION = 3.0;
				TEST_HOST = "$(BUILT_PRODUCTS_DIR)/dashPlayground.app/Contents/MacOS/dashPlayground";
			};
			name = Debug;
		};
		FB2906861E85799F00A31092 /* Release */ = {
			isa = XCBuildConfiguration;
			baseConfigurationReference = F8AC1A4C30C163FF00530FC6 /* Pods-dashPlaygroundTests.release.xcconfig */;
			buildSettings = {
				BUNDLE_LOADER = "$(TEST_HOST)";
				CLANG_ENABLE_MODULES = YES;
				COMBINE_HIDPI_IMAGES = YES;
				DEVELOPMENT_TEAM = 9P659Y78B6;
				FRAMEWORK_SEARCH_PATHS = (
					"$(inherited)",
					"$(PROJECT_DIR)/dashPlayground",
				);
				INFOPLIST_FILE = dashPlaygroundTests/Info.plist;
				LD_RUNPATH_SEARCH_PATHS = "$(inherited) @executable_path/../Frameworks @loader_path/../Frameworks";
				LIBRARY_SEARCH_PATHS = (
					"$(inherited)",
					"$(PROJECT_DIR)/dashPlayground",
					"$(PROJECT_DIR)/dashPlayground/libssh2_xcode/lib",
				);
				PRODUCT_BUNDLE_IDENTIFIER = org.dashfoundation.dashPlaygroundTests;
				PRODUCT_NAME = "$(TARGET_NAME)";
				SWIFT_OBJC_BRIDGING_HEADER = "dashPlaygroundTests-Bridging-Header.h";
				SWIFT_VERSION = 3.0;
				TEST_HOST = "$(BUILT_PRODUCTS_DIR)/dashPlayground.app/Contents/MacOS/dashPlayground";
			};
			name = Release;
		};
/* End XCBuildConfiguration section */

/* Begin XCConfigurationList section */
		FB29065D1E85799F00A31092 /* Build configuration list for PBXProject "dashPlayground" */ = {
			isa = XCConfigurationList;
			buildConfigurations = (
				FB29067F1E85799F00A31092 /* Debug */,
				FB2906801E85799F00A31092 /* Release */,
			);
			defaultConfigurationIsVisible = 0;
			defaultConfigurationName = Release;
		};
		FB2906811E85799F00A31092 /* Build configuration list for PBXNativeTarget "dashPlayground" */ = {
			isa = XCConfigurationList;
			buildConfigurations = (
				FB2906821E85799F00A31092 /* Debug */,
				FB2906831E85799F00A31092 /* Release */,
			);
			defaultConfigurationIsVisible = 0;
			defaultConfigurationName = Release;
		};
		FB2906841E85799F00A31092 /* Build configuration list for PBXNativeTarget "dashPlaygroundTests" */ = {
			isa = XCConfigurationList;
			buildConfigurations = (
				FB2906851E85799F00A31092 /* Debug */,
				FB2906861E85799F00A31092 /* Release */,
			);
			defaultConfigurationIsVisible = 0;
			defaultConfigurationName = Release;
		};
/* End XCConfigurationList section */

/* Begin XCVersionGroup section */
		FBBFEB211E86B7CB00BE41BE /* PlaygroundModel.xcdatamodeld */ = {
			isa = XCVersionGroup;
			children = (
				FBBFEB221E86B7CB00BE41BE /* PlaygroundModel.xcdatamodel */,
			);
			currentVersion = FBBFEB221E86B7CB00BE41BE /* PlaygroundModel.xcdatamodel */;
			path = PlaygroundModel.xcdatamodeld;
			sourceTree = "<group>";
			versionGroupType = wrapper.xcdatamodel;
		};
/* End XCVersionGroup section */
	};
	rootObject = FB29065A1E85799F00A31092 /* Project object */;
}
