// !$*UTF8*$!
{
	archiveVersion = 1;
	classes = {
	};
	objectVersion = 46;
	objects = {

/* Begin PBXBuildFile section */
		9301D4C70E08DD5AB9ABFBF9 /* libPods-dashPlayground.a in Frameworks */ = {isa = PBXBuildFile; fileRef = 04FB8E3A54BAC79C93C59105 /* libPods-dashPlayground.a */; };
		A50FB29E20A2F9E6008EFD32 /* DPRepoModalController.m in Sources */ = {isa = PBXBuildFile; fileRef = A50FB29D20A2F9E6008EFD32 /* DPRepoModalController.m */; };
		A5142E7720E36259000AB18E /* DebugTypeTransformer.m in Sources */ = {isa = PBXBuildFile; fileRef = A5142E7620E36259000AB18E /* DebugTypeTransformer.m */; };
		A5153E7C20CA5CEE00D6902B /* ChainSelectionWindow.xib in Resources */ = {isa = PBXBuildFile; fileRef = A5153E7B20CA5CEE00D6902B /* ChainSelectionWindow.xib */; };
		A515E7C020AA904E00CB5495 /* AvailabilityZoneWindow.xib in Resources */ = {isa = PBXBuildFile; fileRef = A515E7BF20AA904E00CB5495 /* AvailabilityZoneWindow.xib */; };
		A515E7CC20AA953400CB5495 /* AvailabilityViewController.m in Sources */ = {isa = PBXBuildFile; fileRef = A515E7CB20AA953400CB5495 /* AvailabilityViewController.m */; };
		A515E7CF20AA96B800CB5495 /* DPAvailabilityController.m in Sources */ = {isa = PBXBuildFile; fileRef = A515E7CE20AA96B800CB5495 /* DPAvailabilityController.m */; };
		A516B45720908324009A59C0 /* DialogAlert.m in Sources */ = {isa = PBXBuildFile; fileRef = A516B45620908324009A59C0 /* DialogAlert.m */; };
		A517D29920AEBEF200BD567A /* DPUnspentController.m in Sources */ = {isa = PBXBuildFile; fileRef = A517D29820AEBEF200BD567A /* DPUnspentController.m */; };
		A518295D20CEDBEC003BFE73 /* Preference.storyboard in Resources */ = {isa = PBXBuildFile; fileRef = A518295C20CEDBEC003BFE73 /* Preference.storyboard */; };
		A52327FD2126A6BC0007AA33 /* GithubAPI.m in Sources */ = {isa = PBXBuildFile; fileRef = A52327FC2126A6BC0007AA33 /* GithubAPI.m */; };
		A52A01672126CBE900E32B56 /* GithubViewController.m in Sources */ = {isa = PBXBuildFile; fileRef = A52A01662126CBE900E32B56 /* GithubViewController.m */; };
		A52EFCF4209AF1EB00B0586A /* RepositoryWindow.xib in Resources */ = {isa = PBXBuildFile; fileRef = A52EFCF3209AF1EB00B0586A /* RepositoryWindow.xib */; };
		A52EFCF7209AF44100B0586A /* RepositoriesModalViewController.m in Sources */ = {isa = PBXBuildFile; fileRef = A52EFCF6209AF44100B0586A /* RepositoriesModalViewController.m */; };
		A532618420A42413004678E8 /* UnspentOutputViewController.m in Sources */ = {isa = PBXBuildFile; fileRef = A532618320A42413004678E8 /* UnspentOutputViewController.m */; };
		A544ADDC20CA78000036AE29 /* ChainSelectionViewController.m in Sources */ = {isa = PBXBuildFile; fileRef = A544ADDB20CA78000036AE29 /* ChainSelectionViewController.m */; };
		A558E0C620B54E3C00E853DB /* SshConnection.m in Sources */ = {isa = PBXBuildFile; fileRef = A558E0C520B54E3C00E853DB /* SshConnection.m */; };
		A55DFCC720D775BF006E9890 /* PreferenceWindowController.m in Sources */ = {isa = PBXBuildFile; fileRef = A55DFCC620D775BF006E9890 /* PreferenceWindowController.m */; };
		A55FC0D020998BDC004B23FE /* DPPreferenceController.m in Sources */ = {isa = PBXBuildFile; fileRef = A55FC0CF20998BDC004B23FE /* DPPreferenceController.m */; };
		A55FC0D32099BA22004B23FE /* VolumeViewController.m in Sources */ = {isa = PBXBuildFile; fileRef = A55FC0D22099BA22004B23FE /* VolumeViewController.m */; };
		A5604828210B14AF00DA161D /* VersioningViewController.m in Sources */ = {isa = PBXBuildFile; fileRef = A5604827210B14AF00DA161D /* VersioningViewController.m */; };
		A560482B210B74E800DA161D /* DAPIStateTransformer.m in Sources */ = {isa = PBXBuildFile; fileRef = A560482A210B74E800DA161D /* DAPIStateTransformer.m */; };
		A560482E210B74F800DA161D /* DashDriveStateTransformer.m in Sources */ = {isa = PBXBuildFile; fileRef = A560482D210B74F800DA161D /* DashDriveStateTransformer.m */; };
		A5604831210EE6B000DA161D /* DPVersioningController.m in Sources */ = {isa = PBXBuildFile; fileRef = A5604830210EE6B000DA161D /* DPVersioningController.m */; };
		A560483421143DED00DA161D /* BuildServerViewController.m in Sources */ = {isa = PBXBuildFile; fileRef = A560483321143DED00DA161D /* BuildServerViewController.m */; };
		A560483721143E1300DA161D /* DPBuildServerController.m in Sources */ = {isa = PBXBuildFile; fileRef = A560483621143E1300DA161D /* DPBuildServerController.m */; };
		A5724D4C20A70D4A004BED71 /* ContainerViewController.m in Sources */ = {isa = PBXBuildFile; fileRef = A5724D4B20A70D4A004BED71 /* ContainerViewController.m */; };
		A5782D212095E9A400CA603A /* PreferenceData.m in Sources */ = {isa = PBXBuildFile; fileRef = A5782D202095E9A400CA603A /* PreferenceData.m */; };
		A581771820DBCEBF009240BD /* DashCoreViewController.m in Sources */ = {isa = PBXBuildFile; fileRef = A581771720DBCEBF009240BD /* DashCoreViewController.m */; };
		A581771B20DBCEFC009240BD /* LeftContainerViewController.m in Sources */ = {isa = PBXBuildFile; fileRef = A581771A20DBCEFC009240BD /* LeftContainerViewController.m */; };
		A581772420DC02E9009240BD /* AWSViewController.m in Sources */ = {isa = PBXBuildFile; fileRef = A581772320DC02E9009240BD /* AWSViewController.m */; };
		A581772C20E0DA28009240BD /* NetworkViewController.m in Sources */ = {isa = PBXBuildFile; fileRef = A581772B20E0DA28009240BD /* NetworkViewController.m */; };
		A597FE8120E0EA60000470E6 /* DPNetworkController.m in Sources */ = {isa = PBXBuildFile; fileRef = A597FE8020E0EA60000470E6 /* DPNetworkController.m */; };
		A5EC6BD92099BF0E00B14BAD /* VolumeWindow.xib in Resources */ = {isa = PBXBuildFile; fileRef = A5EC6BD82099BF0E00B14BAD /* VolumeWindow.xib */; };
		EB1383B3413C8C6236CB2B47 /* libPods-dashPlaygroundTests.a in Frameworks */ = {isa = PBXBuildFile; fileRef = 39A0819742DEFE84104C2F88 /* libPods-dashPlaygroundTests.a */; };
		FB0683441E8731AD00F1AFB4 /* DPDataStore.m in Sources */ = {isa = PBXBuildFile; fileRef = FB0683431E8731AD00F1AFB4 /* DPDataStore.m */; };
		FB0683451E8731AD00F1AFB4 /* DPDataStore.m in Sources */ = {isa = PBXBuildFile; fileRef = FB0683431E8731AD00F1AFB4 /* DPDataStore.m */; };
		FB0683A91E875CDC00F1AFB4 /* libz.1.dylib in Frameworks */ = {isa = PBXBuildFile; fileRef = FB0683A81E875CDC00F1AFB4 /* libz.1.dylib */; };
		FB0684231E8CCDED00F1AFB4 /* InstanceStateTransformer.m in Sources */ = {isa = PBXBuildFile; fileRef = FB0684221E8CCDED00F1AFB4 /* InstanceStateTransformer.m */; };
		FB0684241E8CCDED00F1AFB4 /* InstanceStateTransformer.m in Sources */ = {isa = PBXBuildFile; fileRef = FB0684221E8CCDED00F1AFB4 /* InstanceStateTransformer.m */; };
		FB0684271E92DA2000F1AFB4 /* RPCViewController.m in Sources */ = {isa = PBXBuildFile; fileRef = FB0684261E92DA2000F1AFB4 /* RPCViewController.m */; };
		FB0684281E92DA2000F1AFB4 /* RPCViewController.m in Sources */ = {isa = PBXBuildFile; fileRef = FB0684261E92DA2000F1AFB4 /* RPCViewController.m */; };
		FB06842A1E941DD700F1AFB4 /* dash.conf in Resources */ = {isa = PBXBuildFile; fileRef = FB0684291E941DD700F1AFB4 /* dash.conf */; };
		FB06842B1E941DD700F1AFB4 /* dash.conf in Resources */ = {isa = PBXBuildFile; fileRef = FB0684291E941DD700F1AFB4 /* dash.conf */; };
		FB1D2B541EA455CD00F7BE2D /* SentinelStateTransformer.m in Sources */ = {isa = PBXBuildFile; fileRef = FB1D2B531EA455CD00F7BE2D /* SentinelStateTransformer.m */; };
		FB1D2B561EAF552B00F7BE2D /* Images.xcassets in Resources */ = {isa = PBXBuildFile; fileRef = FB1D2B551EAF552B00F7BE2D /* Images.xcassets */; };
		FB2906671E85799F00A31092 /* AppDelegate.m in Sources */ = {isa = PBXBuildFile; fileRef = FB2906661E85799F00A31092 /* AppDelegate.m */; };
		FB29066A1E85799F00A31092 /* main.m in Sources */ = {isa = PBXBuildFile; fileRef = FB2906691E85799F00A31092 /* main.m */; };
		FB29066D1E85799F00A31092 /* RepositoriesViewController.m in Sources */ = {isa = PBXBuildFile; fileRef = FB29066C1E85799F00A31092 /* RepositoriesViewController.m */; };
		FB29066F1E85799F00A31092 /* Assets.xcassets in Resources */ = {isa = PBXBuildFile; fileRef = FB29066E1E85799F00A31092 /* Assets.xcassets */; };
		FB2906721E85799F00A31092 /* Main.storyboard in Resources */ = {isa = PBXBuildFile; fileRef = FB2906701E85799F00A31092 /* Main.storyboard */; };
		FB29067D1E85799F00A31092 /* dashPlaygroundTests.m in Sources */ = {isa = PBXBuildFile; fileRef = FB29067C1E85799F00A31092 /* dashPlaygroundTests.m */; };
		FB39482C1E85B418009D115F /* DPMasternodeController.m in Sources */ = {isa = PBXBuildFile; fileRef = FB39482B1E85B418009D115F /* DPMasternodeController.m */; };
		FB39482D1E85B418009D115F /* DPMasternodeController.m in Sources */ = {isa = PBXBuildFile; fileRef = FB39482B1E85B418009D115F /* DPMasternodeController.m */; };
		FB3BCA2D21678C030071E4F1 /* Message+CoreDataClass.m in Sources */ = {isa = PBXBuildFile; fileRef = FB3BCA2921678C030071E4F1 /* Message+CoreDataClass.m */; };
		FB3BCA2E21678C030071E4F1 /* Message+CoreDataProperties.m in Sources */ = {isa = PBXBuildFile; fileRef = FB3BCA2A21678C030071E4F1 /* Message+CoreDataProperties.m */; };
		FB3BCA312167BEE20071E4F1 /* ProjectTypeTransformer.m in Sources */ = {isa = PBXBuildFile; fileRef = FB3BCA302167BEE20071E4F1 /* ProjectTypeTransformer.m */; };
		FB3BCA332168D7690071E4F1 /* LocalAuthentication.framework in Frameworks */ = {isa = PBXBuildFile; fileRef = FB3BCA322168D7690071E4F1 /* LocalAuthentication.framework */; };
		FB3BCA362168D7CE0071E4F1 /* DPAuthenticationManager.m in Sources */ = {isa = PBXBuildFile; fileRef = FB3BCA352168D7CE0071E4F1 /* DPAuthenticationManager.m */; };
		FB3BCA47216AD6360071E4F1 /* Branch+CoreDataClass.m in Sources */ = {isa = PBXBuildFile; fileRef = FB3BCA41216AD6360071E4F1 /* Branch+CoreDataClass.m */; };
		FB3BCA48216AD6360071E4F1 /* Branch+CoreDataProperties.m in Sources */ = {isa = PBXBuildFile; fileRef = FB3BCA42216AD6360071E4F1 /* Branch+CoreDataProperties.m */; };
		FB3BCA49216AD6360071E4F1 /* Commit+CoreDataClass.m in Sources */ = {isa = PBXBuildFile; fileRef = FB3BCA45216AD6360071E4F1 /* Commit+CoreDataClass.m */; };
		FB3BCA4A216AD6360071E4F1 /* Commit+CoreDataProperties.m in Sources */ = {isa = PBXBuildFile; fileRef = FB3BCA46216AD6360071E4F1 /* Commit+CoreDataProperties.m */; };
		FB3BCA4F216B8E8D0071E4F1 /* Masternode+CoreDataClass.m in Sources */ = {isa = PBXBuildFile; fileRef = FB3BCA4D216B8E8D0071E4F1 /* Masternode+CoreDataClass.m */; };
		FB3BCA50216B8E8D0071E4F1 /* Masternode+CoreDataProperties.m in Sources */ = {isa = PBXBuildFile; fileRef = FB3BCA4E216B8E8D0071E4F1 /* Masternode+CoreDataProperties.m */; };
		FB3BCA53216BE7800071E4F1 /* HasValueTransformer.m in Sources */ = {isa = PBXBuildFile; fileRef = FB3BCA52216BE7800071E4F1 /* HasValueTransformer.m */; };
		FB3BCA55216C1F3C0071E4F1 /* dashcore-node.json in Resources */ = {isa = PBXBuildFile; fileRef = FB3BCA54216C1F3C0071E4F1 /* dashcore-node.json */; };
		FB3BCA58216D50EB0071E4F1 /* InsightStateTransformer.m in Sources */ = {isa = PBXBuildFile; fileRef = FB3BCA57216D50EB0071E4F1 /* InsightStateTransformer.m */; };
		FB3BCA5A216E32DE0071E4F1 /* dapi.env in Resources */ = {isa = PBXBuildFile; fileRef = FB3BCA59216E32DE0071E4F1 /* dapi.env */; };
		FB45054C1EA441C50066C6B9 /* DPTableView.m in Sources */ = {isa = PBXBuildFile; fileRef = FB45054B1EA441C50066C6B9 /* DPTableView.m */; };
		FB46AE8B1E95618400D4B034 /* DPLocalNodeController.m in Sources */ = {isa = PBXBuildFile; fileRef = FB46AE8A1E95618400D4B034 /* DPLocalNodeController.m */; };
		FB46AE8C1E95618400D4B034 /* DPLocalNodeController.m in Sources */ = {isa = PBXBuildFile; fileRef = FB46AE8A1E95618400D4B034 /* DPLocalNodeController.m */; };
		FB5A31C21E9D2F04003D4DD8 /* TrackingTransformer.m in Sources */ = {isa = PBXBuildFile; fileRef = FB5A31C11E9D2F04003D4DD8 /* TrackingTransformer.m */; };
		FB5A31C91E9EA97E003D4DD8 /* DPRepositoryController.m in Sources */ = {isa = PBXBuildFile; fileRef = FB5A31C81E9EA97E003D4DD8 /* DPRepositoryController.m */; };
		FB5A31CA1E9EA97E003D4DD8 /* DPRepositoryController.m in Sources */ = {isa = PBXBuildFile; fileRef = FB5A31C81E9EA97E003D4DD8 /* DPRepositoryController.m */; };
		FB5B15CC2173E8A6001F6DA0 /* IpfsStateTransformer.m in Sources */ = {isa = PBXBuildFile; fileRef = FB5B15CB2173E8A6001F6DA0 /* IpfsStateTransformer.m */; };
		FB5B15CE217A07DC001F6DA0 /* start_ipfs.sh in Resources */ = {isa = PBXBuildFile; fileRef = FB5B15CD217A07DC001F6DA0 /* start_ipfs.sh */; };
		FB5B15D0217A2293001F6DA0 /* monitrc.conf in Resources */ = {isa = PBXBuildFile; fileRef = FB5B15CF217A2292001F6DA0 /* monitrc.conf */; };
		FB96BFB81F0B90D900220B4B /* ConsoleEventArray.m in Sources */ = {isa = PBXBuildFile; fileRef = FB96BFB71F0B90D900220B4B /* ConsoleEventArray.m */; };
		FB96BFBB1F0B90F200220B4B /* ConsoleEvent.m in Sources */ = {isa = PBXBuildFile; fileRef = FB96BFBA1F0B90F200220B4B /* ConsoleEvent.m */; };
		FB9EBCED1E96F22200AE8AC3 /* InstanceTypeTransformer.m in Sources */ = {isa = PBXBuildFile; fileRef = FB9EBCEC1E96F22200AE8AC3 /* InstanceTypeTransformer.m */; };
		FB9EBCEE1E96F22200AE8AC3 /* InstanceTypeTransformer.m in Sources */ = {isa = PBXBuildFile; fileRef = FB9EBCEC1E96F22200AE8AC3 /* InstanceTypeTransformer.m */; };
		FB9EBCF11E98738C00AE8AC3 /* MasternodeSyncStatusTransformer.m in Sources */ = {isa = PBXBuildFile; fileRef = FB9EBCF01E98738C00AE8AC3 /* MasternodeSyncStatusTransformer.m */; };
		FB9EBCF21E98738C00AE8AC3 /* MasternodeSyncStatusTransformer.m in Sources */ = {isa = PBXBuildFile; fileRef = FB9EBCF01E98738C00AE8AC3 /* MasternodeSyncStatusTransformer.m */; };
		FB9EBCF51E98752500AE8AC3 /* DashcoreStateTransformer.m in Sources */ = {isa = PBXBuildFile; fileRef = FB9EBCF41E98752500AE8AC3 /* DashcoreStateTransformer.m */; };
		FB9EBCF61E98752500AE8AC3 /* DashcoreStateTransformer.m in Sources */ = {isa = PBXBuildFile; fileRef = FB9EBCF41E98752500AE8AC3 /* DashcoreStateTransformer.m */; };
		FBB974C621678AEB00E2F976 /* Repository+CoreDataClass.m in Sources */ = {isa = PBXBuildFile; fileRef = FBB974C021678AEB00E2F976 /* Repository+CoreDataClass.m */; };
		FBB974C721678AEB00E2F976 /* Repository+CoreDataProperties.m in Sources */ = {isa = PBXBuildFile; fileRef = FBB974C121678AEB00E2F976 /* Repository+CoreDataProperties.m */; };
		FBBFEB231E86B7CB00BE41BE /* PlaygroundModel.xcdatamodeld in Sources */ = {isa = PBXBuildFile; fileRef = FBBFEB211E86B7CB00BE41BE /* PlaygroundModel.xcdatamodeld */; };
		FBBFEB261E86C44E00BE41BE /* MasternodesViewController.m in Sources */ = {isa = PBXBuildFile; fileRef = FBBFEB251E86C44E00BE41BE /* MasternodesViewController.m */; };
		FBBFEB271E86C44E00BE41BE /* MasternodesViewController.m in Sources */ = {isa = PBXBuildFile; fileRef = FBBFEB251E86C44E00BE41BE /* MasternodesViewController.m */; };
		FBBFEB5C1E86FDA700BE41BE /* NSArray+SWAdditions.m in Sources */ = {isa = PBXBuildFile; fileRef = FBBFEB5B1E86FDA700BE41BE /* NSArray+SWAdditions.m */; };
		FBBFEB5D1E86FDA700BE41BE /* NSArray+SWAdditions.m in Sources */ = {isa = PBXBuildFile; fileRef = FBBFEB5B1E86FDA700BE41BE /* NSArray+SWAdditions.m */; };
		FBE9BAED21711EC4000102A5 /* drive.env in Resources */ = {isa = PBXBuildFile; fileRef = FBE9BAEC21711EC4000102A5 /* drive.env */; };
		FBEBB105215D5E430058E7C3 /* NSMutableData+Security.m in Sources */ = {isa = PBXBuildFile; fileRef = FB670633215D59C2005A658E /* NSMutableData+Security.m */; };
		FBEBB107215D5E490058E7C3 /* NSData+Security.m in Sources */ = {isa = PBXBuildFile; fileRef = FB67062F215D58B0005A658E /* NSData+Security.m */; };
/* End PBXBuildFile section */

/* Begin PBXContainerItemProxy section */
		FB2906791E85799F00A31092 /* PBXContainerItemProxy */ = {
			isa = PBXContainerItemProxy;
			containerPortal = FB29065A1E85799F00A31092 /* Project object */;
			proxyType = 1;
			remoteGlobalIDString = FB2906611E85799F00A31092;
			remoteInfo = dashPlayground;
		};
/* End PBXContainerItemProxy section */

/* Begin PBXCopyFilesBuildPhase section */
		FB2906FF1E857E4C00A31092 /* Embed Frameworks */ = {
			isa = PBXCopyFilesBuildPhase;
			buildActionMask = 2147483647;
			dstPath = "";
			dstSubfolderSpec = 10;
			files = (
			);
			name = "Embed Frameworks";
			runOnlyForDeploymentPostprocessing = 0;
		};
/* End PBXCopyFilesBuildPhase section */

/* Begin PBXFileReference section */
		04FB8E3A54BAC79C93C59105 /* libPods-dashPlayground.a */ = {isa = PBXFileReference; explicitFileType = archive.ar; includeInIndex = 0; path = "libPods-dashPlayground.a"; sourceTree = BUILT_PRODUCTS_DIR; };
		21DCCC09DF21C9356075CD9A /* Pods-dashPlayground.debug.xcconfig */ = {isa = PBXFileReference; includeInIndex = 1; lastKnownFileType = text.xcconfig; name = "Pods-dashPlayground.debug.xcconfig"; path = "Pods/Target Support Files/Pods-dashPlayground/Pods-dashPlayground.debug.xcconfig"; sourceTree = "<group>"; };
		39A0819742DEFE84104C2F88 /* libPods-dashPlaygroundTests.a */ = {isa = PBXFileReference; explicitFileType = archive.ar; includeInIndex = 0; path = "libPods-dashPlaygroundTests.a"; sourceTree = BUILT_PRODUCTS_DIR; };
		513EA1E735BFC6333CBD7A0A /* Pods-dashPlaygroundTests.debug.xcconfig */ = {isa = PBXFileReference; includeInIndex = 1; lastKnownFileType = text.xcconfig; name = "Pods-dashPlaygroundTests.debug.xcconfig"; path = "Pods/Target Support Files/Pods-dashPlaygroundTests/Pods-dashPlaygroundTests.debug.xcconfig"; sourceTree = "<group>"; };
		A50FB29C20A2F9E6008EFD32 /* DPRepoModalController.h */ = {isa = PBXFileReference; lastKnownFileType = sourcecode.c.h; path = DPRepoModalController.h; sourceTree = "<group>"; };
		A50FB29D20A2F9E6008EFD32 /* DPRepoModalController.m */ = {isa = PBXFileReference; lastKnownFileType = sourcecode.c.objc; path = DPRepoModalController.m; sourceTree = "<group>"; };
		A5142E7420E2341F000AB18E /* PlaygroundModel 3.xcdatamodel */ = {isa = PBXFileReference; lastKnownFileType = wrapper.xcdatamodel; path = "PlaygroundModel 3.xcdatamodel"; sourceTree = "<group>"; };
		A5142E7520E36259000AB18E /* DebugTypeTransformer.h */ = {isa = PBXFileReference; lastKnownFileType = sourcecode.c.h; path = DebugTypeTransformer.h; sourceTree = "<group>"; };
		A5142E7620E36259000AB18E /* DebugTypeTransformer.m */ = {isa = PBXFileReference; lastKnownFileType = sourcecode.c.objc; path = DebugTypeTransformer.m; sourceTree = "<group>"; };
		A5153E7B20CA5CEE00D6902B /* ChainSelectionWindow.xib */ = {isa = PBXFileReference; lastKnownFileType = file.xib; path = ChainSelectionWindow.xib; sourceTree = "<group>"; };
		A515E7BF20AA904E00CB5495 /* AvailabilityZoneWindow.xib */ = {isa = PBXFileReference; lastKnownFileType = file.xib; path = AvailabilityZoneWindow.xib; sourceTree = "<group>"; };
		A515E7CA20AA953400CB5495 /* AvailabilityViewController.h */ = {isa = PBXFileReference; lastKnownFileType = sourcecode.c.h; path = AvailabilityViewController.h; sourceTree = "<group>"; };
		A515E7CB20AA953400CB5495 /* AvailabilityViewController.m */ = {isa = PBXFileReference; lastKnownFileType = sourcecode.c.objc; path = AvailabilityViewController.m; sourceTree = "<group>"; };
		A515E7CD20AA96B800CB5495 /* DPAvailabilityController.h */ = {isa = PBXFileReference; lastKnownFileType = sourcecode.c.h; path = DPAvailabilityController.h; sourceTree = "<group>"; };
		A515E7CE20AA96B800CB5495 /* DPAvailabilityController.m */ = {isa = PBXFileReference; lastKnownFileType = sourcecode.c.objc; path = DPAvailabilityController.m; sourceTree = "<group>"; };
		A516B45620908324009A59C0 /* DialogAlert.m */ = {isa = PBXFileReference; lastKnownFileType = sourcecode.c.objc; path = DialogAlert.m; sourceTree = "<group>"; };
		A516B45820908333009A59C0 /* DialogAlert.h */ = {isa = PBXFileReference; lastKnownFileType = sourcecode.c.h; path = DialogAlert.h; sourceTree = "<group>"; };
		A517D29720AEBEF200BD567A /* DPUnspentController.h */ = {isa = PBXFileReference; lastKnownFileType = sourcecode.c.h; path = DPUnspentController.h; sourceTree = "<group>"; };
		A517D29820AEBEF200BD567A /* DPUnspentController.m */ = {isa = PBXFileReference; lastKnownFileType = sourcecode.c.objc; path = DPUnspentController.m; sourceTree = "<group>"; };
		A518295C20CEDBEC003BFE73 /* Preference.storyboard */ = {isa = PBXFileReference; lastKnownFileType = file.storyboard; path = Preference.storyboard; sourceTree = "<group>"; };
		A52327FB2126A6BC0007AA33 /* GithubAPI.h */ = {isa = PBXFileReference; lastKnownFileType = sourcecode.c.h; path = GithubAPI.h; sourceTree = "<group>"; };
		A52327FC2126A6BC0007AA33 /* GithubAPI.m */ = {isa = PBXFileReference; lastKnownFileType = sourcecode.c.objc; path = GithubAPI.m; sourceTree = "<group>"; };
		A52A01652126CBE900E32B56 /* GithubViewController.h */ = {isa = PBXFileReference; lastKnownFileType = sourcecode.c.h; path = GithubViewController.h; sourceTree = "<group>"; };
		A52A01662126CBE900E32B56 /* GithubViewController.m */ = {isa = PBXFileReference; lastKnownFileType = sourcecode.c.objc; path = GithubViewController.m; sourceTree = "<group>"; };
		A52EFCF3209AF1EB00B0586A /* RepositoryWindow.xib */ = {isa = PBXFileReference; lastKnownFileType = file.xib; path = RepositoryWindow.xib; sourceTree = "<group>"; };
		A52EFCF5209AF44100B0586A /* RepositoriesModalViewController.h */ = {isa = PBXFileReference; lastKnownFileType = sourcecode.c.h; path = RepositoriesModalViewController.h; sourceTree = "<group>"; };
		A52EFCF6209AF44100B0586A /* RepositoriesModalViewController.m */ = {isa = PBXFileReference; lastKnownFileType = sourcecode.c.objc; path = RepositoriesModalViewController.m; sourceTree = "<group>"; };
		A532618220A42413004678E8 /* UnspentOutputViewController.h */ = {isa = PBXFileReference; lastKnownFileType = sourcecode.c.h; path = UnspentOutputViewController.h; sourceTree = "<group>"; };
		A532618320A42413004678E8 /* UnspentOutputViewController.m */ = {isa = PBXFileReference; lastKnownFileType = sourcecode.c.objc; path = UnspentOutputViewController.m; sourceTree = "<group>"; };
		A544ADDA20CA77FF0036AE29 /* ChainSelectionViewController.h */ = {isa = PBXFileReference; fileEncoding = 4; lastKnownFileType = sourcecode.c.h; path = ChainSelectionViewController.h; sourceTree = "<group>"; };
		A544ADDB20CA78000036AE29 /* ChainSelectionViewController.m */ = {isa = PBXFileReference; fileEncoding = 4; lastKnownFileType = sourcecode.c.objc; path = ChainSelectionViewController.m; sourceTree = "<group>"; };
		A558E0C420B54E3C00E853DB /* SshConnection.h */ = {isa = PBXFileReference; lastKnownFileType = sourcecode.c.h; path = SshConnection.h; sourceTree = "<group>"; };
		A558E0C520B54E3C00E853DB /* SshConnection.m */ = {isa = PBXFileReference; lastKnownFileType = sourcecode.c.objc; path = SshConnection.m; sourceTree = "<group>"; };
		A55DFCC520D775BF006E9890 /* PreferenceWindowController.h */ = {isa = PBXFileReference; lastKnownFileType = sourcecode.c.h; path = PreferenceWindowController.h; sourceTree = "<group>"; };
		A55DFCC620D775BF006E9890 /* PreferenceWindowController.m */ = {isa = PBXFileReference; lastKnownFileType = sourcecode.c.objc; path = PreferenceWindowController.m; sourceTree = "<group>"; };
		A55FC0CE20998BD2004B23FE /* DPPreferenceController.h */ = {isa = PBXFileReference; lastKnownFileType = sourcecode.c.h; path = DPPreferenceController.h; sourceTree = "<group>"; };
		A55FC0CF20998BDC004B23FE /* DPPreferenceController.m */ = {isa = PBXFileReference; lastKnownFileType = sourcecode.c.objc; path = DPPreferenceController.m; sourceTree = "<group>"; };
		A55FC0D12099BA17004B23FE /* VolumeViewController.h */ = {isa = PBXFileReference; lastKnownFileType = sourcecode.c.h; path = VolumeViewController.h; sourceTree = "<group>"; };
		A55FC0D22099BA22004B23FE /* VolumeViewController.m */ = {isa = PBXFileReference; lastKnownFileType = sourcecode.c.objc; path = VolumeViewController.m; sourceTree = "<group>"; };
		A5604826210B14AF00DA161D /* VersioningViewController.h */ = {isa = PBXFileReference; lastKnownFileType = sourcecode.c.h; path = VersioningViewController.h; sourceTree = "<group>"; };
		A5604827210B14AF00DA161D /* VersioningViewController.m */ = {isa = PBXFileReference; lastKnownFileType = sourcecode.c.objc; path = VersioningViewController.m; sourceTree = "<group>"; };
		A5604829210B74E800DA161D /* DAPIStateTransformer.h */ = {isa = PBXFileReference; lastKnownFileType = sourcecode.c.h; path = DAPIStateTransformer.h; sourceTree = "<group>"; };
		A560482A210B74E800DA161D /* DAPIStateTransformer.m */ = {isa = PBXFileReference; lastKnownFileType = sourcecode.c.objc; path = DAPIStateTransformer.m; sourceTree = "<group>"; };
		A560482C210B74F800DA161D /* DashDriveStateTransformer.h */ = {isa = PBXFileReference; lastKnownFileType = sourcecode.c.h; path = DashDriveStateTransformer.h; sourceTree = "<group>"; };
		A560482D210B74F800DA161D /* DashDriveStateTransformer.m */ = {isa = PBXFileReference; lastKnownFileType = sourcecode.c.objc; path = DashDriveStateTransformer.m; sourceTree = "<group>"; };
		A560482F210EE6B000DA161D /* DPVersioningController.h */ = {isa = PBXFileReference; lastKnownFileType = sourcecode.c.h; path = DPVersioningController.h; sourceTree = "<group>"; };
		A5604830210EE6B000DA161D /* DPVersioningController.m */ = {isa = PBXFileReference; lastKnownFileType = sourcecode.c.objc; path = DPVersioningController.m; sourceTree = "<group>"; };
		A560483221143DED00DA161D /* BuildServerViewController.h */ = {isa = PBXFileReference; lastKnownFileType = sourcecode.c.h; path = BuildServerViewController.h; sourceTree = "<group>"; };
		A560483321143DED00DA161D /* BuildServerViewController.m */ = {isa = PBXFileReference; lastKnownFileType = sourcecode.c.objc; path = BuildServerViewController.m; sourceTree = "<group>"; };
		A560483521143E1300DA161D /* DPBuildServerController.h */ = {isa = PBXFileReference; lastKnownFileType = sourcecode.c.h; path = DPBuildServerController.h; sourceTree = "<group>"; };
		A560483621143E1300DA161D /* DPBuildServerController.m */ = {isa = PBXFileReference; lastKnownFileType = sourcecode.c.objc; path = DPBuildServerController.m; sourceTree = "<group>"; };
		A5724D4A20A70D4A004BED71 /* ContainerViewController.h */ = {isa = PBXFileReference; fileEncoding = 4; lastKnownFileType = sourcecode.c.h; path = ContainerViewController.h; sourceTree = "<group>"; };
		A5724D4B20A70D4A004BED71 /* ContainerViewController.m */ = {isa = PBXFileReference; fileEncoding = 4; lastKnownFileType = sourcecode.c.objc; path = ContainerViewController.m; sourceTree = "<group>"; };
		A5782D1F2095E99A00CA603A /* PreferenceData.h */ = {isa = PBXFileReference; lastKnownFileType = sourcecode.c.h; path = PreferenceData.h; sourceTree = "<group>"; };
		A5782D202095E9A400CA603A /* PreferenceData.m */ = {isa = PBXFileReference; lastKnownFileType = sourcecode.c.objc; path = PreferenceData.m; sourceTree = "<group>"; };
		A581771620DBCEBF009240BD /* DashCoreViewController.h */ = {isa = PBXFileReference; lastKnownFileType = sourcecode.c.h; path = DashCoreViewController.h; sourceTree = "<group>"; };
		A581771720DBCEBF009240BD /* DashCoreViewController.m */ = {isa = PBXFileReference; lastKnownFileType = sourcecode.c.objc; path = DashCoreViewController.m; sourceTree = "<group>"; };
		A581771920DBCEFC009240BD /* LeftContainerViewController.h */ = {isa = PBXFileReference; lastKnownFileType = sourcecode.c.h; path = LeftContainerViewController.h; sourceTree = "<group>"; };
		A581771A20DBCEFC009240BD /* LeftContainerViewController.m */ = {isa = PBXFileReference; lastKnownFileType = sourcecode.c.objc; path = LeftContainerViewController.m; sourceTree = "<group>"; };
		A581772220DC02E9009240BD /* AWSViewController.h */ = {isa = PBXFileReference; lastKnownFileType = sourcecode.c.h; path = AWSViewController.h; sourceTree = "<group>"; };
		A581772320DC02E9009240BD /* AWSViewController.m */ = {isa = PBXFileReference; lastKnownFileType = sourcecode.c.objc; path = AWSViewController.m; sourceTree = "<group>"; };
		A581772A20E0DA28009240BD /* NetworkViewController.h */ = {isa = PBXFileReference; lastKnownFileType = sourcecode.c.h; path = NetworkViewController.h; sourceTree = "<group>"; };
		A581772B20E0DA28009240BD /* NetworkViewController.m */ = {isa = PBXFileReference; lastKnownFileType = sourcecode.c.objc; path = NetworkViewController.m; sourceTree = "<group>"; };
		A597FE7F20E0EA60000470E6 /* DPNetworkController.h */ = {isa = PBXFileReference; lastKnownFileType = sourcecode.c.h; path = DPNetworkController.h; sourceTree = "<group>"; };
		A597FE8020E0EA60000470E6 /* DPNetworkController.m */ = {isa = PBXFileReference; lastKnownFileType = sourcecode.c.objc; path = DPNetworkController.m; sourceTree = "<group>"; };
		A5AF0AE920CD59770058CA80 /* PlaygroundModel 2.xcdatamodel */ = {isa = PBXFileReference; lastKnownFileType = wrapper.xcdatamodel; path = "PlaygroundModel 2.xcdatamodel"; sourceTree = "<group>"; };
		A5EC6BD82099BF0E00B14BAD /* VolumeWindow.xib */ = {isa = PBXFileReference; lastKnownFileType = file.xib; path = VolumeWindow.xib; sourceTree = "<group>"; };
		AE51C8789795050F7460AE43 /* Pods-dashPlaygroundTests.release.xcconfig */ = {isa = PBXFileReference; includeInIndex = 1; lastKnownFileType = text.xcconfig; name = "Pods-dashPlaygroundTests.release.xcconfig"; path = "Pods/Target Support Files/Pods-dashPlaygroundTests/Pods-dashPlaygroundTests.release.xcconfig"; sourceTree = "<group>"; };
		BDF339950FBADBE62826DC6C /* Pods-dashPlayground.release.xcconfig */ = {isa = PBXFileReference; includeInIndex = 1; lastKnownFileType = text.xcconfig; name = "Pods-dashPlayground.release.xcconfig"; path = "Pods/Target Support Files/Pods-dashPlayground/Pods-dashPlayground.release.xcconfig"; sourceTree = "<group>"; };
		FB0683421E8731AD00F1AFB4 /* DPDataStore.h */ = {isa = PBXFileReference; fileEncoding = 4; lastKnownFileType = sourcecode.c.h; path = DPDataStore.h; sourceTree = "<group>"; };
		FB0683431E8731AD00F1AFB4 /* DPDataStore.m */ = {isa = PBXFileReference; fileEncoding = 4; lastKnownFileType = sourcecode.c.objc; path = DPDataStore.m; sourceTree = "<group>"; };
		FB0683A81E875CDC00F1AFB4 /* libz.1.dylib */ = {isa = PBXFileReference; lastKnownFileType = "compiled.mach-o.dylib"; name = libz.1.dylib; path = ../../../../../usr/lib/libz.1.dylib; sourceTree = "<group>"; };
		FB0683AA1E875D0100F1AFB4 /* libcrypto.0.9.8.dylib */ = {isa = PBXFileReference; lastKnownFileType = "compiled.mach-o.dylib"; name = libcrypto.0.9.8.dylib; path = ../../../../../usr/lib/libcrypto.0.9.8.dylib; sourceTree = "<group>"; };
		FB0683AC1E875D3A00F1AFB4 /* libcrypto.35.dylib */ = {isa = PBXFileReference; lastKnownFileType = "compiled.mach-o.dylib"; name = libcrypto.35.dylib; path = ../../../../../usr/lib/libcrypto.35.dylib; sourceTree = "<group>"; };
		FB0684211E8CCDED00F1AFB4 /* InstanceStateTransformer.h */ = {isa = PBXFileReference; fileEncoding = 4; lastKnownFileType = sourcecode.c.h; path = InstanceStateTransformer.h; sourceTree = "<group>"; };
		FB0684221E8CCDED00F1AFB4 /* InstanceStateTransformer.m */ = {isa = PBXFileReference; fileEncoding = 4; lastKnownFileType = sourcecode.c.objc; path = InstanceStateTransformer.m; sourceTree = "<group>"; };
		FB0684251E92DA2000F1AFB4 /* RPCViewController.h */ = {isa = PBXFileReference; fileEncoding = 4; lastKnownFileType = sourcecode.c.h; path = RPCViewController.h; sourceTree = "<group>"; };
		FB0684261E92DA2000F1AFB4 /* RPCViewController.m */ = {isa = PBXFileReference; fileEncoding = 4; lastKnownFileType = sourcecode.c.objc; path = RPCViewController.m; sourceTree = "<group>"; };
		FB0684291E941DD700F1AFB4 /* dash.conf */ = {isa = PBXFileReference; fileEncoding = 4; lastKnownFileType = text; path = dash.conf; sourceTree = "<group>"; };
		FB1D2B521EA455CD00F7BE2D /* SentinelStateTransformer.h */ = {isa = PBXFileReference; fileEncoding = 4; lastKnownFileType = sourcecode.c.h; path = SentinelStateTransformer.h; sourceTree = "<group>"; };
		FB1D2B531EA455CD00F7BE2D /* SentinelStateTransformer.m */ = {isa = PBXFileReference; fileEncoding = 4; lastKnownFileType = sourcecode.c.objc; path = SentinelStateTransformer.m; sourceTree = "<group>"; };
		FB1D2B551EAF552B00F7BE2D /* Images.xcassets */ = {isa = PBXFileReference; lastKnownFileType = folder.assetcatalog; name = Images.xcassets; path = ../Images.xcassets; sourceTree = "<group>"; };
		FB2906621E85799F00A31092 /* dashPlayground.app */ = {isa = PBXFileReference; explicitFileType = wrapper.application; includeInIndex = 0; path = dashPlayground.app; sourceTree = BUILT_PRODUCTS_DIR; };
		FB2906651E85799F00A31092 /* AppDelegate.h */ = {isa = PBXFileReference; lastKnownFileType = sourcecode.c.h; path = AppDelegate.h; sourceTree = "<group>"; };
		FB2906661E85799F00A31092 /* AppDelegate.m */ = {isa = PBXFileReference; lastKnownFileType = sourcecode.c.objc; path = AppDelegate.m; sourceTree = "<group>"; };
		FB2906691E85799F00A31092 /* main.m */ = {isa = PBXFileReference; lastKnownFileType = sourcecode.c.objc; path = main.m; sourceTree = "<group>"; };
		FB29066B1E85799F00A31092 /* RepositoriesViewController.h */ = {isa = PBXFileReference; lastKnownFileType = sourcecode.c.h; path = RepositoriesViewController.h; sourceTree = "<group>"; };
		FB29066C1E85799F00A31092 /* RepositoriesViewController.m */ = {isa = PBXFileReference; lastKnownFileType = sourcecode.c.objc; path = RepositoriesViewController.m; sourceTree = "<group>"; };
		FB29066E1E85799F00A31092 /* Assets.xcassets */ = {isa = PBXFileReference; lastKnownFileType = folder.assetcatalog; path = Assets.xcassets; sourceTree = "<group>"; };
		FB2906711E85799F00A31092 /* Base */ = {isa = PBXFileReference; lastKnownFileType = file.storyboard; name = Base; path = Base.lproj/Main.storyboard; sourceTree = "<group>"; };
		FB2906731E85799F00A31092 /* Info.plist */ = {isa = PBXFileReference; lastKnownFileType = text.plist.xml; path = Info.plist; sourceTree = "<group>"; };
		FB2906781E85799F00A31092 /* dashPlaygroundTests.xctest */ = {isa = PBXFileReference; explicitFileType = wrapper.cfbundle; includeInIndex = 0; path = dashPlaygroundTests.xctest; sourceTree = BUILT_PRODUCTS_DIR; };
		FB29067C1E85799F00A31092 /* dashPlaygroundTests.m */ = {isa = PBXFileReference; lastKnownFileType = sourcecode.c.objc; path = dashPlaygroundTests.m; sourceTree = "<group>"; };
		FB29067E1E85799F00A31092 /* Info.plist */ = {isa = PBXFileReference; lastKnownFileType = text.plist.xml; path = Info.plist; sourceTree = "<group>"; };
		FB39482A1E85B418009D115F /* DPMasternodeController.h */ = {isa = PBXFileReference; fileEncoding = 4; lastKnownFileType = sourcecode.c.h; path = DPMasternodeController.h; sourceTree = "<group>"; };
		FB39482B1E85B418009D115F /* DPMasternodeController.m */ = {isa = PBXFileReference; fileEncoding = 4; lastKnownFileType = sourcecode.c.objc; path = DPMasternodeController.m; sourceTree = "<group>"; };
		FB3BCA2721678C030071E4F1 /* Message+CoreDataProperties.h */ = {isa = PBXFileReference; lastKnownFileType = sourcecode.c.h; path = "Message+CoreDataProperties.h"; sourceTree = "<group>"; };
		FB3BCA2821678C030071E4F1 /* Message+CoreDataClass.h */ = {isa = PBXFileReference; lastKnownFileType = sourcecode.c.h; path = "Message+CoreDataClass.h"; sourceTree = "<group>"; };
		FB3BCA2921678C030071E4F1 /* Message+CoreDataClass.m */ = {isa = PBXFileReference; lastKnownFileType = sourcecode.c.objc; path = "Message+CoreDataClass.m"; sourceTree = "<group>"; };
		FB3BCA2A21678C030071E4F1 /* Message+CoreDataProperties.m */ = {isa = PBXFileReference; lastKnownFileType = sourcecode.c.objc; path = "Message+CoreDataProperties.m"; sourceTree = "<group>"; };
		FB3BCA2F2167BEE20071E4F1 /* ProjectTypeTransformer.h */ = {isa = PBXFileReference; lastKnownFileType = sourcecode.c.h; path = ProjectTypeTransformer.h; sourceTree = "<group>"; };
		FB3BCA302167BEE20071E4F1 /* ProjectTypeTransformer.m */ = {isa = PBXFileReference; lastKnownFileType = sourcecode.c.objc; path = ProjectTypeTransformer.m; sourceTree = "<group>"; };
		FB3BCA322168D7690071E4F1 /* LocalAuthentication.framework */ = {isa = PBXFileReference; lastKnownFileType = wrapper.framework; name = LocalAuthentication.framework; path = System/Library/Frameworks/LocalAuthentication.framework; sourceTree = SDKROOT; };
		FB3BCA342168D7CE0071E4F1 /* DPAuthenticationManager.h */ = {isa = PBXFileReference; lastKnownFileType = sourcecode.c.h; path = DPAuthenticationManager.h; sourceTree = "<group>"; };
		FB3BCA352168D7CE0071E4F1 /* DPAuthenticationManager.m */ = {isa = PBXFileReference; lastKnownFileType = sourcecode.c.objc; path = DPAuthenticationManager.m; sourceTree = "<group>"; };
		FB3BCA37216A613F0071E4F1 /* Accelerate.framework */ = {isa = PBXFileReference; lastKnownFileType = wrapper.framework; name = Accelerate.framework; path = System/Library/Frameworks/Accelerate.framework; sourceTree = SDKROOT; };
		FB3BCA3F216AD6360071E4F1 /* Branch+CoreDataProperties.h */ = {isa = PBXFileReference; lastKnownFileType = sourcecode.c.h; path = "Branch+CoreDataProperties.h"; sourceTree = "<group>"; };
		FB3BCA40216AD6360071E4F1 /* Branch+CoreDataClass.h */ = {isa = PBXFileReference; lastKnownFileType = sourcecode.c.h; path = "Branch+CoreDataClass.h"; sourceTree = "<group>"; };
		FB3BCA41216AD6360071E4F1 /* Branch+CoreDataClass.m */ = {isa = PBXFileReference; lastKnownFileType = sourcecode.c.objc; path = "Branch+CoreDataClass.m"; sourceTree = "<group>"; };
		FB3BCA42216AD6360071E4F1 /* Branch+CoreDataProperties.m */ = {isa = PBXFileReference; lastKnownFileType = sourcecode.c.objc; path = "Branch+CoreDataProperties.m"; sourceTree = "<group>"; };
		FB3BCA43216AD6360071E4F1 /* Commit+CoreDataProperties.h */ = {isa = PBXFileReference; lastKnownFileType = sourcecode.c.h; path = "Commit+CoreDataProperties.h"; sourceTree = "<group>"; };
		FB3BCA44216AD6360071E4F1 /* Commit+CoreDataClass.h */ = {isa = PBXFileReference; lastKnownFileType = sourcecode.c.h; path = "Commit+CoreDataClass.h"; sourceTree = "<group>"; };
		FB3BCA45216AD6360071E4F1 /* Commit+CoreDataClass.m */ = {isa = PBXFileReference; lastKnownFileType = sourcecode.c.objc; path = "Commit+CoreDataClass.m"; sourceTree = "<group>"; };
		FB3BCA46216AD6360071E4F1 /* Commit+CoreDataProperties.m */ = {isa = PBXFileReference; lastKnownFileType = sourcecode.c.objc; path = "Commit+CoreDataProperties.m"; sourceTree = "<group>"; };
		FB3BCA4B216B8E8D0071E4F1 /* Masternode+CoreDataProperties.h */ = {isa = PBXFileReference; lastKnownFileType = sourcecode.c.h; path = "Masternode+CoreDataProperties.h"; sourceTree = "<group>"; };
		FB3BCA4C216B8E8D0071E4F1 /* Masternode+CoreDataClass.h */ = {isa = PBXFileReference; lastKnownFileType = sourcecode.c.h; path = "Masternode+CoreDataClass.h"; sourceTree = "<group>"; };
		FB3BCA4D216B8E8D0071E4F1 /* Masternode+CoreDataClass.m */ = {isa = PBXFileReference; lastKnownFileType = sourcecode.c.objc; path = "Masternode+CoreDataClass.m"; sourceTree = "<group>"; };
		FB3BCA4E216B8E8D0071E4F1 /* Masternode+CoreDataProperties.m */ = {isa = PBXFileReference; lastKnownFileType = sourcecode.c.objc; path = "Masternode+CoreDataProperties.m"; sourceTree = "<group>"; };
		FB3BCA51216BE7800071E4F1 /* HasValueTransformer.h */ = {isa = PBXFileReference; lastKnownFileType = sourcecode.c.h; path = HasValueTransformer.h; sourceTree = "<group>"; };
		FB3BCA52216BE7800071E4F1 /* HasValueTransformer.m */ = {isa = PBXFileReference; lastKnownFileType = sourcecode.c.objc; path = HasValueTransformer.m; sourceTree = "<group>"; };
		FB3BCA54216C1F3C0071E4F1 /* dashcore-node.json */ = {isa = PBXFileReference; fileEncoding = 4; lastKnownFileType = text.json; path = "dashcore-node.json"; sourceTree = "<group>"; };
		FB3BCA56216D50EB0071E4F1 /* InsightStateTransformer.h */ = {isa = PBXFileReference; lastKnownFileType = sourcecode.c.h; path = InsightStateTransformer.h; sourceTree = "<group>"; };
		FB3BCA57216D50EB0071E4F1 /* InsightStateTransformer.m */ = {isa = PBXFileReference; lastKnownFileType = sourcecode.c.objc; path = InsightStateTransformer.m; sourceTree = "<group>"; };
		FB3BCA59216E32DE0071E4F1 /* dapi.env */ = {isa = PBXFileReference; fileEncoding = 4; lastKnownFileType = text; path = dapi.env; sourceTree = "<group>"; };
		FB45054A1EA441C50066C6B9 /* DPTableView.h */ = {isa = PBXFileReference; fileEncoding = 4; lastKnownFileType = sourcecode.c.h; path = DPTableView.h; sourceTree = "<group>"; };
		FB45054B1EA441C50066C6B9 /* DPTableView.m */ = {isa = PBXFileReference; fileEncoding = 4; lastKnownFileType = sourcecode.c.objc; path = DPTableView.m; sourceTree = "<group>"; };
		FB46AE891E95618400D4B034 /* DPLocalNodeController.h */ = {isa = PBXFileReference; fileEncoding = 4; lastKnownFileType = sourcecode.c.h; path = DPLocalNodeController.h; sourceTree = "<group>"; };
		FB46AE8A1E95618400D4B034 /* DPLocalNodeController.m */ = {isa = PBXFileReference; fileEncoding = 4; lastKnownFileType = sourcecode.c.objc; path = DPLocalNodeController.m; sourceTree = "<group>"; };
		FB5A31C01E9D2F04003D4DD8 /* TrackingTransformer.h */ = {isa = PBXFileReference; fileEncoding = 4; lastKnownFileType = sourcecode.c.h; path = TrackingTransformer.h; sourceTree = "<group>"; };
		FB5A31C11E9D2F04003D4DD8 /* TrackingTransformer.m */ = {isa = PBXFileReference; fileEncoding = 4; lastKnownFileType = sourcecode.c.objc; path = TrackingTransformer.m; sourceTree = "<group>"; };
		FB5A31C71E9EA97E003D4DD8 /* DPRepositoryController.h */ = {isa = PBXFileReference; fileEncoding = 4; lastKnownFileType = sourcecode.c.h; path = DPRepositoryController.h; sourceTree = "<group>"; };
		FB5A31C81E9EA97E003D4DD8 /* DPRepositoryController.m */ = {isa = PBXFileReference; fileEncoding = 4; lastKnownFileType = sourcecode.c.objc; path = DPRepositoryController.m; sourceTree = "<group>"; };
		FB5A31CB1E9EAD21003D4DD8 /* DashCallbacks.h */ = {isa = PBXFileReference; lastKnownFileType = sourcecode.c.h; path = DashCallbacks.h; sourceTree = "<group>"; };
		FB5B15CA2173E8A6001F6DA0 /* IpfsStateTransformer.h */ = {isa = PBXFileReference; lastKnownFileType = sourcecode.c.h; path = IpfsStateTransformer.h; sourceTree = "<group>"; };
		FB5B15CB2173E8A6001F6DA0 /* IpfsStateTransformer.m */ = {isa = PBXFileReference; lastKnownFileType = sourcecode.c.objc; path = IpfsStateTransformer.m; sourceTree = "<group>"; };
		FB5B15CD217A07DC001F6DA0 /* start_ipfs.sh */ = {isa = PBXFileReference; fileEncoding = 4; lastKnownFileType = text.script.sh; path = start_ipfs.sh; sourceTree = "<group>"; };
		FB5B15CF217A2292001F6DA0 /* monitrc.conf */ = {isa = PBXFileReference; fileEncoding = 4; lastKnownFileType = text.script.sh; path = monitrc.conf; sourceTree = "<group>"; };
		FB67062F215D58B0005A658E /* NSData+Security.m */ = {isa = PBXFileReference; fileEncoding = 4; lastKnownFileType = sourcecode.c.objc; path = "NSData+Security.m"; sourceTree = "<group>"; };
		FB670630215D58B0005A658E /* NSData+Security.h */ = {isa = PBXFileReference; fileEncoding = 4; lastKnownFileType = sourcecode.c.h; path = "NSData+Security.h"; sourceTree = "<group>"; };
		FB670632215D58CC005A658E /* IntTypes.h */ = {isa = PBXFileReference; lastKnownFileType = sourcecode.c.h; path = IntTypes.h; sourceTree = "<group>"; };
		FB670633215D59C2005A658E /* NSMutableData+Security.m */ = {isa = PBXFileReference; fileEncoding = 4; lastKnownFileType = sourcecode.c.objc; path = "NSMutableData+Security.m"; sourceTree = "<group>"; };
		FB670634215D59C2005A658E /* NSMutableData+Security.h */ = {isa = PBXFileReference; fileEncoding = 4; lastKnownFileType = sourcecode.c.h; path = "NSMutableData+Security.h"; sourceTree = "<group>"; };
		FB96BFB61F0B90D900220B4B /* ConsoleEventArray.h */ = {isa = PBXFileReference; fileEncoding = 4; lastKnownFileType = sourcecode.c.h; path = ConsoleEventArray.h; sourceTree = "<group>"; };
		FB96BFB71F0B90D900220B4B /* ConsoleEventArray.m */ = {isa = PBXFileReference; fileEncoding = 4; lastKnownFileType = sourcecode.c.objc; path = ConsoleEventArray.m; sourceTree = "<group>"; };
		FB96BFB91F0B90F200220B4B /* ConsoleEvent.h */ = {isa = PBXFileReference; fileEncoding = 4; lastKnownFileType = sourcecode.c.h; path = ConsoleEvent.h; sourceTree = "<group>"; };
		FB96BFBA1F0B90F200220B4B /* ConsoleEvent.m */ = {isa = PBXFileReference; fileEncoding = 4; lastKnownFileType = sourcecode.c.objc; path = ConsoleEvent.m; sourceTree = "<group>"; };
		FB9EBCEB1E96F22200AE8AC3 /* InstanceTypeTransformer.h */ = {isa = PBXFileReference; fileEncoding = 4; lastKnownFileType = sourcecode.c.h; path = InstanceTypeTransformer.h; sourceTree = "<group>"; };
		FB9EBCEC1E96F22200AE8AC3 /* InstanceTypeTransformer.m */ = {isa = PBXFileReference; fileEncoding = 4; lastKnownFileType = sourcecode.c.objc; path = InstanceTypeTransformer.m; sourceTree = "<group>"; };
		FB9EBCEF1E98738C00AE8AC3 /* MasternodeSyncStatusTransformer.h */ = {isa = PBXFileReference; fileEncoding = 4; lastKnownFileType = sourcecode.c.h; path = MasternodeSyncStatusTransformer.h; sourceTree = "<group>"; };
		FB9EBCF01E98738C00AE8AC3 /* MasternodeSyncStatusTransformer.m */ = {isa = PBXFileReference; fileEncoding = 4; lastKnownFileType = sourcecode.c.objc; path = MasternodeSyncStatusTransformer.m; sourceTree = "<group>"; };
		FB9EBCF31E98752500AE8AC3 /* DashcoreStateTransformer.h */ = {isa = PBXFileReference; fileEncoding = 4; lastKnownFileType = sourcecode.c.h; path = DashcoreStateTransformer.h; sourceTree = "<group>"; };
		FB9EBCF41E98752500AE8AC3 /* DashcoreStateTransformer.m */ = {isa = PBXFileReference; fileEncoding = 4; lastKnownFileType = sourcecode.c.objc; path = DashcoreStateTransformer.m; sourceTree = "<group>"; };
		FBB974A42167874A00E2F976 /* PlaygroundModel 4.xcdatamodel */ = {isa = PBXFileReference; lastKnownFileType = wrapper.xcdatamodel; path = "PlaygroundModel 4.xcdatamodel"; sourceTree = "<group>"; };
		FBB974BE21678AEB00E2F976 /* Repository+CoreDataProperties.h */ = {isa = PBXFileReference; lastKnownFileType = sourcecode.c.h; path = "Repository+CoreDataProperties.h"; sourceTree = "<group>"; };
		FBB974BF21678AEB00E2F976 /* Repository+CoreDataClass.h */ = {isa = PBXFileReference; lastKnownFileType = sourcecode.c.h; path = "Repository+CoreDataClass.h"; sourceTree = "<group>"; };
		FBB974C021678AEB00E2F976 /* Repository+CoreDataClass.m */ = {isa = PBXFileReference; lastKnownFileType = sourcecode.c.objc; path = "Repository+CoreDataClass.m"; sourceTree = "<group>"; };
		FBB974C121678AEB00E2F976 /* Repository+CoreDataProperties.m */ = {isa = PBXFileReference; lastKnownFileType = sourcecode.c.objc; path = "Repository+CoreDataProperties.m"; sourceTree = "<group>"; };
		FBBAF9A41EB0562400D6F568 /* Notification.h */ = {isa = PBXFileReference; lastKnownFileType = sourcecode.c.h; path = Notification.h; sourceTree = "<group>"; };
		FBBFEB221E86B7CB00BE41BE /* PlaygroundModel.xcdatamodel */ = {isa = PBXFileReference; lastKnownFileType = wrapper.xcdatamodel; path = PlaygroundModel.xcdatamodel; sourceTree = "<group>"; };
		FBBFEB241E86C44E00BE41BE /* MasternodesViewController.h */ = {isa = PBXFileReference; fileEncoding = 4; lastKnownFileType = sourcecode.c.h; path = MasternodesViewController.h; sourceTree = "<group>"; };
		FBBFEB251E86C44E00BE41BE /* MasternodesViewController.m */ = {isa = PBXFileReference; fileEncoding = 4; lastKnownFileType = sourcecode.c.objc; path = MasternodesViewController.m; sourceTree = "<group>"; };
		FBBFEB281E86EED600BE41BE /* Defines.h */ = {isa = PBXFileReference; lastKnownFileType = sourcecode.c.h; path = Defines.h; sourceTree = "<group>"; };
		FBBFEB5A1E86FDA700BE41BE /* NSArray+SWAdditions.h */ = {isa = PBXFileReference; fileEncoding = 4; lastKnownFileType = sourcecode.c.h; path = "NSArray+SWAdditions.h"; sourceTree = "<group>"; };
		FBBFEB5B1E86FDA700BE41BE /* NSArray+SWAdditions.m */ = {isa = PBXFileReference; fileEncoding = 4; lastKnownFileType = sourcecode.c.objc; path = "NSArray+SWAdditions.m"; sourceTree = "<group>"; };
		FBE9BAEC21711EC4000102A5 /* drive.env */ = {isa = PBXFileReference; fileEncoding = 4; lastKnownFileType = text; path = drive.env; sourceTree = "<group>"; };
/* End PBXFileReference section */

/* Begin PBXFrameworksBuildPhase section */
		FB29065F1E85799F00A31092 /* Frameworks */ = {
			isa = PBXFrameworksBuildPhase;
			buildActionMask = 2147483647;
			files = (
				FB3BCA332168D7690071E4F1 /* LocalAuthentication.framework in Frameworks */,
				FB0683A91E875CDC00F1AFB4 /* libz.1.dylib in Frameworks */,
				9301D4C70E08DD5AB9ABFBF9 /* libPods-dashPlayground.a in Frameworks */,
			);
			runOnlyForDeploymentPostprocessing = 0;
		};
		FB2906751E85799F00A31092 /* Frameworks */ = {
			isa = PBXFrameworksBuildPhase;
			buildActionMask = 2147483647;
			files = (
				EB1383B3413C8C6236CB2B47 /* libPods-dashPlaygroundTests.a in Frameworks */,
			);
			runOnlyForDeploymentPostprocessing = 0;
		};
/* End PBXFrameworksBuildPhase section */

/* Begin PBXGroup section */
		74BA64C381EE93DBB6F6E15B /* Pods */ = {
			isa = PBXGroup;
			children = (
				21DCCC09DF21C9356075CD9A /* Pods-dashPlayground.debug.xcconfig */,
				BDF339950FBADBE62826DC6C /* Pods-dashPlayground.release.xcconfig */,
				513EA1E735BFC6333CBD7A0A /* Pods-dashPlaygroundTests.debug.xcconfig */,
				AE51C8789795050F7460AE43 /* Pods-dashPlaygroundTests.release.xcconfig */,
			);
			name = Pods;
			sourceTree = "<group>";
		};
		A55DFCB920D771C8006E9890 /* Preference */ = {
			isa = PBXGroup;
			children = (
				A55DFCC520D775BF006E9890 /* PreferenceWindowController.h */,
				A55DFCC620D775BF006E9890 /* PreferenceWindowController.m */,
				A581771620DBCEBF009240BD /* DashCoreViewController.h */,
				A581771720DBCEBF009240BD /* DashCoreViewController.m */,
				A581771920DBCEFC009240BD /* LeftContainerViewController.h */,
				A581771A20DBCEFC009240BD /* LeftContainerViewController.m */,
				A581772220DC02E9009240BD /* AWSViewController.h */,
				A581772320DC02E9009240BD /* AWSViewController.m */,
				A52A01652126CBE900E32B56 /* GithubViewController.h */,
				A52A01662126CBE900E32B56 /* GithubViewController.m */,
			);
			path = Preference;
			sourceTree = "<group>";
		};
		A581772520DCB8E5009240BD /* Main */ = {
			isa = PBXGroup;
			children = (
				FB29066B1E85799F00A31092 /* RepositoriesViewController.h */,
				FB29066C1E85799F00A31092 /* RepositoriesViewController.m */,
				FBBFEB241E86C44E00BE41BE /* MasternodesViewController.h */,
				FBBFEB251E86C44E00BE41BE /* MasternodesViewController.m */,
				FB0684251E92DA2000F1AFB4 /* RPCViewController.h */,
				FB0684261E92DA2000F1AFB4 /* RPCViewController.m */,
				A532618220A42413004678E8 /* UnspentOutputViewController.h */,
				A532618320A42413004678E8 /* UnspentOutputViewController.m */,
				A5724D4A20A70D4A004BED71 /* ContainerViewController.h */,
				A5724D4B20A70D4A004BED71 /* ContainerViewController.m */,
				A581772A20E0DA28009240BD /* NetworkViewController.h */,
				A581772B20E0DA28009240BD /* NetworkViewController.m */,
				A5604826210B14AF00DA161D /* VersioningViewController.h */,
				A5604827210B14AF00DA161D /* VersioningViewController.m */,
				A560483221143DED00DA161D /* BuildServerViewController.h */,
				A560483321143DED00DA161D /* BuildServerViewController.m */,
			);
			path = Main;
			sourceTree = "<group>";
		};
		A581772620DCB910009240BD /* Main */ = {
			isa = PBXGroup;
			children = (
				FB39482A1E85B418009D115F /* DPMasternodeController.h */,
				FB39482B1E85B418009D115F /* DPMasternodeController.m */,
				FB46AE891E95618400D4B034 /* DPLocalNodeController.h */,
				FB46AE8A1E95618400D4B034 /* DPLocalNodeController.m */,
				FB5A31C71E9EA97E003D4DD8 /* DPRepositoryController.h */,
				FB5A31C81E9EA97E003D4DD8 /* DPRepositoryController.m */,
				A517D29720AEBEF200BD567A /* DPUnspentController.h */,
				A517D29820AEBEF200BD567A /* DPUnspentController.m */,
				A597FE7F20E0EA60000470E6 /* DPNetworkController.h */,
				A597FE8020E0EA60000470E6 /* DPNetworkController.m */,
				A560482F210EE6B000DA161D /* DPVersioningController.h */,
				A5604830210EE6B000DA161D /* DPVersioningController.m */,
				A560483521143E1300DA161D /* DPBuildServerController.h */,
				A560483621143E1300DA161D /* DPBuildServerController.m */,
			);
			name = Main;
			sourceTree = "<group>";
		};
		FB0683A71E875CDC00F1AFB4 /* Frameworks */ = {
			isa = PBXGroup;
			children = (
				FB3BCA37216A613F0071E4F1 /* Accelerate.framework */,
				FB3BCA322168D7690071E4F1 /* LocalAuthentication.framework */,
				FB0683AC1E875D3A00F1AFB4 /* libcrypto.35.dylib */,
				FB0683AA1E875D0100F1AFB4 /* libcrypto.0.9.8.dylib */,
				FB0683A81E875CDC00F1AFB4 /* libz.1.dylib */,
				04FB8E3A54BAC79C93C59105 /* libPods-dashPlayground.a */,
				39A0819742DEFE84104C2F88 /* libPods-dashPlaygroundTests.a */,
			);
			name = Frameworks;
			sourceTree = "<group>";
		};
		FB0684201E8CCDC200F1AFB4 /* Transformers */ = {
			isa = PBXGroup;
			children = (
				FB0684211E8CCDED00F1AFB4 /* InstanceStateTransformer.h */,
				FB0684221E8CCDED00F1AFB4 /* InstanceStateTransformer.m */,
				FB9EBCEB1E96F22200AE8AC3 /* InstanceTypeTransformer.h */,
				FB9EBCEC1E96F22200AE8AC3 /* InstanceTypeTransformer.m */,
				FB9EBCEF1E98738C00AE8AC3 /* MasternodeSyncStatusTransformer.h */,
				FB9EBCF01E98738C00AE8AC3 /* MasternodeSyncStatusTransformer.m */,
				FB9EBCF31E98752500AE8AC3 /* DashcoreStateTransformer.h */,
				FB9EBCF41E98752500AE8AC3 /* DashcoreStateTransformer.m */,
				FB1D2B521EA455CD00F7BE2D /* SentinelStateTransformer.h */,
				FB1D2B531EA455CD00F7BE2D /* SentinelStateTransformer.m */,
				FB5A31C01E9D2F04003D4DD8 /* TrackingTransformer.h */,
				FB5A31C11E9D2F04003D4DD8 /* TrackingTransformer.m */,
				A5142E7520E36259000AB18E /* DebugTypeTransformer.h */,
				A5142E7620E36259000AB18E /* DebugTypeTransformer.m */,
				A5604829210B74E800DA161D /* DAPIStateTransformer.h */,
				A560482A210B74E800DA161D /* DAPIStateTransformer.m */,
				A560482C210B74F800DA161D /* DashDriveStateTransformer.h */,
				A560482D210B74F800DA161D /* DashDriveStateTransformer.m */,
				FB3BCA2F2167BEE20071E4F1 /* ProjectTypeTransformer.h */,
				FB3BCA302167BEE20071E4F1 /* ProjectTypeTransformer.m */,
				FB3BCA51216BE7800071E4F1 /* HasValueTransformer.h */,
				FB3BCA52216BE7800071E4F1 /* HasValueTransformer.m */,
				FB3BCA56216D50EB0071E4F1 /* InsightStateTransformer.h */,
				FB3BCA57216D50EB0071E4F1 /* InsightStateTransformer.m */,
				FB5B15CA2173E8A6001F6DA0 /* IpfsStateTransformer.h */,
				FB5B15CB2173E8A6001F6DA0 /* IpfsStateTransformer.m */,
			);
			name = Transformers;
			sourceTree = "<group>";
		};
		FB2906591E85799F00A31092 = {
			isa = PBXGroup;
			children = (
				FB2906641E85799F00A31092 /* dashPlayground */,
				FB29067B1E85799F00A31092 /* dashPlaygroundTests */,
				FB2906631E85799F00A31092 /* Products */,
				FB0683A71E875CDC00F1AFB4 /* Frameworks */,
				74BA64C381EE93DBB6F6E15B /* Pods */,
			);
			sourceTree = "<group>";
		};
		FB2906631E85799F00A31092 /* Products */ = {
			isa = PBXGroup;
			children = (
				FB2906621E85799F00A31092 /* dashPlayground.app */,
				FB2906781E85799F00A31092 /* dashPlaygroundTests.xctest */,
			);
			name = Products;
			sourceTree = "<group>";
		};
		FB2906641E85799F00A31092 /* dashPlayground */ = {
			isa = PBXGroup;
			children = (
				FB4505491EA2F0CD0066C6B9 /* Utils */,
				FB5A31C61E9EA942003D4DD8 /* Server Controllers */,
				FB5A31C51E9EA205003D4DD8 /* View Controllers */,
				FB0684201E8CCDC200F1AFB4 /* Transformers */,
				FBBFEB741E872B9000BE41BE /* Model */,
				FB2906651E85799F00A31092 /* AppDelegate.h */,
				FB2906661E85799F00A31092 /* AppDelegate.m */,
				FB29066E1E85799F00A31092 /* Assets.xcassets */,
				A5153E7B20CA5CEE00D6902B /* ChainSelectionWindow.xib */,
				A515E7BF20AA904E00CB5495 /* AvailabilityZoneWindow.xib */,
				FB2906701E85799F00A31092 /* Main.storyboard */,
				A518295C20CEDBEC003BFE73 /* Preference.storyboard */,
				A52EFCF3209AF1EB00B0586A /* RepositoryWindow.xib */,
				A5EC6BD82099BF0E00B14BAD /* VolumeWindow.xib */,
				FB2906731E85799F00A31092 /* Info.plist */,
				FB2906681E85799F00A31092 /* Supporting Files */,
				FBBFEB211E86B7CB00BE41BE /* PlaygroundModel.xcdatamodeld */,
				FBBFEB281E86EED600BE41BE /* Defines.h */,
				FB5A31CB1E9EAD21003D4DD8 /* DashCallbacks.h */,
			);
			path = dashPlayground;
			sourceTree = "<group>";
		};
		FB2906681E85799F00A31092 /* Supporting Files */ = {
			isa = PBXGroup;
			children = (
				FB1D2B551EAF552B00F7BE2D /* Images.xcassets */,
				FBBAF9A41EB0562400D6F568 /* Notification.h */,
				FB5B15CF217A2292001F6DA0 /* monitrc.conf */,
				FB5B15CD217A07DC001F6DA0 /* start_ipfs.sh */,
				FBE9BAEC21711EC4000102A5 /* drive.env */,
				FB3BCA59216E32DE0071E4F1 /* dapi.env */,
				FB0684291E941DD700F1AFB4 /* dash.conf */,
				FB3BCA54216C1F3C0071E4F1 /* dashcore-node.json */,
				FB2906691E85799F00A31092 /* main.m */,
			);
			name = "Supporting Files";
			sourceTree = "<group>";
		};
		FB29067B1E85799F00A31092 /* dashPlaygroundTests */ = {
			isa = PBXGroup;
			children = (
				FB29067C1E85799F00A31092 /* dashPlaygroundTests.m */,
				FB29067E1E85799F00A31092 /* Info.plist */,
			);
			path = dashPlaygroundTests;
			sourceTree = "<group>";
		};
		FB4505491EA2F0CD0066C6B9 /* Utils */ = {
			isa = PBXGroup;
			children = (
				FBBFEB5A1E86FDA700BE41BE /* NSArray+SWAdditions.h */,
				FBBFEB5B1E86FDA700BE41BE /* NSArray+SWAdditions.m */,
				FB45054A1EA441C50066C6B9 /* DPTableView.h */,
				FB45054B1EA441C50066C6B9 /* DPTableView.m */,
				FB96BFB61F0B90D900220B4B /* ConsoleEventArray.h */,
				FB96BFB71F0B90D900220B4B /* ConsoleEventArray.m */,
				FB96BFB91F0B90F200220B4B /* ConsoleEvent.h */,
				FB96BFBA1F0B90F200220B4B /* ConsoleEvent.m */,
				A516B45820908333009A59C0 /* DialogAlert.h */,
				A516B45620908324009A59C0 /* DialogAlert.m */,
				A558E0C420B54E3C00E853DB /* SshConnection.h */,
				A558E0C520B54E3C00E853DB /* SshConnection.m */,
				FB670632215D58CC005A658E /* IntTypes.h */,
				FB670630215D58B0005A658E /* NSData+Security.h */,
				FB67062F215D58B0005A658E /* NSData+Security.m */,
				FB670634215D59C2005A658E /* NSMutableData+Security.h */,
				FB670633215D59C2005A658E /* NSMutableData+Security.m */,
				A52327FB2126A6BC0007AA33 /* GithubAPI.h */,
				A52327FC2126A6BC0007AA33 /* GithubAPI.m */,
			);
			name = Utils;
			sourceTree = "<group>";
		};
		FB5A31C51E9EA205003D4DD8 /* View Controllers */ = {
			isa = PBXGroup;
			children = (
				A581772520DCB8E5009240BD /* Main */,
				A55DFCB920D771C8006E9890 /* Preference */,
				A55FC0D12099BA17004B23FE /* VolumeViewController.h */,
				A55FC0D22099BA22004B23FE /* VolumeViewController.m */,
				A52EFCF5209AF44100B0586A /* RepositoriesModalViewController.h */,
				A52EFCF6209AF44100B0586A /* RepositoriesModalViewController.m */,
				A515E7CA20AA953400CB5495 /* AvailabilityViewController.h */,
				A515E7CB20AA953400CB5495 /* AvailabilityViewController.m */,
				A544ADDA20CA77FF0036AE29 /* ChainSelectionViewController.h */,
				A544ADDB20CA78000036AE29 /* ChainSelectionViewController.m */,
			);
			name = "View Controllers";
			sourceTree = "<group>";
		};
		FB5A31C61E9EA942003D4DD8 /* Server Controllers */ = {
			isa = PBXGroup;
			children = (
				A581772620DCB910009240BD /* Main */,
				A55FC0CE20998BD2004B23FE /* DPPreferenceController.h */,
				A55FC0CF20998BDC004B23FE /* DPPreferenceController.m */,
				A50FB29C20A2F9E6008EFD32 /* DPRepoModalController.h */,
				A50FB29D20A2F9E6008EFD32 /* DPRepoModalController.m */,
				A515E7CD20AA96B800CB5495 /* DPAvailabilityController.h */,
				A515E7CE20AA96B800CB5495 /* DPAvailabilityController.m */,
			);
			name = "Server Controllers";
			sourceTree = "<group>";
		};
		FBB974A52167884B00E2F976 /* Entities */ = {
			isa = PBXGroup;
			children = (
				FB3BCA4B216B8E8D0071E4F1 /* Masternode+CoreDataProperties.h */,
				FB3BCA4C216B8E8D0071E4F1 /* Masternode+CoreDataClass.h */,
				FB3BCA4D216B8E8D0071E4F1 /* Masternode+CoreDataClass.m */,
				FB3BCA4E216B8E8D0071E4F1 /* Masternode+CoreDataProperties.m */,
				FB3BCA3F216AD6360071E4F1 /* Branch+CoreDataProperties.h */,
				FB3BCA40216AD6360071E4F1 /* Branch+CoreDataClass.h */,
				FB3BCA41216AD6360071E4F1 /* Branch+CoreDataClass.m */,
				FB3BCA42216AD6360071E4F1 /* Branch+CoreDataProperties.m */,
				FB3BCA43216AD6360071E4F1 /* Commit+CoreDataProperties.h */,
				FB3BCA44216AD6360071E4F1 /* Commit+CoreDataClass.h */,
				FB3BCA45216AD6360071E4F1 /* Commit+CoreDataClass.m */,
				FB3BCA46216AD6360071E4F1 /* Commit+CoreDataProperties.m */,
				FB3BCA2721678C030071E4F1 /* Message+CoreDataProperties.h */,
				FB3BCA2821678C030071E4F1 /* Message+CoreDataClass.h */,
				FB3BCA2921678C030071E4F1 /* Message+CoreDataClass.m */,
				FB3BCA2A21678C030071E4F1 /* Message+CoreDataProperties.m */,
				FBB974BE21678AEB00E2F976 /* Repository+CoreDataProperties.h */,
				FBB974BF21678AEB00E2F976 /* Repository+CoreDataClass.h */,
				FBB974C021678AEB00E2F976 /* Repository+CoreDataClass.m */,
				FBB974C121678AEB00E2F976 /* Repository+CoreDataProperties.m */,
			);
			path = Entities;
			sourceTree = "<group>";
		};
		FBBFEB741E872B9000BE41BE /* Model */ = {
			isa = PBXGroup;
			children = (
				FBB974A52167884B00E2F976 /* Entities */,
				FB0683421E8731AD00F1AFB4 /* DPDataStore.h */,
				FB0683431E8731AD00F1AFB4 /* DPDataStore.m */,
				A5782D1F2095E99A00CA603A /* PreferenceData.h */,
				A5782D202095E9A400CA603A /* PreferenceData.m */,
				FB3BCA342168D7CE0071E4F1 /* DPAuthenticationManager.h */,
				FB3BCA352168D7CE0071E4F1 /* DPAuthenticationManager.m */,
			);
			name = Model;
			sourceTree = "<group>";
		};
/* End PBXGroup section */

/* Begin PBXNativeTarget section */
		FB2906611E85799F00A31092 /* dashPlayground */ = {
			isa = PBXNativeTarget;
			buildConfigurationList = FB2906811E85799F00A31092 /* Build configuration list for PBXNativeTarget "dashPlayground" */;
			buildPhases = (
				372C67C07B324016DE12C69A /* [CP] Check Pods Manifest.lock */,
				FB29065E1E85799F00A31092 /* Sources */,
				FB29065F1E85799F00A31092 /* Frameworks */,
				FB2906601E85799F00A31092 /* Resources */,
				FB2906FF1E857E4C00A31092 /* Embed Frameworks */,
			);
			buildRules = (
			);
			dependencies = (
			);
			name = dashPlayground;
			productName = dashPlayground;
			productReference = FB2906621E85799F00A31092 /* dashPlayground.app */;
			productType = "com.apple.product-type.application";
		};
		FB2906771E85799F00A31092 /* dashPlaygroundTests */ = {
			isa = PBXNativeTarget;
			buildConfigurationList = FB2906841E85799F00A31092 /* Build configuration list for PBXNativeTarget "dashPlaygroundTests" */;
			buildPhases = (
				FEB69C38545E900C20B87E90 /* [CP] Check Pods Manifest.lock */,
				FB2906741E85799F00A31092 /* Sources */,
				FB2906751E85799F00A31092 /* Frameworks */,
				FB2906761E85799F00A31092 /* Resources */,
			);
			buildRules = (
			);
			dependencies = (
				FB29067A1E85799F00A31092 /* PBXTargetDependency */,
			);
			name = dashPlaygroundTests;
			productName = dashPlaygroundTests;
			productReference = FB2906781E85799F00A31092 /* dashPlaygroundTests.xctest */;
			productType = "com.apple.product-type.bundle.unit-test";
		};
/* End PBXNativeTarget section */

/* Begin PBXProject section */
		FB29065A1E85799F00A31092 /* Project object */ = {
			isa = PBXProject;
			attributes = {
				CLASSPREFIX = DP;
				LastUpgradeCheck = 0930;
				ORGANIZATIONNAME = dashfoundation;
				TargetAttributes = {
					FB2906611E85799F00A31092 = {
						CreatedOnToolsVersion = 8.2.1;
						DevelopmentTeam = 44RJ69WHFF;
						LastSwiftMigration = 0820;
						ProvisioningStyle = Automatic;
					};
					FB2906771E85799F00A31092 = {
						CreatedOnToolsVersion = 8.2.1;
						DevelopmentTeam = 9P659Y78B6;
						LastSwiftMigration = 0820;
						ProvisioningStyle = Automatic;
						TestTargetID = FB2906611E85799F00A31092;
					};
				};
			};
			buildConfigurationList = FB29065D1E85799F00A31092 /* Build configuration list for PBXProject "dashPlayground" */;
			compatibilityVersion = "Xcode 3.2";
			developmentRegion = English;
			hasScannedForEncodings = 0;
			knownRegions = (
				en,
				Base,
			);
			mainGroup = FB2906591E85799F00A31092;
			productRefGroup = FB2906631E85799F00A31092 /* Products */;
			projectDirPath = "";
			projectRoot = "";
			targets = (
				FB2906611E85799F00A31092 /* dashPlayground */,
				FB2906771E85799F00A31092 /* dashPlaygroundTests */,
			);
		};
/* End PBXProject section */

/* Begin PBXResourcesBuildPhase section */
		FB2906601E85799F00A31092 /* Resources */ = {
			isa = PBXResourcesBuildPhase;
			buildActionMask = 2147483647;
			files = (
				A5EC6BD92099BF0E00B14BAD /* VolumeWindow.xib in Resources */,
				FB29066F1E85799F00A31092 /* Assets.xcassets in Resources */,
				A515E7C020AA904E00CB5495 /* AvailabilityZoneWindow.xib in Resources */,
				FB5B15D0217A2293001F6DA0 /* monitrc.conf in Resources */,
				FB1D2B561EAF552B00F7BE2D /* Images.xcassets in Resources */,
				FB3BCA5A216E32DE0071E4F1 /* dapi.env in Resources */,
				A52EFCF4209AF1EB00B0586A /* RepositoryWindow.xib in Resources */,
				FB06842A1E941DD700F1AFB4 /* dash.conf in Resources */,
				FB3BCA55216C1F3C0071E4F1 /* dashcore-node.json in Resources */,
				A5153E7C20CA5CEE00D6902B /* ChainSelectionWindow.xib in Resources */,
				FB5B15CE217A07DC001F6DA0 /* start_ipfs.sh in Resources */,
				A518295D20CEDBEC003BFE73 /* Preference.storyboard in Resources */,
				FBE9BAED21711EC4000102A5 /* drive.env in Resources */,
				FB2906721E85799F00A31092 /* Main.storyboard in Resources */,
			);
			runOnlyForDeploymentPostprocessing = 0;
		};
		FB2906761E85799F00A31092 /* Resources */ = {
			isa = PBXResourcesBuildPhase;
			buildActionMask = 2147483647;
			files = (
				FB06842B1E941DD700F1AFB4 /* dash.conf in Resources */,
			);
			runOnlyForDeploymentPostprocessing = 0;
		};
/* End PBXResourcesBuildPhase section */

/* Begin PBXShellScriptBuildPhase section */
		372C67C07B324016DE12C69A /* [CP] Check Pods Manifest.lock */ = {
			isa = PBXShellScriptBuildPhase;
			buildActionMask = 2147483647;
			files = (
			);
			inputPaths = (
				"${PODS_PODFILE_DIR_PATH}/Podfile.lock",
				"${PODS_ROOT}/Manifest.lock",
			);
			name = "[CP] Check Pods Manifest.lock";
			outputPaths = (
				"$(DERIVED_FILE_DIR)/Pods-dashPlayground-checkManifestLockResult.txt",
			);
			runOnlyForDeploymentPostprocessing = 0;
			shellPath = /bin/sh;
			shellScript = "diff \"${PODS_PODFILE_DIR_PATH}/Podfile.lock\" \"${PODS_ROOT}/Manifest.lock\" > /dev/null\nif [ $? != 0 ] ; then\n    # print error to STDERR\n    echo \"error: The sandbox is not in sync with the Podfile.lock. Run 'pod install' or update your CocoaPods installation.\" >&2\n    exit 1\nfi\n# This output is used by Xcode 'outputs' to avoid re-running this script phase.\necho \"SUCCESS\" > \"${SCRIPT_OUTPUT_FILE_0}\"\n";
			showEnvVarsInLog = 0;
		};
		FEB69C38545E900C20B87E90 /* [CP] Check Pods Manifest.lock */ = {
			isa = PBXShellScriptBuildPhase;
			buildActionMask = 2147483647;
			files = (
			);
			inputPaths = (
				"${PODS_PODFILE_DIR_PATH}/Podfile.lock",
				"${PODS_ROOT}/Manifest.lock",
			);
			name = "[CP] Check Pods Manifest.lock";
			outputPaths = (
				"$(DERIVED_FILE_DIR)/Pods-dashPlaygroundTests-checkManifestLockResult.txt",
			);
			runOnlyForDeploymentPostprocessing = 0;
			shellPath = /bin/sh;
			shellScript = "diff \"${PODS_PODFILE_DIR_PATH}/Podfile.lock\" \"${PODS_ROOT}/Manifest.lock\" > /dev/null\nif [ $? != 0 ] ; then\n    # print error to STDERR\n    echo \"error: The sandbox is not in sync with the Podfile.lock. Run 'pod install' or update your CocoaPods installation.\" >&2\n    exit 1\nfi\n# This output is used by Xcode 'outputs' to avoid re-running this script phase.\necho \"SUCCESS\" > \"${SCRIPT_OUTPUT_FILE_0}\"\n";
			showEnvVarsInLog = 0;
		};
/* End PBXShellScriptBuildPhase section */

/* Begin PBXSourcesBuildPhase section */
		FB29065E1E85799F00A31092 /* Sources */ = {
			isa = PBXSourcesBuildPhase;
			buildActionMask = 2147483647;
			files = (
				A50FB29E20A2F9E6008EFD32 /* DPRepoModalController.m in Sources */,
				FB3BCA58216D50EB0071E4F1 /* InsightStateTransformer.m in Sources */,
				A544ADDC20CA78000036AE29 /* ChainSelectionViewController.m in Sources */,
				FB3BCA49216AD6360071E4F1 /* Commit+CoreDataClass.m in Sources */,
				FB29066D1E85799F00A31092 /* RepositoriesViewController.m in Sources */,
				FBEBB107215D5E490058E7C3 /* NSData+Security.m in Sources */,
				FB5A31C91E9EA97E003D4DD8 /* DPRepositoryController.m in Sources */,
				FBBFEB5C1E86FDA700BE41BE /* NSArray+SWAdditions.m in Sources */,
				A52EFCF7209AF44100B0586A /* RepositoriesModalViewController.m in Sources */,
				FB5B15CC2173E8A6001F6DA0 /* IpfsStateTransformer.m in Sources */,
				FB96BFB81F0B90D900220B4B /* ConsoleEventArray.m in Sources */,
				A55FC0D020998BDC004B23FE /* DPPreferenceController.m in Sources */,
				FB0683441E8731AD00F1AFB4 /* DPDataStore.m in Sources */,
				A581772420DC02E9009240BD /* AWSViewController.m in Sources */,
				A515E7CF20AA96B800CB5495 /* DPAvailabilityController.m in Sources */,
				FB0684271E92DA2000F1AFB4 /* RPCViewController.m in Sources */,
				FB9EBCF51E98752500AE8AC3 /* DashcoreStateTransformer.m in Sources */,
				A5142E7720E36259000AB18E /* DebugTypeTransformer.m in Sources */,
				FBBFEB231E86B7CB00BE41BE /* PlaygroundModel.xcdatamodeld in Sources */,
				FBBFEB261E86C44E00BE41BE /* MasternodesViewController.m in Sources */,
				A597FE8120E0EA60000470E6 /* DPNetworkController.m in Sources */,
				A517D29920AEBEF200BD567A /* DPUnspentController.m in Sources */,
				A560482E210B74F800DA161D /* DashDriveStateTransformer.m in Sources */,
				A52327FD2126A6BC0007AA33 /* GithubAPI.m in Sources */,
				FB3BCA312167BEE20071E4F1 /* ProjectTypeTransformer.m in Sources */,
				FB39482C1E85B418009D115F /* DPMasternodeController.m in Sources */,
				FB3BCA2D21678C030071E4F1 /* Message+CoreDataClass.m in Sources */,
				A581772C20E0DA28009240BD /* NetworkViewController.m in Sources */,
				A5724D4C20A70D4A004BED71 /* ContainerViewController.m in Sources */,
				FB3BCA53216BE7800071E4F1 /* HasValueTransformer.m in Sources */,
				FB46AE8B1E95618400D4B034 /* DPLocalNodeController.m in Sources */,
				A581771B20DBCEFC009240BD /* LeftContainerViewController.m in Sources */,
				A558E0C620B54E3C00E853DB /* SshConnection.m in Sources */,
				A516B45720908324009A59C0 /* DialogAlert.m in Sources */,
				FB0684231E8CCDED00F1AFB4 /* InstanceStateTransformer.m in Sources */,
				FB1D2B541EA455CD00F7BE2D /* SentinelStateTransformer.m in Sources */,
				A581771820DBCEBF009240BD /* DashCoreViewController.m in Sources */,
				FB5A31C21E9D2F04003D4DD8 /* TrackingTransformer.m in Sources */,
				FB3BCA50216B8E8D0071E4F1 /* Masternode+CoreDataProperties.m in Sources */,
				FB96BFBB1F0B90F200220B4B /* ConsoleEvent.m in Sources */,
				FBB974C621678AEB00E2F976 /* Repository+CoreDataClass.m in Sources */,
				FB3BCA2E21678C030071E4F1 /* Message+CoreDataProperties.m in Sources */,
				FB3BCA4A216AD6360071E4F1 /* Commit+CoreDataProperties.m in Sources */,
				A560483421143DED00DA161D /* BuildServerViewController.m in Sources */,
				FB45054C1EA441C50066C6B9 /* DPTableView.m in Sources */,
				A560483721143E1300DA161D /* DPBuildServerController.m in Sources */,
				A5604828210B14AF00DA161D /* VersioningViewController.m in Sources */,
				FB29066A1E85799F00A31092 /* main.m in Sources */,
				FB3BCA362168D7CE0071E4F1 /* DPAuthenticationManager.m in Sources */,
				FBB974C721678AEB00E2F976 /* Repository+CoreDataProperties.m in Sources */,
				FB3BCA4F216B8E8D0071E4F1 /* Masternode+CoreDataClass.m in Sources */,
				FB3BCA48216AD6360071E4F1 /* Branch+CoreDataProperties.m in Sources */,
				A55DFCC720D775BF006E9890 /* PreferenceWindowController.m in Sources */,
				FBEBB105215D5E430058E7C3 /* NSMutableData+Security.m in Sources */,
				A532618420A42413004678E8 /* UnspentOutputViewController.m in Sources */,
				FB9EBCF11E98738C00AE8AC3 /* MasternodeSyncStatusTransformer.m in Sources */,
				A5782D212095E9A400CA603A /* PreferenceData.m in Sources */,
				A52A01672126CBE900E32B56 /* GithubViewController.m in Sources */,
				A560482B210B74E800DA161D /* DAPIStateTransformer.m in Sources */,
				A55FC0D32099BA22004B23FE /* VolumeViewController.m in Sources */,
				FB3BCA47216AD6360071E4F1 /* Branch+CoreDataClass.m in Sources */,
				FB9EBCED1E96F22200AE8AC3 /* InstanceTypeTransformer.m in Sources */,
				A5604831210EE6B000DA161D /* DPVersioningController.m in Sources */,
				A515E7CC20AA953400CB5495 /* AvailabilityViewController.m in Sources */,
				FB2906671E85799F00A31092 /* AppDelegate.m in Sources */,
			);
			runOnlyForDeploymentPostprocessing = 0;
		};
		FB2906741E85799F00A31092 /* Sources */ = {
			isa = PBXSourcesBuildPhase;
			buildActionMask = 2147483647;
			files = (
				FB0684241E8CCDED00F1AFB4 /* InstanceStateTransformer.m in Sources */,
				FB0683451E8731AD00F1AFB4 /* DPDataStore.m in Sources */,
				FBBFEB5D1E86FDA700BE41BE /* NSArray+SWAdditions.m in Sources */,
				FB29067D1E85799F00A31092 /* dashPlaygroundTests.m in Sources */,
				FB46AE8C1E95618400D4B034 /* DPLocalNodeController.m in Sources */,
				FB39482D1E85B418009D115F /* DPMasternodeController.m in Sources */,
				FB9EBCF21E98738C00AE8AC3 /* MasternodeSyncStatusTransformer.m in Sources */,
				FBBFEB271E86C44E00BE41BE /* MasternodesViewController.m in Sources */,
				FB0684281E92DA2000F1AFB4 /* RPCViewController.m in Sources */,
				FB5A31CA1E9EA97E003D4DD8 /* DPRepositoryController.m in Sources */,
				FB9EBCF61E98752500AE8AC3 /* DashcoreStateTransformer.m in Sources */,
				FB9EBCEE1E96F22200AE8AC3 /* InstanceTypeTransformer.m in Sources */,
			);
			runOnlyForDeploymentPostprocessing = 0;
		};
/* End PBXSourcesBuildPhase section */

/* Begin PBXTargetDependency section */
		FB29067A1E85799F00A31092 /* PBXTargetDependency */ = {
			isa = PBXTargetDependency;
			target = FB2906611E85799F00A31092 /* dashPlayground */;
			targetProxy = FB2906791E85799F00A31092 /* PBXContainerItemProxy */;
		};
/* End PBXTargetDependency section */

/* Begin PBXVariantGroup section */
		FB2906701E85799F00A31092 /* Main.storyboard */ = {
			isa = PBXVariantGroup;
			children = (
				FB2906711E85799F00A31092 /* Base */,
			);
			name = Main.storyboard;
			sourceTree = "<group>";
		};
/* End PBXVariantGroup section */

/* Begin XCBuildConfiguration section */
		FB29067F1E85799F00A31092 /* Debug */ = {
			isa = XCBuildConfiguration;
			buildSettings = {
				ALWAYS_SEARCH_USER_PATHS = NO;
				CLANG_ANALYZER_NONNULL = YES;
				CLANG_CXX_LANGUAGE_STANDARD = "gnu++0x";
				CLANG_CXX_LIBRARY = "libc++";
				CLANG_ENABLE_MODULES = YES;
				CLANG_ENABLE_OBJC_ARC = YES;
				CLANG_WARN_BLOCK_CAPTURE_AUTORELEASING = YES;
				CLANG_WARN_BOOL_CONVERSION = YES;
				CLANG_WARN_COMMA = YES;
				CLANG_WARN_CONSTANT_CONVERSION = YES;
				CLANG_WARN_DEPRECATED_OBJC_IMPLEMENTATIONS = YES;
				CLANG_WARN_DIRECT_OBJC_ISA_USAGE = YES_ERROR;
				CLANG_WARN_DOCUMENTATION_COMMENTS = YES;
				CLANG_WARN_EMPTY_BODY = YES;
				CLANG_WARN_ENUM_CONVERSION = YES;
				CLANG_WARN_INFINITE_RECURSION = YES;
				CLANG_WARN_INT_CONVERSION = YES;
				CLANG_WARN_NON_LITERAL_NULL_CONVERSION = YES;
				CLANG_WARN_OBJC_IMPLICIT_RETAIN_SELF = YES;
				CLANG_WARN_OBJC_LITERAL_CONVERSION = YES;
				CLANG_WARN_OBJC_ROOT_CLASS = YES_ERROR;
				CLANG_WARN_RANGE_LOOP_ANALYSIS = YES;
				CLANG_WARN_STRICT_PROTOTYPES = YES;
				CLANG_WARN_SUSPICIOUS_MOVE = YES;
				CLANG_WARN_UNREACHABLE_CODE = YES;
				CLANG_WARN__DUPLICATE_METHOD_MATCH = YES;
				CODE_SIGN_IDENTITY = "-";
				COPY_PHASE_STRIP = NO;
				DEBUG_INFORMATION_FORMAT = dwarf;
				ENABLE_STRICT_OBJC_MSGSEND = YES;
				ENABLE_TESTABILITY = YES;
				GCC_C_LANGUAGE_STANDARD = gnu99;
				GCC_DYNAMIC_NO_PIC = NO;
				GCC_NO_COMMON_BLOCKS = YES;
				GCC_OPTIMIZATION_LEVEL = 0;
				GCC_PREPROCESSOR_DEFINITIONS = (
					"DEBUG=1",
					"$(inherited)",
				);
				GCC_WARN_64_TO_32_BIT_CONVERSION = YES;
				GCC_WARN_ABOUT_RETURN_TYPE = YES_ERROR;
				GCC_WARN_UNDECLARED_SELECTOR = YES;
				GCC_WARN_UNINITIALIZED_AUTOS = YES_AGGRESSIVE;
				GCC_WARN_UNUSED_FUNCTION = YES;
				GCC_WARN_UNUSED_VARIABLE = YES;
				MACOSX_DEPLOYMENT_TARGET = 10.12;
				MTL_ENABLE_DEBUG_INFO = YES;
				ONLY_ACTIVE_ARCH = YES;
				SDKROOT = macosx;
			};
			name = Debug;
		};
		FB2906801E85799F00A31092 /* Release */ = {
			isa = XCBuildConfiguration;
			buildSettings = {
				ALWAYS_SEARCH_USER_PATHS = NO;
				CLANG_ANALYZER_NONNULL = YES;
				CLANG_CXX_LANGUAGE_STANDARD = "gnu++0x";
				CLANG_CXX_LIBRARY = "libc++";
				CLANG_ENABLE_MODULES = YES;
				CLANG_ENABLE_OBJC_ARC = YES;
				CLANG_WARN_BLOCK_CAPTURE_AUTORELEASING = YES;
				CLANG_WARN_BOOL_CONVERSION = YES;
				CLANG_WARN_COMMA = YES;
				CLANG_WARN_CONSTANT_CONVERSION = YES;
				CLANG_WARN_DEPRECATED_OBJC_IMPLEMENTATIONS = YES;
				CLANG_WARN_DIRECT_OBJC_ISA_USAGE = YES_ERROR;
				CLANG_WARN_DOCUMENTATION_COMMENTS = YES;
				CLANG_WARN_EMPTY_BODY = YES;
				CLANG_WARN_ENUM_CONVERSION = YES;
				CLANG_WARN_INFINITE_RECURSION = YES;
				CLANG_WARN_INT_CONVERSION = YES;
				CLANG_WARN_NON_LITERAL_NULL_CONVERSION = YES;
				CLANG_WARN_OBJC_IMPLICIT_RETAIN_SELF = YES;
				CLANG_WARN_OBJC_LITERAL_CONVERSION = YES;
				CLANG_WARN_OBJC_ROOT_CLASS = YES_ERROR;
				CLANG_WARN_RANGE_LOOP_ANALYSIS = YES;
				CLANG_WARN_STRICT_PROTOTYPES = YES;
				CLANG_WARN_SUSPICIOUS_MOVE = YES;
				CLANG_WARN_UNREACHABLE_CODE = YES;
				CLANG_WARN__DUPLICATE_METHOD_MATCH = YES;
				CODE_SIGN_IDENTITY = "-";
				COPY_PHASE_STRIP = NO;
				DEBUG_INFORMATION_FORMAT = "dwarf-with-dsym";
				ENABLE_NS_ASSERTIONS = NO;
				ENABLE_STRICT_OBJC_MSGSEND = YES;
				GCC_C_LANGUAGE_STANDARD = gnu99;
				GCC_NO_COMMON_BLOCKS = YES;
				GCC_WARN_64_TO_32_BIT_CONVERSION = YES;
				GCC_WARN_ABOUT_RETURN_TYPE = YES_ERROR;
				GCC_WARN_UNDECLARED_SELECTOR = YES;
				GCC_WARN_UNINITIALIZED_AUTOS = YES_AGGRESSIVE;
				GCC_WARN_UNUSED_FUNCTION = YES;
				GCC_WARN_UNUSED_VARIABLE = YES;
				MACOSX_DEPLOYMENT_TARGET = 10.12;
				MTL_ENABLE_DEBUG_INFO = NO;
				SDKROOT = macosx;
			};
			name = Release;
		};
		FB2906821E85799F00A31092 /* Debug */ = {
			isa = XCBuildConfiguration;
			baseConfigurationReference = 21DCCC09DF21C9356075CD9A /* Pods-dashPlayground.debug.xcconfig */;
			buildSettings = {
				ASSETCATALOG_COMPILER_APPICON_NAME = AppIcon;
				CLANG_ENABLE_MODULES = YES;
				COMBINE_HIDPI_IMAGES = YES;
				DEVELOPMENT_TEAM = 44RJ69WHFF;
				FRAMEWORK_SEARCH_PATHS = (
					"$(inherited)",
					"$(PROJECT_DIR)/dashPlayground",
				);
				INFOPLIST_FILE = dashPlayground/Info.plist;
				LD_RUNPATH_SEARCH_PATHS = "$(inherited) @executable_path/../Frameworks";
				LIBRARY_SEARCH_PATHS = (
					"$(inherited)",
					"$(PROJECT_DIR)/dashPlayground",
					"$(PROJECT_DIR)/dashPlayground/libssh2_xcode/lib",
				);
				OTHER_CFLAGS = "$(inherited)";
				OTHER_CPLUSPLUSFLAGS = "";
				PRODUCT_BUNDLE_IDENTIFIER = org.dashfoundation.dashPlayground;
				PRODUCT_NAME = "$(TARGET_NAME)";
				SWIFT_OBJC_BRIDGING_HEADER = "dashPlayground-Bridging-Header.h";
				SWIFT_OPTIMIZATION_LEVEL = "-Onone";
				SWIFT_VERSION = 3.0;
			};
			name = Debug;
		};
		FB2906831E85799F00A31092 /* Release */ = {
			isa = XCBuildConfiguration;
			baseConfigurationReference = BDF339950FBADBE62826DC6C /* Pods-dashPlayground.release.xcconfig */;
			buildSettings = {
				ASSETCATALOG_COMPILER_APPICON_NAME = AppIcon;
				CLANG_ENABLE_MODULES = YES;
				COMBINE_HIDPI_IMAGES = YES;
				DEVELOPMENT_TEAM = 44RJ69WHFF;
				FRAMEWORK_SEARCH_PATHS = (
					"$(inherited)",
					"$(PROJECT_DIR)/dashPlayground",
				);
				INFOPLIST_FILE = dashPlayground/Info.plist;
				LD_RUNPATH_SEARCH_PATHS = "$(inherited) @executable_path/../Frameworks";
				LIBRARY_SEARCH_PATHS = (
					"$(inherited)",
					"$(PROJECT_DIR)/dashPlayground",
					"$(PROJECT_DIR)/dashPlayground/libssh2_xcode/lib",
				);
				OTHER_CFLAGS = "$(inherited)";
				OTHER_CPLUSPLUSFLAGS = "";
				PRODUCT_BUNDLE_IDENTIFIER = org.dashfoundation.dashPlayground;
				PRODUCT_NAME = "$(TARGET_NAME)";
				SWIFT_OBJC_BRIDGING_HEADER = "dashPlayground-Bridging-Header.h";
				SWIFT_VERSION = 3.0;
			};
			name = Release;
		};
		FB2906851E85799F00A31092 /* Debug */ = {
			isa = XCBuildConfiguration;
			baseConfigurationReference = 513EA1E735BFC6333CBD7A0A /* Pods-dashPlaygroundTests.debug.xcconfig */;
			buildSettings = {
				BUNDLE_LOADER = "$(TEST_HOST)";
				CLANG_ENABLE_MODULES = YES;
				COMBINE_HIDPI_IMAGES = YES;
				DEVELOPMENT_TEAM = 9P659Y78B6;
				FRAMEWORK_SEARCH_PATHS = (
					"$(inherited)",
					"$(PROJECT_DIR)/dashPlayground",
				);
				INFOPLIST_FILE = dashPlaygroundTests/Info.plist;
				LD_RUNPATH_SEARCH_PATHS = "$(inherited) @executable_path/../Frameworks @loader_path/../Frameworks";
				LIBRARY_SEARCH_PATHS = (
					"$(inherited)",
					"$(PROJECT_DIR)/dashPlayground",
					"$(PROJECT_DIR)/dashPlayground/libssh2_xcode/lib",
				);
				PRODUCT_BUNDLE_IDENTIFIER = org.dashfoundation.dashPlaygroundTests;
				PRODUCT_NAME = "$(TARGET_NAME)";
				SWIFT_OBJC_BRIDGING_HEADER = "dashPlaygroundTests-Bridging-Header.h";
				SWIFT_OPTIMIZATION_LEVEL = "-Onone";
				SWIFT_VERSION = 3.0;
				TEST_HOST = "$(BUILT_PRODUCTS_DIR)/dashPlayground.app/Contents/MacOS/dashPlayground";
			};
			name = Debug;
		};
		FB2906861E85799F00A31092 /* Release */ = {
			isa = XCBuildConfiguration;
			baseConfigurationReference = AE51C8789795050F7460AE43 /* Pods-dashPlaygroundTests.release.xcconfig */;
			buildSettings = {
				BUNDLE_LOADER = "$(TEST_HOST)";
				CLANG_ENABLE_MODULES = YES;
				COMBINE_HIDPI_IMAGES = YES;
				DEVELOPMENT_TEAM = 9P659Y78B6;
				FRAMEWORK_SEARCH_PATHS = (
					"$(inherited)",
					"$(PROJECT_DIR)/dashPlayground",
				);
				INFOPLIST_FILE = dashPlaygroundTests/Info.plist;
				LD_RUNPATH_SEARCH_PATHS = "$(inherited) @executable_path/../Frameworks @loader_path/../Frameworks";
				LIBRARY_SEARCH_PATHS = (
					"$(inherited)",
					"$(PROJECT_DIR)/dashPlayground",
					"$(PROJECT_DIR)/dashPlayground/libssh2_xcode/lib",
				);
				PRODUCT_BUNDLE_IDENTIFIER = org.dashfoundation.dashPlaygroundTests;
				PRODUCT_NAME = "$(TARGET_NAME)";
				SWIFT_OBJC_BRIDGING_HEADER = "dashPlaygroundTests-Bridging-Header.h";
				SWIFT_VERSION = 3.0;
				TEST_HOST = "$(BUILT_PRODUCTS_DIR)/dashPlayground.app/Contents/MacOS/dashPlayground";
			};
			name = Release;
		};
/* End XCBuildConfiguration section */

/* Begin XCConfigurationList section */
		FB29065D1E85799F00A31092 /* Build configuration list for PBXProject "dashPlayground" */ = {
			isa = XCConfigurationList;
			buildConfigurations = (
				FB29067F1E85799F00A31092 /* Debug */,
				FB2906801E85799F00A31092 /* Release */,
			);
			defaultConfigurationIsVisible = 0;
			defaultConfigurationName = Release;
		};
		FB2906811E85799F00A31092 /* Build configuration list for PBXNativeTarget "dashPlayground" */ = {
			isa = XCConfigurationList;
			buildConfigurations = (
				FB2906821E85799F00A31092 /* Debug */,
				FB2906831E85799F00A31092 /* Release */,
			);
			defaultConfigurationIsVisible = 0;
			defaultConfigurationName = Release;
		};
		FB2906841E85799F00A31092 /* Build configuration list for PBXNativeTarget "dashPlaygroundTests" */ = {
			isa = XCConfigurationList;
			buildConfigurations = (
				FB2906851E85799F00A31092 /* Debug */,
				FB2906861E85799F00A31092 /* Release */,
			);
			defaultConfigurationIsVisible = 0;
			defaultConfigurationName = Release;
		};
/* End XCConfigurationList section */

/* Begin XCVersionGroup section */
		FBBFEB211E86B7CB00BE41BE /* PlaygroundModel.xcdatamodeld */ = {
			isa = XCVersionGroup;
			children = (
				FBB974A42167874A00E2F976 /* PlaygroundModel 4.xcdatamodel */,
				A5142E7420E2341F000AB18E /* PlaygroundModel 3.xcdatamodel */,
				A5AF0AE920CD59770058CA80 /* PlaygroundModel 2.xcdatamodel */,
				FBBFEB221E86B7CB00BE41BE /* PlaygroundModel.xcdatamodel */,
			);
			currentVersion = FBB974A42167874A00E2F976 /* PlaygroundModel 4.xcdatamodel */;
			path = PlaygroundModel.xcdatamodeld;
			sourceTree = "<group>";
			versionGroupType = wrapper.xcdatamodel;
		};
/* End XCVersionGroup section */
	};
	rootObject = FB29065A1E85799F00A31092 /* Project object */;
}
